// !$*UTF8*$!
{
	archiveVersion = 1;
	classes = {
	};
	objectVersion = 46;
	objects = {

/* Begin PBXBuildFile section */
		F08995C41DE2EA8D00CF209F /* main.m in Sources */ = {isa = PBXBuildFile; fileRef = F08995C31DE2EA8D00CF209F /* main.m */; };
		F08995C71DE2EA8D00CF209F /* AppDelegate.m in Sources */ = {isa = PBXBuildFile; fileRef = F08995C61DE2EA8D00CF209F /* AppDelegate.m */; };
		F08995CA1DE2EA8D00CF209F /* ViewController.m in Sources */ = {isa = PBXBuildFile; fileRef = F08995C91DE2EA8D00CF209F /* ViewController.m */; };
		F08995CD1DE2EA8D00CF209F /* Main.storyboard in Resources */ = {isa = PBXBuildFile; fileRef = F08995CB1DE2EA8D00CF209F /* Main.storyboard */; };
		F08995CF1DE2EA8D00CF209F /* Assets.xcassets in Resources */ = {isa = PBXBuildFile; fileRef = F08995CE1DE2EA8D00CF209F /* Assets.xcassets */; };
		F08995D21DE2EA8D00CF209F /* LaunchScreen.storyboard in Resources */ = {isa = PBXBuildFile; fileRef = F08995D01DE2EA8D00CF209F /* LaunchScreen.storyboard */; };
		F08995DB1DE2FF5900CF209F /* SYVideoView.m in Sources */ = {isa = PBXBuildFile; fileRef = F08995DA1DE2FF5900CF209F /* SYVideoView.m */; };
		F08995E81DE3F53300CF209F /* SYVideoToolBar.m in Sources */ = {isa = PBXBuildFile; fileRef = F08995E71DE3F53300CF209F /* SYVideoToolBar.m */; };
		F08995EB1DE4209900CF209F /* UIView+SYExtension.m in Sources */ = {isa = PBXBuildFile; fileRef = F08995EA1DE4209900CF209F /* UIView+SYExtension.m */; };
		F08995EE1DE44A4300CF209F /* SYVideoController.m in Sources */ = {isa = PBXBuildFile; fileRef = F08995ED1DE44A4300CF209F /* SYVideoController.m */; };
		F08995F11DE5742700CF209F /* UIImage+SYExtension.m in Sources */ = {isa = PBXBuildFile; fileRef = F08995F01DE5742700CF209F /* UIImage+SYExtension.m */; };
		F08995F41DE5968100CF209F /* SYLiveViewController.m in Sources */ = {isa = PBXBuildFile; fileRef = F08995F31DE5968100CF209F /* SYLiveViewController.m */; };
/* End PBXBuildFile section */

/* Begin PBXFileReference section */
		F08995BF1DE2EA8D00CF209F /* SYVideoPlay.app */ = {isa = PBXFileReference; explicitFileType = wrapper.application; includeInIndex = 0; path = SYVideoPlay.app; sourceTree = BUILT_PRODUCTS_DIR; };
		F08995C31DE2EA8D00CF209F /* main.m */ = {isa = PBXFileReference; lastKnownFileType = sourcecode.c.objc; path = main.m; sourceTree = "<group>"; };
		F08995C51DE2EA8D00CF209F /* AppDelegate.h */ = {isa = PBXFileReference; lastKnownFileType = sourcecode.c.h; path = AppDelegate.h; sourceTree = "<group>"; };
		F08995C61DE2EA8D00CF209F /* AppDelegate.m */ = {isa = PBXFileReference; indentWidth = 5; lastKnownFileType = sourcecode.c.objc; path = AppDelegate.m; sourceTree = "<group>"; };
		F08995C81DE2EA8D00CF209F /* ViewController.h */ = {isa = PBXFileReference; lastKnownFileType = sourcecode.c.h; path = ViewController.h; sourceTree = "<group>"; };
		F08995C91DE2EA8D00CF209F /* ViewController.m */ = {isa = PBXFileReference; lastKnownFileType = sourcecode.c.objc; path = ViewController.m; sourceTree = "<group>"; };
		F08995CC1DE2EA8D00CF209F /* Base */ = {isa = PBXFileReference; lastKnownFileType = file.storyboard; name = Base; path = Base.lproj/Main.storyboard; sourceTree = "<group>"; };
		F08995CE1DE2EA8D00CF209F /* Assets.xcassets */ = {isa = PBXFileReference; lastKnownFileType = folder.assetcatalog; path = Assets.xcassets; sourceTree = "<group>"; };
		F08995D11DE2EA8D00CF209F /* Base */ = {isa = PBXFileReference; lastKnownFileType = file.storyboard; name = Base; path = Base.lproj/LaunchScreen.storyboard; sourceTree = "<group>"; };
		F08995D31DE2EA8D00CF209F /* Info.plist */ = {isa = PBXFileReference; lastKnownFileType = text.plist.xml; path = Info.plist; sourceTree = "<group>"; };
		F08995D91DE2FF5900CF209F /* SYVideoView.h */ = {isa = PBXFileReference; fileEncoding = 4; lastKnownFileType = sourcecode.c.h; path = SYVideoView.h; sourceTree = "<group>"; };
		F08995DA1DE2FF5900CF209F /* SYVideoView.m */ = {isa = PBXFileReference; fileEncoding = 4; lastKnownFileType = sourcecode.c.objc; path = SYVideoView.m; sourceTree = "<group>"; };
		F08995E61DE3F53300CF209F /* SYVideoToolBar.h */ = {isa = PBXFileReference; fileEncoding = 4; lastKnownFileType = sourcecode.c.h; path = SYVideoToolBar.h; sourceTree = "<group>"; };
		F08995E71DE3F53300CF209F /* SYVideoToolBar.m */ = {isa = PBXFileReference; fileEncoding = 4; lastKnownFileType = sourcecode.c.objc; path = SYVideoToolBar.m; sourceTree = "<group>"; };
		F08995E91DE4209900CF209F /* UIView+SYExtension.h */ = {isa = PBXFileReference; fileEncoding = 4; lastKnownFileType = sourcecode.c.h; path = "UIView+SYExtension.h"; sourceTree = "<group>"; };
		F08995EA1DE4209900CF209F /* UIView+SYExtension.m */ = {isa = PBXFileReference; fileEncoding = 4; lastKnownFileType = sourcecode.c.objc; path = "UIView+SYExtension.m"; sourceTree = "<group>"; };
		F08995EC1DE44A4300CF209F /* SYVideoController.h */ = {isa = PBXFileReference; fileEncoding = 4; lastKnownFileType = sourcecode.c.h; path = SYVideoController.h; sourceTree = "<group>"; };
		F08995ED1DE44A4300CF209F /* SYVideoController.m */ = {isa = PBXFileReference; fileEncoding = 4; lastKnownFileType = sourcecode.c.objc; path = SYVideoController.m; sourceTree = "<group>"; };
		F08995EF1DE5742700CF209F /* UIImage+SYExtension.h */ = {isa = PBXFileReference; fileEncoding = 4; lastKnownFileType = sourcecode.c.h; path = "UIImage+SYExtension.h"; sourceTree = "<group>"; };
		F08995F01DE5742700CF209F /* UIImage+SYExtension.m */ = {isa = PBXFileReference; fileEncoding = 4; lastKnownFileType = sourcecode.c.objc; path = "UIImage+SYExtension.m"; sourceTree = "<group>"; };
		F08995F21DE5968100CF209F /* SYLiveViewController.h */ = {isa = PBXFileReference; fileEncoding = 4; lastKnownFileType = sourcecode.c.h; path = SYLiveViewController.h; sourceTree = "<group>"; };
		F08995F31DE5968100CF209F /* SYLiveViewController.m */ = {isa = PBXFileReference; fileEncoding = 4; lastKnownFileType = sourcecode.c.objc; path = SYLiveViewController.m; sourceTree = "<group>"; };
/* End PBXFileReference section */

/* Begin PBXFrameworksBuildPhase section */
		F08995BC1DE2EA8C00CF209F /* Frameworks */ = {
			isa = PBXFrameworksBuildPhase;
			buildActionMask = 2147483647;
			files = (
			);
			runOnlyForDeploymentPostprocessing = 0;
		};
/* End PBXFrameworksBuildPhase section */

/* Begin PBXGroup section */
		F08995B61DE2EA8C00CF209F = {
			isa = PBXGroup;
			children = (
				F08995C11DE2EA8D00CF209F /* SYVideoPlay */,
				F08995C01DE2EA8D00CF209F /* Products */,
			);
			sourceTree = "<group>";
		};
		F08995C01DE2EA8D00CF209F /* Products */ = {
			isa = PBXGroup;
			children = (
				F08995BF1DE2EA8D00CF209F /* SYVideoPlay.app */,
			);
			name = Products;
			sourceTree = "<group>";
		};
		F08995C11DE2EA8D00CF209F /* SYVideoPlay */ = {
			isa = PBXGroup;
			children = (
				F08995C51DE2EA8D00CF209F /* AppDelegate.h */,
				F08995C61DE2EA8D00CF209F /* AppDelegate.m */,
				F08995C81DE2EA8D00CF209F /* ViewController.h */,
				F08995C91DE2EA8D00CF209F /* ViewController.m */,
				F08995D91DE2FF5900CF209F /* SYVideoView.h */,
				F08995DA1DE2FF5900CF209F /* SYVideoView.m */,
				F08995EC1DE44A4300CF209F /* SYVideoController.h */,
				F08995ED1DE44A4300CF209F /* SYVideoController.m */,
				F08995F21DE5968100CF209F /* SYLiveViewController.h */,
				F08995F31DE5968100CF209F /* SYLiveViewController.m */,
				F08995EF1DE5742700CF209F /* UIImage+SYExtension.h */,
				F08995F01DE5742700CF209F /* UIImage+SYExtension.m */,
				F08995E61DE3F53300CF209F /* SYVideoToolBar.h */,
				F08995E71DE3F53300CF209F /* SYVideoToolBar.m */,
				F08995E91DE4209900CF209F /* UIView+SYExtension.h */,
				F08995EA1DE4209900CF209F /* UIView+SYExtension.m */,
				F08995CB1DE2EA8D00CF209F /* Main.storyboard */,
				F08995CE1DE2EA8D00CF209F /* Assets.xcassets */,
				F08995D01DE2EA8D00CF209F /* LaunchScreen.storyboard */,
				F08995D31DE2EA8D00CF209F /* Info.plist */,
				F08995C21DE2EA8D00CF209F /* Supporting Files */,
			);
			path = SYVideoPlay;
			sourceTree = "<group>";
		};
		F08995C21DE2EA8D00CF209F /* Supporting Files */ = {
			isa = PBXGroup;
			children = (
				F08995C31DE2EA8D00CF209F /* main.m */,
			);
			name = "Supporting Files";
			sourceTree = "<group>";
		};
/* End PBXGroup section */

/* Begin PBXNativeTarget section */
		F08995BE1DE2EA8C00CF209F /* SYVideoPlay */ = {
			isa = PBXNativeTarget;
			buildConfigurationList = F08995D61DE2EA8D00CF209F /* Build configuration list for PBXNativeTarget "SYVideoPlay" */;
			buildPhases = (
				F08995BB1DE2EA8C00CF209F /* Sources */,
				F08995BC1DE2EA8C00CF209F /* Frameworks */,
				F08995BD1DE2EA8C00CF209F /* Resources */,
			);
			buildRules = (
			);
			dependencies = (
			);
			name = SYVideoPlay;
			productName = SYVideoPlay;
			productReference = F08995BF1DE2EA8D00CF209F /* SYVideoPlay.app */;
			productType = "com.apple.product-type.application";
		};
/* End PBXNativeTarget section */

/* Begin PBXProject section */
		F08995B71DE2EA8C00CF209F /* Project object */ = {
			isa = PBXProject;
			attributes = {
				LastUpgradeCheck = 0810;
				ORGANIZATIONNAME = tsy;
				TargetAttributes = {
					F08995BE1DE2EA8C00CF209F = {
						CreatedOnToolsVersion = 8.1;
						DevelopmentTeam = LLM3BZ329B;
						ProvisioningStyle = Automatic;
					};
				};
			};
			buildConfigurationList = F08995BA1DE2EA8C00CF209F /* Build configuration list for PBXProject "SYVideoPlay" */;
			compatibilityVersion = "Xcode 3.2";
			developmentRegion = English;
			hasScannedForEncodings = 0;
			knownRegions = (
				en,
				Base,
			);
			mainGroup = F08995B61DE2EA8C00CF209F;
			productRefGroup = F08995C01DE2EA8D00CF209F /* Products */;
			projectDirPath = "";
			projectRoot = "";
			targets = (
				F08995BE1DE2EA8C00CF209F /* SYVideoPlay */,
			);
		};
/* End PBXProject section */

/* Begin PBXResourcesBuildPhase section */
		F08995BD1DE2EA8C00CF209F /* Resources */ = {
			isa = PBXResourcesBuildPhase;
			buildActionMask = 2147483647;
			files = (
				F08995D21DE2EA8D00CF209F /* LaunchScreen.storyboard in Resources */,
				F08995CF1DE2EA8D00CF209F /* Assets.xcassets in Resources */,
				F08995CD1DE2EA8D00CF209F /* Main.storyboard in Resources */,
			);
			runOnlyForDeploymentPostprocessing = 0;
		};
/* End PBXResourcesBuildPhase section */

/* Begin PBXSourcesBuildPhase section */
		F08995BB1DE2EA8C00CF209F /* Sources */ = {
			isa = PBXSourcesBuildPhase;
			buildActionMask = 2147483647;
			files = (
				F08995CA1DE2EA8D00CF209F /* ViewController.m in Sources */,
				F08995C71DE2EA8D00CF209F /* AppDelegate.m in Sources */,
				F08995EB1DE4209900CF209F /* UIView+SYExtension.m in Sources */,
				F08995EE1DE44A4300CF209F /* SYVideoController.m in Sources */,
				F08995F41DE5968100CF209F /* SYLiveViewController.m in Sources */,
				F08995E81DE3F53300CF209F /* SYVideoToolBar.m in Sources */,
				F08995F11DE5742700CF209F /* UIImage+SYExtension.m in Sources */,
				F08995DB1DE2FF5900CF209F /* SYVideoView.m in Sources */,
				F08995C41DE2EA8D00CF209F /* main.m in Sources */,
			);
			runOnlyForDeploymentPostprocessing = 0;
		};
/* End PBXSourcesBuildPhase section */

/* Begin PBXVariantGroup section */
		F08995CB1DE2EA8D00CF209F /* Main.storyboard */ = {
			isa = PBXVariantGroup;
			children = (
				F08995CC1DE2EA8D00CF209F /* Base */,
			);
			name = Main.storyboard;
			sourceTree = "<group>";
		};
		F08995D01DE2EA8D00CF209F /* LaunchScreen.storyboard */ = {
			isa = PBXVariantGroup;
			children = (
				F08995D11DE2EA8D00CF209F /* Base */,
			);
			name = LaunchScreen.storyboard;
			sourceTree = "<group>";
		};
/* End PBXVariantGroup section */

/* Begin XCBuildConfiguration section */
		F08995D41DE2EA8D00CF209F /* Debug */ = {
			isa = XCBuildConfiguration;
			buildSettings = {
				ALWAYS_SEARCH_USER_PATHS = NO;
				CLANG_ANALYZER_NONNULL = YES;
				CLANG_CXX_LANGUAGE_STANDARD = "gnu++0x";
				CLANG_CXX_LIBRARY = "libc++";
				CLANG_ENABLE_MODULES = YES;
				CLANG_ENABLE_OBJC_ARC = YES;
				CLANG_WARN_BOOL_CONVERSION = YES;
				CLANG_WARN_CONSTANT_CONVERSION = YES;
				CLANG_WARN_DIRECT_OBJC_ISA_USAGE = YES_ERROR;
				CLANG_WARN_DOCUMENTATION_COMMENTS = YES;
				CLANG_WARN_EMPTY_BODY = YES;
				CLANG_WARN_ENUM_CONVERSION = YES;
				CLANG_WARN_INFINITE_RECURSION = YES;
				CLANG_WARN_INT_CONVERSION = YES;
				CLANG_WARN_OBJC_ROOT_CLASS = YES_ERROR;
				CLANG_WARN_SUSPICIOUS_MOVES = YES;
				CLANG_WARN_UNREACHABLE_CODE = YES;
				CLANG_WARN__DUPLICATE_METHOD_MATCH = YES;
				"CODE_SIGN_IDENTITY[sdk=iphoneos*]" = "iPhone Developer";
				COPY_PHASE_STRIP = NO;
				DEBUG_INFORMATION_FORMAT = dwarf;
				ENABLE_STRICT_OBJC_MSGSEND = YES;
				ENABLE_TESTABILITY = YES;
				GCC_C_LANGUAGE_STANDARD = gnu99;
				GCC_DYNAMIC_NO_PIC = NO;
				GCC_NO_COMMON_BLOCKS = YES;
				GCC_OPTIMIZATION_LEVEL = 0;
				GCC_PREPROCESSOR_DEFINITIONS = (
					"DEBUG=1",
					"$(inherited)",
				);
				GCC_WARN_64_TO_32_BIT_CONVERSION = YES;
				GCC_WARN_ABOUT_RETURN_TYPE = YES_ERROR;
				GCC_WARN_UNDECLARED_SELECTOR = YES;
				GCC_WARN_UNINITIALIZED_AUTOS = YES_AGGRESSIVE;
				GCC_WARN_UNUSED_FUNCTION = YES;
				GCC_WARN_UNUSED_VARIABLE = YES;
				IPHONEOS_DEPLOYMENT_TARGET = 10.1;
				MTL_ENABLE_DEBUG_INFO = YES;
				ONLY_ACTIVE_ARCH = YES;
				SDKROOT = iphoneos;
			};
			name = Debug;
		};
		F08995D51DE2EA8D00CF209F /* Release */ = {
			isa = XCBuildConfiguration;
			buildSettings = {
				ALWAYS_SEARCH_USER_PATHS = NO;
				CLANG_ANALYZER_NONNULL = YES;
				CLANG_CXX_LANGUAGE_STANDARD = "gnu++0x";
				CLANG_CXX_LIBRARY = "libc++";
				CLANG_ENABLE_MODULES = YES;
				CLANG_ENABLE_OBJC_ARC = YES;
				CLANG_WARN_BOOL_CONVERSION = YES;
				CLANG_WARN_CONSTANT_CONVERSION = YES;
				CLANG_WARN_DIRECT_OBJC_ISA_USAGE = YES_ERROR;
				CLANG_WARN_DOCUMENTATION_COMMENTS = YES;
				CLANG_WARN_EMPTY_BODY = YES;
				CLANG_WARN_ENUM_CONVERSION = YES;
				CLANG_WARN_INFINITE_RECURSION = YES;
				CLANG_WARN_INT_CONVERSION = YES;
				CLANG_WARN_OBJC_ROOT_CLASS = YES_ERROR;
				CLANG_WARN_SUSPICIOUS_MOVES = YES;
				CLANG_WARN_UNREACHABLE_CODE = YES;
				CLANG_WARN__DUPLICATE_METHOD_MATCH = YES;
				"CODE_SIGN_IDENTITY[sdk=iphoneos*]" = "iPhone Developer";
				COPY_PHASE_STRIP = NO;
				DEBUG_INFORMATION_FORMAT = "dwarf-with-dsym";
				ENABLE_NS_ASSERTIONS = NO;
				ENABLE_STRICT_OBJC_MSGSEND = YES;
				GCC_C_LANGUAGE_STANDARD = gnu99;
				GCC_NO_COMMON_BLOCKS = YES;
				GCC_WARN_64_TO_32_BIT_CONVERSION = YES;
				GCC_WARN_ABOUT_RETURN_TYPE = YES_ERROR;
				GCC_WARN_UNDECLARED_SELECTOR = YES;
				GCC_WARN_UNINITIALIZED_AUTOS = YES_AGGRESSIVE;
				GCC_WARN_UNUSED_FUNCTION = YES;
				GCC_WARN_UNUSED_VARIABLE = YES;
				IPHONEOS_DEPLOYMENT_TARGET = 10.1;
				MTL_ENABLE_DEBUG_INFO = NO;
				SDKROOT = iphoneos;
				VALIDATE_PRODUCT = YES;
			};
			name = Release;
		};
		F08995D71DE2EA8D00CF209F /* Debug */ = {
			isa = XCBuildConfiguration;
			buildSettings = {
				ASSETCATALOG_COMPILER_APPICON_NAME = AppIcon;
				"CODE_SIGN_IDENTITY[sdk=iphoneos*]" = "iPhone Developer";
				DEVELOPMENT_TEAM = LLM3BZ329B;
				INFOPLIST_FILE = SYVideoPlay/Info.plist;
				IPHONEOS_DEPLOYMENT_TARGET = 8.0;
				LD_RUNPATH_SEARCH_PATHS = "$(inherited) @executable_path/Frameworks";
				PRODUCT_BUNDLE_IDENTIFIER = sy.team.SYVideoPlay;
				PRODUCT_NAME = "$(TARGET_NAME)";
			};
			name = Debug;
		};
		F08995D81DE2EA8D00CF209F /* Release */ = {
			isa = XCBuildConfiguration;
			buildSettings = {
				ASSETCATALOG_COMPILER_APPICON_NAME = AppIcon;
				"CODE_SIGN_IDENTITY[sdk=iphoneos*]" = "iPhone Developer";
				DEVELOPMENT_TEAM = LLM3BZ329B;
				INFOPLIST_FILE = SYVideoPlay/Info.plist;
				IPHONEOS_DEPLOYMENT_TARGET = 8.0;
				LD_RUNPATH_SEARCH_PATHS = "$(inherited) @executable_path/Frameworks";
				PRODUCT_BUNDLE_IDENTIFIER = sy.team.SYVideoPlay;
				PRODUCT_NAME = "$(TARGET_NAME)";
			};
			name = Release;
		};
/* End XCBuildConfiguration section */

/* Begin XCConfigurationList section */
		F08995BA1DE2EA8C00CF209F /* Build configuration list for PBXProject "SYVideoPlay" */ = {
			isa = XCConfigurationList;
			buildConfigurations = (
				F08995D41DE2EA8D00CF209F /* Debug */,
				F08995D51DE2EA8D00CF209F /* Release */,
			);
			defaultConfigurationIsVisible = 0;
			defaultConfigurationName = Release;
		};
		F08995D61DE2EA8D00CF209F /* Build configuration list for PBXNativeTarget "SYVideoPlay" */ = {
			isa = XCConfigurationList;
			buildConfigurations = (
				F08995D71DE2EA8D00CF209F /* Debug */,
				F08995D81DE2EA8D00CF209F /* Release */,
			);
			defaultConfigurationIsVisible = 0;
			defaultConfigurationName = Release;
		};
/* End XCConfigurationList section */
	};
	rootObject = F08995B71DE2EA8C00CF209F /* Project object */;
}
