// !$*UTF8*$!
{
	archiveVersion = 1;
	classes = {
	};
	objectVersion = 46;
	objects = {

/* Begin PBXBuildFile section */
		F09506EB1D2B495A00E09A3C /* main.m in Sources */ = {isa = PBXBuildFile; fileRef = F09506EA1D2B495A00E09A3C /* main.m */; };
		F09506EE1D2B495A00E09A3C /* AppDelegate.m in Sources */ = {isa = PBXBuildFile; fileRef = F09506ED1D2B495A00E09A3C /* AppDelegate.m */; };
		F09506F11D2B495A00E09A3C /* ViewController.m in Sources */ = {isa = PBXBuildFile; fileRef = F09506F01D2B495A00E09A3C /* ViewController.m */; };
		F09506F41D2B495A00E09A3C /* Main.storyboard in Resources */ = {isa = PBXBuildFile; fileRef = F09506F21D2B495A00E09A3C /* Main.storyboard */; };
		F09506F61D2B495A00E09A3C /* Assets.xcassets in Resources */ = {isa = PBXBuildFile; fileRef = F09506F51D2B495A00E09A3C /* Assets.xcassets */; };
		F09506F91D2B495A00E09A3C /* LaunchScreen.storyboard in Resources */ = {isa = PBXBuildFile; fileRef = F09506F71D2B495A00E09A3C /* LaunchScreen.storyboard */; };
		F09507021D2B4A0200E09A3C /* ERFloatView.m in Sources */ = {isa = PBXBuildFile; fileRef = F09507011D2B4A0200E09A3C /* ERFloatView.m */; };
/* End PBXBuildFile section */

/* Begin PBXFileReference section */
		F09506E61D2B495A00E09A3C /* 绕点旋转按钮.app */ = {isa = PBXFileReference; explicitFileType = wrapper.application; includeInIndex = 0; path = "绕点旋转按钮.app"; sourceTree = BUILT_PRODUCTS_DIR; };
		F09506EA1D2B495A00E09A3C /* main.m */ = {isa = PBXFileReference; lastKnownFileType = sourcecode.c.objc; path = main.m; sourceTree = "<group>"; };
		F09506EC1D2B495A00E09A3C /* AppDelegate.h */ = {isa = PBXFileReference; lastKnownFileType = sourcecode.c.h; path = AppDelegate.h; sourceTree = "<group>"; };
		F09506ED1D2B495A00E09A3C /* AppDelegate.m */ = {isa = PBXFileReference; lastKnownFileType = sourcecode.c.objc; path = AppDelegate.m; sourceTree = "<group>"; };
		F09506EF1D2B495A00E09A3C /* ViewController.h */ = {isa = PBXFileReference; lastKnownFileType = sourcecode.c.h; path = ViewController.h; sourceTree = "<group>"; };
		F09506F01D2B495A00E09A3C /* ViewController.m */ = {isa = PBXFileReference; lastKnownFileType = sourcecode.c.objc; path = ViewController.m; sourceTree = "<group>"; };
		F09506F31D2B495A00E09A3C /* Base */ = {isa = PBXFileReference; lastKnownFileType = file.storyboard; name = Base; path = Base.lproj/Main.storyboard; sourceTree = "<group>"; };
		F09506F51D2B495A00E09A3C /* Assets.xcassets */ = {isa = PBXFileReference; lastKnownFileType = folder.assetcatalog; path = Assets.xcassets; sourceTree = "<group>"; };
		F09506F81D2B495A00E09A3C /* Base */ = {isa = PBXFileReference; lastKnownFileType = file.storyboard; name = Base; path = Base.lproj/LaunchScreen.storyboard; sourceTree = "<group>"; };
		F09506FA1D2B495A00E09A3C /* Info.plist */ = {isa = PBXFileReference; lastKnownFileType = text.plist.xml; path = Info.plist; sourceTree = "<group>"; };
		F09507001D2B4A0200E09A3C /* ERFloatView.h */ = {isa = PBXFileReference; fileEncoding = 4; lastKnownFileType = sourcecode.c.h; path = ERFloatView.h; sourceTree = "<group>"; };
		F09507011D2B4A0200E09A3C /* ERFloatView.m */ = {isa = PBXFileReference; fileEncoding = 4; lastKnownFileType = sourcecode.c.objc; path = ERFloatView.m; sourceTree = "<group>"; };
/* End PBXFileReference section */

/* Begin PBXFrameworksBuildPhase section */
		F09506E31D2B495A00E09A3C /* Frameworks */ = {
			isa = PBXFrameworksBuildPhase;
			buildActionMask = 2147483647;
			files = (
			);
			runOnlyForDeploymentPostprocessing = 0;
		};
/* End PBXFrameworksBuildPhase section */

/* Begin PBXGroup section */
		F09506DD1D2B495A00E09A3C = {
			isa = PBXGroup;
			children = (
				F09506E81D2B495A00E09A3C /* 绕点旋转按钮 */,
				F09506E71D2B495A00E09A3C /* Products */,
			);
			sourceTree = "<group>";
		};
		F09506E71D2B495A00E09A3C /* Products */ = {
			isa = PBXGroup;
			children = (
				F09506E61D2B495A00E09A3C /* 绕点旋转按钮.app */,
			);
			name = Products;
			sourceTree = "<group>";
		};
		F09506E81D2B495A00E09A3C /* 绕点旋转按钮 */ = {
			isa = PBXGroup;
			children = (
				F09506EC1D2B495A00E09A3C /* AppDelegate.h */,
				F09506ED1D2B495A00E09A3C /* AppDelegate.m */,
				F09506EF1D2B495A00E09A3C /* ViewController.h */,
				F09506F01D2B495A00E09A3C /* ViewController.m */,
				F09507001D2B4A0200E09A3C /* ERFloatView.h */,
				F09507011D2B4A0200E09A3C /* ERFloatView.m */,
				F09506F21D2B495A00E09A3C /* Main.storyboard */,
				F09506F51D2B495A00E09A3C /* Assets.xcassets */,
				F09506F71D2B495A00E09A3C /* LaunchScreen.storyboard */,
				F09506FA1D2B495A00E09A3C /* Info.plist */,
				F09506E91D2B495A00E09A3C /* Supporting Files */,
			);
			path = "绕点旋转按钮";
			sourceTree = "<group>";
		};
		F09506E91D2B495A00E09A3C /* Supporting Files */ = {
			isa = PBXGroup;
			children = (
				F09506EA1D2B495A00E09A3C /* main.m */,
			);
			name = "Supporting Files";
			sourceTree = "<group>";
		};
/* End PBXGroup section */

/* Begin PBXNativeTarget section */
		F09506E51D2B495A00E09A3C /* 绕点旋转按钮 */ = {
			isa = PBXNativeTarget;
			buildConfigurationList = F09506FD1D2B495A00E09A3C /* Build configuration list for PBXNativeTarget "绕点旋转按钮" */;
			buildPhases = (
				F09506E21D2B495A00E09A3C /* Sources */,
				F09506E31D2B495A00E09A3C /* Frameworks */,
				F09506E41D2B495A00E09A3C /* Resources */,
			);
			buildRules = (
			);
			dependencies = (
			);
			name = "绕点旋转按钮";
			productName = "绕点旋转按钮";
			productReference = F09506E61D2B495A00E09A3C /* 绕点旋转按钮.app */;
			productType = "com.apple.product-type.application";
		};
/* End PBXNativeTarget section */

/* Begin PBXProject section */
		F09506DE1D2B495A00E09A3C /* Project object */ = {
			isa = PBXProject;
			attributes = {
				LastUpgradeCheck = 0720;
				ORGANIZATIONNAME = tsy;
				TargetAttributes = {
					F09506E51D2B495A00E09A3C = {
						CreatedOnToolsVersion = 7.2;
					};
				};
			};
			buildConfigurationList = F09506E11D2B495A00E09A3C /* Build configuration list for PBXProject "绕点旋转按钮" */;
			compatibilityVersion = "Xcode 3.2";
			developmentRegion = English;
			hasScannedForEncodings = 0;
			knownRegions = (
				en,
				Base,
			);
			mainGroup = F09506DD1D2B495A00E09A3C;
			productRefGroup = F09506E71D2B495A00E09A3C /* Products */;
			projectDirPath = "";
			projectRoot = "";
			targets = (
				F09506E51D2B495A00E09A3C /* 绕点旋转按钮 */,
			);
		};
/* End PBXProject section */

/* Begin PBXResourcesBuildPhase section */
		F09506E41D2B495A00E09A3C /* Resources */ = {
			isa = PBXResourcesBuildPhase;
			buildActionMask = 2147483647;
			files = (
				F09506F91D2B495A00E09A3C /* LaunchScreen.storyboard in Resources */,
				F09506F61D2B495A00E09A3C /* Assets.xcassets in Resources */,
				F09506F41D2B495A00E09A3C /* Main.storyboard in Resources */,
			);
			runOnlyForDeploymentPostprocessing = 0;
		};
/* End PBXResourcesBuildPhase section */

/* Begin PBXSourcesBuildPhase section */
		F09506E21D2B495A00E09A3C /* Sources */ = {
			isa = PBXSourcesBuildPhase;
			buildActionMask = 2147483647;
			files = (
				F09507021D2B4A0200E09A3C /* ERFloatView.m in Sources */,
				F09506F11D2B495A00E09A3C /* ViewController.m in Sources */,
				F09506EE1D2B495A00E09A3C /* AppDelegate.m in Sources */,
				F09506EB1D2B495A00E09A3C /* main.m in Sources */,
			);
			runOnlyForDeploymentPostprocessing = 0;
		};
/* End PBXSourcesBuildPhase section */

/* Begin PBXVariantGroup section */
		F09506F21D2B495A00E09A3C /* Main.storyboard */ = {
			isa = PBXVariantGroup;
			children = (
				F09506F31D2B495A00E09A3C /* Base */,
			);
			name = Main.storyboard;
			sourceTree = "<group>";
		};
		F09506F71D2B495A00E09A3C /* LaunchScreen.storyboard */ = {
			isa = PBXVariantGroup;
			children = (
				F09506F81D2B495A00E09A3C /* Base */,
			);
			name = LaunchScreen.storyboard;
			sourceTree = "<group>";
		};
/* End PBXVariantGroup section */

/* Begin XCBuildConfiguration section */
		F09506FB1D2B495A00E09A3C /* Debug */ = {
			isa = XCBuildConfiguration;
			buildSettings = {
				ALWAYS_SEARCH_USER_PATHS = NO;
				CLANG_CXX_LANGUAGE_STANDARD = "gnu++0x";
				CLANG_CXX_LIBRARY = "libc++";
				CLANG_ENABLE_MODULES = YES;
				CLANG_ENABLE_OBJC_ARC = YES;
				CLANG_WARN_BOOL_CONVERSION = YES;
				CLANG_WARN_CONSTANT_CONVERSION = YES;
				CLANG_WARN_DIRECT_OBJC_ISA_USAGE = YES_ERROR;
				CLANG_WARN_EMPTY_BODY = YES;
				CLANG_WARN_ENUM_CONVERSION = YES;
				CLANG_WARN_INT_CONVERSION = YES;
				CLANG_WARN_OBJC_ROOT_CLASS = YES_ERROR;
				CLANG_WARN_UNREACHABLE_CODE = YES;
				CLANG_WARN__DUPLICATE_METHOD_MATCH = YES;
				"CODE_SIGN_IDENTITY[sdk=iphoneos*]" = "iPhone Developer";
				COPY_PHASE_STRIP = NO;
				DEBUG_INFORMATION_FORMAT = dwarf;
				ENABLE_STRICT_OBJC_MSGSEND = YES;
				ENABLE_TESTABILITY = YES;
				GCC_C_LANGUAGE_STANDARD = gnu99;
				GCC_DYNAMIC_NO_PIC = NO;
				GCC_NO_COMMON_BLOCKS = YES;
				GCC_OPTIMIZATION_LEVEL = 0;
				GCC_PREPROCESSOR_DEFINITIONS = (
					"DEBUG=1",
					"$(inherited)",
				);
				GCC_WARN_64_TO_32_BIT_CONVERSION = YES;
				GCC_WARN_ABOUT_RETURN_TYPE = YES_ERROR;
				GCC_WARN_UNDECLARED_SELECTOR = YES;
				GCC_WARN_UNINITIALIZED_AUTOS = YES_AGGRESSIVE;
				GCC_WARN_UNUSED_FUNCTION = YES;
				GCC_WARN_UNUSED_VARIABLE = YES;
				IPHONEOS_DEPLOYMENT_TARGET = 9.2;
				MTL_ENABLE_DEBUG_INFO = YES;
				ONLY_ACTIVE_ARCH = YES;
				SDKROOT = iphoneos;
			};
			name = Debug;
		};
		F09506FC1D2B495A00E09A3C /* Release */ = {
			isa = XCBuildConfiguration;
			buildSettings = {
				ALWAYS_SEARCH_USER_PATHS = NO;
				CLANG_CXX_LANGUAGE_STANDARD = "gnu++0x";
				CLANG_CXX_LIBRARY = "libc++";
				CLANG_ENABLE_MODULES = YES;
				CLANG_ENABLE_OBJC_ARC = YES;
				CLANG_WARN_BOOL_CONVERSION = YES;
				CLANG_WARN_CONSTANT_CONVERSION = YES;
				CLANG_WARN_DIRECT_OBJC_ISA_USAGE = YES_ERROR;
				CLANG_WARN_EMPTY_BODY = YES;
				CLANG_WARN_ENUM_CONVERSION = YES;
				CLANG_WARN_INT_CONVERSION = YES;
				CLANG_WARN_OBJC_ROOT_CLASS = YES_ERROR;
				CLANG_WARN_UNREACHABLE_CODE = YES;
				CLANG_WARN__DUPLICATE_METHOD_MATCH = YES;
				"CODE_SIGN_IDENTITY[sdk=iphoneos*]" = "iPhone Developer";
				COPY_PHASE_STRIP = NO;
				DEBUG_INFORMATION_FORMAT = "dwarf-with-dsym";
				ENABLE_NS_ASSERTIONS = NO;
				ENABLE_STRICT_OBJC_MSGSEND = YES;
				GCC_C_LANGUAGE_STANDARD = gnu99;
				GCC_NO_COMMON_BLOCKS = YES;
				GCC_WARN_64_TO_32_BIT_CONVERSION = YES;
				GCC_WARN_ABOUT_RETURN_TYPE = YES_ERROR;
				GCC_WARN_UNDECLARED_SELECTOR = YES;
				GCC_WARN_UNINITIALIZED_AUTOS = YES_AGGRESSIVE;
				GCC_WARN_UNUSED_FUNCTION = YES;
				GCC_WARN_UNUSED_VARIABLE = YES;
				IPHONEOS_DEPLOYMENT_TARGET = 9.2;
				MTL_ENABLE_DEBUG_INFO = NO;
				SDKROOT = iphoneos;
				VALIDATE_PRODUCT = YES;
			};
			name = Release;
		};
		F09506FE1D2B495A00E09A3C /* Debug */ = {
			isa = XCBuildConfiguration;
			buildSettings = {
				ASSETCATALOG_COMPILER_APPICON_NAME = AppIcon;
				INFOPLIST_FILE = "绕点旋转按钮/Info.plist";
				LD_RUNPATH_SEARCH_PATHS = "$(inherited) @executable_path/Frameworks";
				PRODUCT_BUNDLE_IDENTIFIER = "com.leju.------";
				PRODUCT_NAME = "$(TARGET_NAME)";
			};
			name = Debug;
		};
		F09506FF1D2B495A00E09A3C /* Release */ = {
			isa = XCBuildConfiguration;
			buildSettings = {
				ASSETCATALOG_COMPILER_APPICON_NAME = AppIcon;
				INFOPLIST_FILE = "绕点旋转按钮/Info.plist";
				LD_RUNPATH_SEARCH_PATHS = "$(inherited) @executable_path/Frameworks";
				PRODUCT_BUNDLE_IDENTIFIER = "com.leju.------";
				PRODUCT_NAME = "$(TARGET_NAME)";
			};
			name = Release;
		};
/* End XCBuildConfiguration section */

/* Begin XCConfigurationList section */
		F09506E11D2B495A00E09A3C /* Build configuration list for PBXProject "绕点旋转按钮" */ = {
			isa = XCConfigurationList;
			buildConfigurations = (
				F09506FB1D2B495A00E09A3C /* Debug */,
				F09506FC1D2B495A00E09A3C /* Release */,
			);
			defaultConfigurationIsVisible = 0;
			defaultConfigurationName = Release;
		};
		F09506FD1D2B495A00E09A3C /* Build configuration list for PBXNativeTarget "绕点旋转按钮" */ = {
			isa = XCConfigurationList;
			buildConfigurations = (
				F09506FE1D2B495A00E09A3C /* Debug */,
				F09506FF1D2B495A00E09A3C /* Release */,
			);
			defaultConfigurationIsVisible = 0;
		};
/* End XCConfigurationList section */
	};
	rootObject = F09506DE1D2B495A00E09A3C /* Project object */;
}
