// !$*UTF8*$!
{
	archiveVersion = 1;
	classes = {
	};
	objectVersion = 46;
	objects = {

/* Begin PBXBuildFile section */
		F03CDD1E1DCC31730072DA01 /* main.m in Sources */ = {isa = PBXBuildFile; fileRef = F03CDD1D1DCC31730072DA01 /* main.m */; };
		F03CDD211DCC31730072DA01 /* AppDelegate.m in Sources */ = {isa = PBXBuildFile; fileRef = F03CDD201DCC31730072DA01 /* AppDelegate.m */; };
		F03CDD241DCC31730072DA01 /* ViewController.m in Sources */ = {isa = PBXBuildFile; fileRef = F03CDD231DCC31730072DA01 /* ViewController.m */; };
		F03CDD271DCC31730072DA01 /* Main.storyboard in Resources */ = {isa = PBXBuildFile; fileRef = F03CDD251DCC31730072DA01 /* Main.storyboard */; };
		F03CDD291DCC31730072DA01 /* Assets.xcassets in Resources */ = {isa = PBXBuildFile; fileRef = F03CDD281DCC31730072DA01 /* Assets.xcassets */; };
		F03CDD2C1DCC31730072DA01 /* LaunchScreen.storyboard in Resources */ = {isa = PBXBuildFile; fileRef = F03CDD2A1DCC31730072DA01 /* LaunchScreen.storyboard */; };
		F03CDD351DCC326C0072DA01 /* SYTagsLayout.m in Sources */ = {isa = PBXBuildFile; fileRef = F03CDD341DCC326C0072DA01 /* SYTagsLayout.m */; };
/* End PBXBuildFile section */

/* Begin PBXFileReference section */
		F03CDD191DCC31730072DA01 /* SYCustomCollectionViewLayout.app */ = {isa = PBXFileReference; explicitFileType = wrapper.application; includeInIndex = 0; path = SYCustomCollectionViewLayout.app; sourceTree = BUILT_PRODUCTS_DIR; };
		F03CDD1D1DCC31730072DA01 /* main.m */ = {isa = PBXFileReference; lastKnownFileType = sourcecode.c.objc; path = main.m; sourceTree = "<group>"; };
		F03CDD1F1DCC31730072DA01 /* AppDelegate.h */ = {isa = PBXFileReference; lastKnownFileType = sourcecode.c.h; path = AppDelegate.h; sourceTree = "<group>"; };
		F03CDD201DCC31730072DA01 /* AppDelegate.m */ = {isa = PBXFileReference; lastKnownFileType = sourcecode.c.objc; path = AppDelegate.m; sourceTree = "<group>"; };
		F03CDD221DCC31730072DA01 /* ViewController.h */ = {isa = PBXFileReference; lastKnownFileType = sourcecode.c.h; path = ViewController.h; sourceTree = "<group>"; };
		F03CDD231DCC31730072DA01 /* ViewController.m */ = {isa = PBXFileReference; lastKnownFileType = sourcecode.c.objc; path = ViewController.m; sourceTree = "<group>"; };
		F03CDD261DCC31730072DA01 /* Base */ = {isa = PBXFileReference; lastKnownFileType = file.storyboard; name = Base; path = Base.lproj/Main.storyboard; sourceTree = "<group>"; };
		F03CDD281DCC31730072DA01 /* Assets.xcassets */ = {isa = PBXFileReference; lastKnownFileType = folder.assetcatalog; path = Assets.xcassets; sourceTree = "<group>"; };
		F03CDD2B1DCC31730072DA01 /* Base */ = {isa = PBXFileReference; lastKnownFileType = file.storyboard; name = Base; path = Base.lproj/LaunchScreen.storyboard; sourceTree = "<group>"; };
		F03CDD2D1DCC31730072DA01 /* Info.plist */ = {isa = PBXFileReference; lastKnownFileType = text.plist.xml; path = Info.plist; sourceTree = "<group>"; };
		F03CDD331DCC326C0072DA01 /* SYTagsLayout.h */ = {isa = PBXFileReference; fileEncoding = 4; lastKnownFileType = sourcecode.c.h; path = SYTagsLayout.h; sourceTree = "<group>"; };
		F03CDD341DCC326C0072DA01 /* SYTagsLayout.m */ = {isa = PBXFileReference; fileEncoding = 4; lastKnownFileType = sourcecode.c.objc; path = SYTagsLayout.m; sourceTree = "<group>"; };
/* End PBXFileReference section */

/* Begin PBXFrameworksBuildPhase section */
		F03CDD161DCC31730072DA01 /* Frameworks */ = {
			isa = PBXFrameworksBuildPhase;
			buildActionMask = 2147483647;
			files = (
			);
			runOnlyForDeploymentPostprocessing = 0;
		};
/* End PBXFrameworksBuildPhase section */

/* Begin PBXGroup section */
		F03CDD101DCC31730072DA01 = {
			isa = PBXGroup;
			children = (
				F03CDD1B1DCC31730072DA01 /* SYCustomCollectionViewLayout */,
				F03CDD1A1DCC31730072DA01 /* Products */,
			);
			sourceTree = "<group>";
		};
		F03CDD1A1DCC31730072DA01 /* Products */ = {
			isa = PBXGroup;
			children = (
				F03CDD191DCC31730072DA01 /* SYCustomCollectionViewLayout.app */,
			);
			name = Products;
			sourceTree = "<group>";
		};
		F03CDD1B1DCC31730072DA01 /* SYCustomCollectionViewLayout */ = {
			isa = PBXGroup;
			children = (
				F03CDD1F1DCC31730072DA01 /* AppDelegate.h */,
				F03CDD201DCC31730072DA01 /* AppDelegate.m */,
				F03CDD221DCC31730072DA01 /* ViewController.h */,
				F03CDD231DCC31730072DA01 /* ViewController.m */,
				F03CDD331DCC326C0072DA01 /* SYTagsLayout.h */,
				F03CDD341DCC326C0072DA01 /* SYTagsLayout.m */,
				F03CDD251DCC31730072DA01 /* Main.storyboard */,
				F03CDD281DCC31730072DA01 /* Assets.xcassets */,
				F03CDD2A1DCC31730072DA01 /* LaunchScreen.storyboard */,
				F03CDD2D1DCC31730072DA01 /* Info.plist */,
				F03CDD1C1DCC31730072DA01 /* Supporting Files */,
			);
			path = SYCustomCollectionViewLayout;
			sourceTree = "<group>";
		};
		F03CDD1C1DCC31730072DA01 /* Supporting Files */ = {
			isa = PBXGroup;
			children = (
				F03CDD1D1DCC31730072DA01 /* main.m */,
			);
			name = "Supporting Files";
			sourceTree = "<group>";
		};
/* End PBXGroup section */

/* Begin PBXNativeTarget section */
		F03CDD181DCC31730072DA01 /* SYCustomCollectionViewLayout */ = {
			isa = PBXNativeTarget;
			buildConfigurationList = F03CDD301DCC31730072DA01 /* Build configuration list for PBXNativeTarget "SYCustomCollectionViewLayout" */;
			buildPhases = (
				F03CDD151DCC31730072DA01 /* Sources */,
				F03CDD161DCC31730072DA01 /* Frameworks */,
				F03CDD171DCC31730072DA01 /* Resources */,
			);
			buildRules = (
			);
			dependencies = (
			);
			name = SYCustomCollectionViewLayout;
			productName = SYCustomCollectionViewLayout;
			productReference = F03CDD191DCC31730072DA01 /* SYCustomCollectionViewLayout.app */;
			productType = "com.apple.product-type.application";
		};
/* End PBXNativeTarget section */

/* Begin PBXProject section */
		F03CDD111DCC31730072DA01 /* Project object */ = {
			isa = PBXProject;
			attributes = {
				LastUpgradeCheck = 0730;
				ORGANIZATIONNAME = tsy;
				TargetAttributes = {
					F03CDD181DCC31730072DA01 = {
						CreatedOnToolsVersion = 7.3.1;
					};
				};
			};
			buildConfigurationList = F03CDD141DCC31730072DA01 /* Build configuration list for PBXProject "SYCustomCollectionViewLayout" */;
			compatibilityVersion = "Xcode 3.2";
			developmentRegion = English;
			hasScannedForEncodings = 0;
			knownRegions = (
				en,
				Base,
			);
			mainGroup = F03CDD101DCC31730072DA01;
			productRefGroup = F03CDD1A1DCC31730072DA01 /* Products */;
			projectDirPath = "";
			projectRoot = "";
			targets = (
				F03CDD181DCC31730072DA01 /* SYCustomCollectionViewLayout */,
			);
		};
/* End PBXProject section */

/* Begin PBXResourcesBuildPhase section */
		F03CDD171DCC31730072DA01 /* Resources */ = {
			isa = PBXResourcesBuildPhase;
			buildActionMask = 2147483647;
			files = (
				F03CDD2C1DCC31730072DA01 /* LaunchScreen.storyboard in Resources */,
				F03CDD291DCC31730072DA01 /* Assets.xcassets in Resources */,
				F03CDD271DCC31730072DA01 /* Main.storyboard in Resources */,
			);
			runOnlyForDeploymentPostprocessing = 0;
		};
/* End PBXResourcesBuildPhase section */

/* Begin PBXSourcesBuildPhase section */
		F03CDD151DCC31730072DA01 /* Sources */ = {
			isa = PBXSourcesBuildPhase;
			buildActionMask = 2147483647;
			files = (
				F03CDD241DCC31730072DA01 /* ViewController.m in Sources */,
				F03CDD211DCC31730072DA01 /* AppDelegate.m in Sources */,
				F03CDD351DCC326C0072DA01 /* SYTagsLayout.m in Sources */,
				F03CDD1E1DCC31730072DA01 /* main.m in Sources */,
			);
			runOnlyForDeploymentPostprocessing = 0;
		};
/* End PBXSourcesBuildPhase section */

/* Begin PBXVariantGroup section */
		F03CDD251DCC31730072DA01 /* Main.storyboard */ = {
			isa = PBXVariantGroup;
			children = (
				F03CDD261DCC31730072DA01 /* Base */,
			);
			name = Main.storyboard;
			sourceTree = "<group>";
		};
		F03CDD2A1DCC31730072DA01 /* LaunchScreen.storyboard */ = {
			isa = PBXVariantGroup;
			children = (
				F03CDD2B1DCC31730072DA01 /* Base */,
			);
			name = LaunchScreen.storyboard;
			sourceTree = "<group>";
		};
/* End PBXVariantGroup section */

/* Begin XCBuildConfiguration section */
		F03CDD2E1DCC31730072DA01 /* Debug */ = {
			isa = XCBuildConfiguration;
			buildSettings = {
				ALWAYS_SEARCH_USER_PATHS = NO;
				CLANG_ANALYZER_NONNULL = YES;
				CLANG_CXX_LANGUAGE_STANDARD = "gnu++0x";
				CLANG_CXX_LIBRARY = "libc++";
				CLANG_ENABLE_MODULES = YES;
				CLANG_ENABLE_OBJC_ARC = YES;
				CLANG_WARN_BOOL_CONVERSION = YES;
				CLANG_WARN_CONSTANT_CONVERSION = YES;
				CLANG_WARN_DIRECT_OBJC_ISA_USAGE = YES_ERROR;
				CLANG_WARN_EMPTY_BODY = YES;
				CLANG_WARN_ENUM_CONVERSION = YES;
				CLANG_WARN_INT_CONVERSION = YES;
				CLANG_WARN_OBJC_ROOT_CLASS = YES_ERROR;
				CLANG_WARN_UNREACHABLE_CODE = YES;
				CLANG_WARN__DUPLICATE_METHOD_MATCH = YES;
				"CODE_SIGN_IDENTITY[sdk=iphoneos*]" = "iPhone Developer";
				COPY_PHASE_STRIP = NO;
				DEBUG_INFORMATION_FORMAT = dwarf;
				ENABLE_STRICT_OBJC_MSGSEND = YES;
				ENABLE_TESTABILITY = YES;
				GCC_C_LANGUAGE_STANDARD = gnu99;
				GCC_DYNAMIC_NO_PIC = NO;
				GCC_NO_COMMON_BLOCKS = YES;
				GCC_OPTIMIZATION_LEVEL = 0;
				GCC_PREPROCESSOR_DEFINITIONS = (
					"DEBUG=1",
					"$(inherited)",
				);
				GCC_WARN_64_TO_32_BIT_CONVERSION = YES;
				GCC_WARN_ABOUT_RETURN_TYPE = YES_ERROR;
				GCC_WARN_UNDECLARED_SELECTOR = YES;
				GCC_WARN_UNINITIALIZED_AUTOS = YES_AGGRESSIVE;
				GCC_WARN_UNUSED_FUNCTION = YES;
				GCC_WARN_UNUSED_VARIABLE = YES;
				IPHONEOS_DEPLOYMENT_TARGET = 9.3;
				MTL_ENABLE_DEBUG_INFO = YES;
				ONLY_ACTIVE_ARCH = YES;
				SDKROOT = iphoneos;
			};
			name = Debug;
		};
		F03CDD2F1DCC31730072DA01 /* Release */ = {
			isa = XCBuildConfiguration;
			buildSettings = {
				ALWAYS_SEARCH_USER_PATHS = NO;
				CLANG_ANALYZER_NONNULL = YES;
				CLANG_CXX_LANGUAGE_STANDARD = "gnu++0x";
				CLANG_CXX_LIBRARY = "libc++";
				CLANG_ENABLE_MODULES = YES;
				CLANG_ENABLE_OBJC_ARC = YES;
				CLANG_WARN_BOOL_CONVERSION = YES;
				CLANG_WARN_CONSTANT_CONVERSION = YES;
				CLANG_WARN_DIRECT_OBJC_ISA_USAGE = YES_ERROR;
				CLANG_WARN_EMPTY_BODY = YES;
				CLANG_WARN_ENUM_CONVERSION = YES;
				CLANG_WARN_INT_CONVERSION = YES;
				CLANG_WARN_OBJC_ROOT_CLASS = YES_ERROR;
				CLANG_WARN_UNREACHABLE_CODE = YES;
				CLANG_WARN__DUPLICATE_METHOD_MATCH = YES;
				"CODE_SIGN_IDENTITY[sdk=iphoneos*]" = "iPhone Developer";
				COPY_PHASE_STRIP = NO;
				DEBUG_INFORMATION_FORMAT = "dwarf-with-dsym";
				ENABLE_NS_ASSERTIONS = NO;
				ENABLE_STRICT_OBJC_MSGSEND = YES;
				GCC_C_LANGUAGE_STANDARD = gnu99;
				GCC_NO_COMMON_BLOCKS = YES;
				GCC_WARN_64_TO_32_BIT_CONVERSION = YES;
				GCC_WARN_ABOUT_RETURN_TYPE = YES_ERROR;
				GCC_WARN_UNDECLARED_SELECTOR = YES;
				GCC_WARN_UNINITIALIZED_AUTOS = YES_AGGRESSIVE;
				GCC_WARN_UNUSED_FUNCTION = YES;
				GCC_WARN_UNUSED_VARIABLE = YES;
				IPHONEOS_DEPLOYMENT_TARGET = 9.3;
				MTL_ENABLE_DEBUG_INFO = NO;
				SDKROOT = iphoneos;
				VALIDATE_PRODUCT = YES;
			};
			name = Release;
		};
		F03CDD311DCC31730072DA01 /* Debug */ = {
			isa = XCBuildConfiguration;
			buildSettings = {
				ASSETCATALOG_COMPILER_APPICON_NAME = AppIcon;
				INFOPLIST_FILE = SYCustomCollectionViewLayout/Info.plist;
				LD_RUNPATH_SEARCH_PATHS = "$(inherited) @executable_path/Frameworks";
				PRODUCT_BUNDLE_IDENTIFIER = sy.team.SYCustomCollectionViewLayout;
				PRODUCT_NAME = "$(TARGET_NAME)";
			};
			name = Debug;
		};
		F03CDD321DCC31730072DA01 /* Release */ = {
			isa = XCBuildConfiguration;
			buildSettings = {
				ASSETCATALOG_COMPILER_APPICON_NAME = AppIcon;
				INFOPLIST_FILE = SYCustomCollectionViewLayout/Info.plist;
				LD_RUNPATH_SEARCH_PATHS = "$(inherited) @executable_path/Frameworks";
				PRODUCT_BUNDLE_IDENTIFIER = sy.team.SYCustomCollectionViewLayout;
				PRODUCT_NAME = "$(TARGET_NAME)";
			};
			name = Release;
		};
/* End XCBuildConfiguration section */

/* Begin XCConfigurationList section */
		F03CDD141DCC31730072DA01 /* Build configuration list for PBXProject "SYCustomCollectionViewLayout" */ = {
			isa = XCConfigurationList;
			buildConfigurations = (
				F03CDD2E1DCC31730072DA01 /* Debug */,
				F03CDD2F1DCC31730072DA01 /* Release */,
			);
			defaultConfigurationIsVisible = 0;
			defaultConfigurationName = Release;
		};
		F03CDD301DCC31730072DA01 /* Build configuration list for PBXNativeTarget "SYCustomCollectionViewLayout" */ = {
			isa = XCConfigurationList;
			buildConfigurations = (
				F03CDD311DCC31730072DA01 /* Debug */,
				F03CDD321DCC31730072DA01 /* Release */,
			);
			defaultConfigurationIsVisible = 0;
		};
/* End XCConfigurationList section */
	};
	rootObject = F03CDD111DCC31730072DA01 /* Project object */;
}
