// !$*UTF8*$!
{
	archiveVersion = 1;
	classes = {
	};
	objectVersion = 46;
	objects = {

/* Begin PBXBuildFile section */
		F0024A961EC04631004DDF4C /* SYViewControllerData.plist in Resources */ = {isa = PBXBuildFile; fileRef = F0024A951EC04631004DDF4C /* SYViewControllerData.plist */; };
		F0024AAB1EC05385004DDF4C /* areas.db in Resources */ = {isa = PBXBuildFile; fileRef = F0024AAA1EC05385004DDF4C /* areas.db */; };
		F0024AAE1EC055DD004DDF4C /* libsqlite3.tbd in Frameworks */ = {isa = PBXBuildFile; fileRef = F0024AAD1EC055DD004DDF4C /* libsqlite3.tbd */; };
		F0024AB01EC06638004DDF4C /* citys.plist in Resources */ = {isa = PBXBuildFile; fileRef = F0024AAF1EC06638004DDF4C /* citys.plist */; };
		F0024AB41EC06875004DDF4C /* SYCityModel.m in Sources */ = {isa = PBXBuildFile; fileRef = F0024AB31EC06875004DDF4C /* SYCityModel.m */; };
		F0024AFF1EC1B5C4004DDF4C /* AFHTTPSessionManager.m in Sources */ = {isa = PBXBuildFile; fileRef = F0024AE01EC1B5C4004DDF4C /* AFHTTPSessionManager.m */; };
		F0024B001EC1B5C4004DDF4C /* AFNetworkReachabilityManager.m in Sources */ = {isa = PBXBuildFile; fileRef = F0024AE31EC1B5C4004DDF4C /* AFNetworkReachabilityManager.m */; };
		F0024B011EC1B5C4004DDF4C /* AFSecurityPolicy.m in Sources */ = {isa = PBXBuildFile; fileRef = F0024AE51EC1B5C4004DDF4C /* AFSecurityPolicy.m */; };
		F0024B021EC1B5C4004DDF4C /* AFURLRequestSerialization.m in Sources */ = {isa = PBXBuildFile; fileRef = F0024AE71EC1B5C4004DDF4C /* AFURLRequestSerialization.m */; };
		F0024B031EC1B5C4004DDF4C /* AFURLResponseSerialization.m in Sources */ = {isa = PBXBuildFile; fileRef = F0024AE91EC1B5C4004DDF4C /* AFURLResponseSerialization.m */; };
		F0024B041EC1B5C4004DDF4C /* AFURLSessionManager.m in Sources */ = {isa = PBXBuildFile; fileRef = F0024AEB1EC1B5C4004DDF4C /* AFURLSessionManager.m */; };
		F0024B051EC1B5C4004DDF4C /* FMDatabase.m in Sources */ = {isa = PBXBuildFile; fileRef = F0024AEE1EC1B5C4004DDF4C /* FMDatabase.m */; };
		F0024B061EC1B5C4004DDF4C /* FMDatabaseAdditions.m in Sources */ = {isa = PBXBuildFile; fileRef = F0024AF01EC1B5C4004DDF4C /* FMDatabaseAdditions.m */; };
		F0024B071EC1B5C4004DDF4C /* FMDatabasePool.m in Sources */ = {isa = PBXBuildFile; fileRef = F0024AF21EC1B5C4004DDF4C /* FMDatabasePool.m */; };
		F0024B081EC1B5C4004DDF4C /* FMDatabaseQueue.m in Sources */ = {isa = PBXBuildFile; fileRef = F0024AF41EC1B5C4004DDF4C /* FMDatabaseQueue.m */; };
		F0024B091EC1B5C4004DDF4C /* FMResultSet.m in Sources */ = {isa = PBXBuildFile; fileRef = F0024AF71EC1B5C4004DDF4C /* FMResultSet.m */; };
		F0024B0B1EC1B5C4004DDF4C /* SYAttributedStringModel.m in Sources */ = {isa = PBXBuildFile; fileRef = F0024AFC1EC1B5C4004DDF4C /* SYAttributedStringModel.m */; };
		F0024B0C1EC1B5C4004DDF4C /* UIColor+SYExtension.m in Sources */ = {isa = PBXBuildFile; fileRef = F0024AFE1EC1B5C4004DDF4C /* UIColor+SYExtension.m */; };
		F0024B101EC1B634004DDF4C /* SYNetworkManager.m in Sources */ = {isa = PBXBuildFile; fileRef = F0024B0F1EC1B634004DDF4C /* SYNetworkManager.m */; };
		F0024B121EC1C3DF004DDF4C /* HomeList.plist in Resources */ = {isa = PBXBuildFile; fileRef = F0024B111EC1C3DF004DDF4C /* HomeList.plist */; };
		F0024B141EC1C49F004DDF4C /* AdList.plist in Resources */ = {isa = PBXBuildFile; fileRef = F0024B131EC1C49F004DDF4C /* AdList.plist */; };
		F0024B171EC1C4EE004DDF4C /* SYHomeAdModel.m in Sources */ = {isa = PBXBuildFile; fileRef = F0024B161EC1C4EE004DDF4C /* SYHomeAdModel.m */; };
		F0024B1A1EC1C506004DDF4C /* SYHomeDataModel.m in Sources */ = {isa = PBXBuildFile; fileRef = F0024B191EC1C506004DDF4C /* SYHomeDataModel.m */; };
		F0024B441EC29EE6004DDF4C /* MKAnnotationView+WebCache.m in Sources */ = {isa = PBXBuildFile; fileRef = F0024B1E1EC29EE6004DDF4C /* MKAnnotationView+WebCache.m */; };
		F0024B451EC29EE6004DDF4C /* NSData+ImageContentType.m in Sources */ = {isa = PBXBuildFile; fileRef = F0024B201EC29EE6004DDF4C /* NSData+ImageContentType.m */; };
		F0024B461EC29EE6004DDF4C /* NSImage+WebCache.m in Sources */ = {isa = PBXBuildFile; fileRef = F0024B221EC29EE6004DDF4C /* NSImage+WebCache.m */; };
		F0024B471EC29EE6004DDF4C /* SDImageCache.m in Sources */ = {isa = PBXBuildFile; fileRef = F0024B241EC29EE6004DDF4C /* SDImageCache.m */; };
		F0024B481EC29EE6004DDF4C /* SDImageCacheConfig.m in Sources */ = {isa = PBXBuildFile; fileRef = F0024B261EC29EE6004DDF4C /* SDImageCacheConfig.m */; };
		F0024B491EC29EE6004DDF4C /* SDWebImageCompat.m in Sources */ = {isa = PBXBuildFile; fileRef = F0024B281EC29EE6004DDF4C /* SDWebImageCompat.m */; };
		F0024B4A1EC29EE6004DDF4C /* SDWebImageDecoder.m in Sources */ = {isa = PBXBuildFile; fileRef = F0024B2A1EC29EE6004DDF4C /* SDWebImageDecoder.m */; };
		F0024B4B1EC29EE6004DDF4C /* SDWebImageDownloader.m in Sources */ = {isa = PBXBuildFile; fileRef = F0024B2C1EC29EE6004DDF4C /* SDWebImageDownloader.m */; };
		F0024B4C1EC29EE6004DDF4C /* SDWebImageDownloaderOperation.m in Sources */ = {isa = PBXBuildFile; fileRef = F0024B2E1EC29EE6004DDF4C /* SDWebImageDownloaderOperation.m */; };
		F0024B4D1EC29EE6004DDF4C /* SDWebImageManager.m in Sources */ = {isa = PBXBuildFile; fileRef = F0024B301EC29EE6004DDF4C /* SDWebImageManager.m */; };
		F0024B4E1EC29EE6004DDF4C /* SDWebImagePrefetcher.m in Sources */ = {isa = PBXBuildFile; fileRef = F0024B331EC29EE6004DDF4C /* SDWebImagePrefetcher.m */; };
		F0024B4F1EC29EE6004DDF4C /* UIButton+WebCache.m in Sources */ = {isa = PBXBuildFile; fileRef = F0024B351EC29EE6004DDF4C /* UIButton+WebCache.m */; };
		F0024B501EC29EE6004DDF4C /* UIImage+GIF.m in Sources */ = {isa = PBXBuildFile; fileRef = F0024B371EC29EE6004DDF4C /* UIImage+GIF.m */; };
		F0024B511EC29EE6004DDF4C /* UIImage+MultiFormat.m in Sources */ = {isa = PBXBuildFile; fileRef = F0024B391EC29EE6004DDF4C /* UIImage+MultiFormat.m */; };
		F0024B521EC29EE6004DDF4C /* UIImage+WebP.m in Sources */ = {isa = PBXBuildFile; fileRef = F0024B3B1EC29EE6004DDF4C /* UIImage+WebP.m */; };
		F0024B531EC29EE6004DDF4C /* UIImageView+HighlightedWebCache.m in Sources */ = {isa = PBXBuildFile; fileRef = F0024B3D1EC29EE6004DDF4C /* UIImageView+HighlightedWebCache.m */; };
		F0024B541EC29EE6004DDF4C /* UIImageView+WebCache.m in Sources */ = {isa = PBXBuildFile; fileRef = F0024B3F1EC29EE6004DDF4C /* UIImageView+WebCache.m */; };
		F0024B551EC29EE6004DDF4C /* UIView+WebCache.m in Sources */ = {isa = PBXBuildFile; fileRef = F0024B411EC29EE6004DDF4C /* UIView+WebCache.m */; };
		F0024B561EC29EE6004DDF4C /* UIView+WebCacheOperation.m in Sources */ = {isa = PBXBuildFile; fileRef = F0024B431EC29EE6004DDF4C /* UIView+WebCacheOperation.m */; };
		F0024B5B1EC2A122004DDF4C /* SYHomeCell.m in Sources */ = {isa = PBXBuildFile; fileRef = F0024B591EC2A122004DDF4C /* SYHomeCell.m */; };
		F0024B5C1EC2A122004DDF4C /* SYHomeCell.xib in Resources */ = {isa = PBXBuildFile; fileRef = F0024B5A1EC2A122004DDF4C /* SYHomeCell.xib */; };
		F0024B5F1EC2A727004DDF4C /* UIView+SYExtension.m in Sources */ = {isa = PBXBuildFile; fileRef = F0024B5E1EC2A727004DDF4C /* UIView+SYExtension.m */; };
		F0024B631EC2AF93004DDF4C /* SYWebViewController.m in Sources */ = {isa = PBXBuildFile; fileRef = F0024B611EC2AF93004DDF4C /* SYWebViewController.m */; };
		F0024B641EC2AF93004DDF4C /* SYWebViewController.xib in Resources */ = {isa = PBXBuildFile; fileRef = F0024B621EC2AF93004DDF4C /* SYWebViewController.xib */; };
		F0024B671EC2E0E9004DDF4C /* SYCarouselView.m in Sources */ = {isa = PBXBuildFile; fileRef = F0024B661EC2E0E9004DDF4C /* SYCarouselView.m */; };
		F0024B6A1EC31D2E004DDF4C /* SYFindModel.m in Sources */ = {isa = PBXBuildFile; fileRef = F0024B691EC31D2E004DDF4C /* SYFindModel.m */; };
		F0024B6C1EC31F32004DDF4C /* Find.plist in Resources */ = {isa = PBXBuildFile; fileRef = F0024B6B1EC31F32004DDF4C /* Find.plist */; };
		F0024B701EC32028004DDF4C /* SYFindCell.m in Sources */ = {isa = PBXBuildFile; fileRef = F0024B6E1EC32028004DDF4C /* SYFindCell.m */; };
		F0024B711EC32028004DDF4C /* SYFindCell.xib in Resources */ = {isa = PBXBuildFile; fileRef = F0024B6F1EC32028004DDF4C /* SYFindCell.xib */; };
		F03B90DC1F53B2EA0033A3B5 /* MJExtensionConst.m in Sources */ = {isa = PBXBuildFile; fileRef = F03B90C91F53B2EA0033A3B5 /* MJExtensionConst.m */; };
		F03B90DD1F53B2EA0033A3B5 /* MJFoundation.m in Sources */ = {isa = PBXBuildFile; fileRef = F03B90CB1F53B2EA0033A3B5 /* MJFoundation.m */; };
		F03B90DE1F53B2EA0033A3B5 /* MJProperty.m in Sources */ = {isa = PBXBuildFile; fileRef = F03B90CD1F53B2EA0033A3B5 /* MJProperty.m */; };
		F03B90DF1F53B2EA0033A3B5 /* MJPropertyKey.m in Sources */ = {isa = PBXBuildFile; fileRef = F03B90CF1F53B2EA0033A3B5 /* MJPropertyKey.m */; };
		F03B90E01F53B2EA0033A3B5 /* MJPropertyType.m in Sources */ = {isa = PBXBuildFile; fileRef = F03B90D11F53B2EA0033A3B5 /* MJPropertyType.m */; };
		F03B90E11F53B2EA0033A3B5 /* NSObject+MJClass.m in Sources */ = {isa = PBXBuildFile; fileRef = F03B90D31F53B2EA0033A3B5 /* NSObject+MJClass.m */; };
		F03B90E21F53B2EA0033A3B5 /* NSObject+MJCoding.m in Sources */ = {isa = PBXBuildFile; fileRef = F03B90D51F53B2EA0033A3B5 /* NSObject+MJCoding.m */; };
		F03B90E31F53B2EA0033A3B5 /* NSObject+MJKeyValue.m in Sources */ = {isa = PBXBuildFile; fileRef = F03B90D71F53B2EA0033A3B5 /* NSObject+MJKeyValue.m */; };
		F03B90E41F53B2EA0033A3B5 /* NSObject+MJProperty.m in Sources */ = {isa = PBXBuildFile; fileRef = F03B90D91F53B2EA0033A3B5 /* NSObject+MJProperty.m */; };
		F03B90E51F53B2EA0033A3B5 /* NSString+MJExtension.m in Sources */ = {isa = PBXBuildFile; fileRef = F03B90DB1F53B2EA0033A3B5 /* NSString+MJExtension.m */; };
		F0D68EC41EBC532300EB7161 /* main.m in Sources */ = {isa = PBXBuildFile; fileRef = F0D68EC31EBC532300EB7161 /* main.m */; };
		F0D68EC71EBC532300EB7161 /* AppDelegate.m in Sources */ = {isa = PBXBuildFile; fileRef = F0D68EC61EBC532300EB7161 /* AppDelegate.m */; };
		F0D68ECD1EBC532300EB7161 /* Main.storyboard in Resources */ = {isa = PBXBuildFile; fileRef = F0D68ECB1EBC532300EB7161 /* Main.storyboard */; };
		F0D68ECF1EBC532300EB7161 /* Assets.xcassets in Resources */ = {isa = PBXBuildFile; fileRef = F0D68ECE1EBC532300EB7161 /* Assets.xcassets */; };
		F0D68ED21EBC532300EB7161 /* LaunchScreen.storyboard in Resources */ = {isa = PBXBuildFile; fileRef = F0D68ED01EBC532300EB7161 /* LaunchScreen.storyboard */; };
		F0D68EE51EBC5D3B00EB7161 /* SYBaseViewController.m in Sources */ = {isa = PBXBuildFile; fileRef = F0D68EE11EBC5D3B00EB7161 /* SYBaseViewController.m */; };
		F0D68EE61EBC5D3B00EB7161 /* SYNavgationViewController.m in Sources */ = {isa = PBXBuildFile; fileRef = F0D68EE31EBC5D3B00EB7161 /* SYNavgationViewController.m */; };
		F0D68EEA1EBC5D6100EB7161 /* SYHomeViewController.m in Sources */ = {isa = PBXBuildFile; fileRef = F0D68EE81EBC5D6100EB7161 /* SYHomeViewController.m */; };
		F0D68EEB1EBC5D6100EB7161 /* SYHomeViewController.xib in Resources */ = {isa = PBXBuildFile; fileRef = F0D68EE91EBC5D6100EB7161 /* SYHomeViewController.xib */; };
		F0D68EEF1EBC5D7000EB7161 /* SYBuyViewController.m in Sources */ = {isa = PBXBuildFile; fileRef = F0D68EED1EBC5D7000EB7161 /* SYBuyViewController.m */; };
		F0D68EF01EBC5D7000EB7161 /* SYBuyViewController.xib in Resources */ = {isa = PBXBuildFile; fileRef = F0D68EEE1EBC5D7000EB7161 /* SYBuyViewController.xib */; };
		F0D68EF41EBC5D8B00EB7161 /* SYOpenRewardViewController.m in Sources */ = {isa = PBXBuildFile; fileRef = F0D68EF21EBC5D8B00EB7161 /* SYOpenRewardViewController.m */; };
		F0D68EF51EBC5D8B00EB7161 /* SYOpenRewardViewController.xib in Resources */ = {isa = PBXBuildFile; fileRef = F0D68EF31EBC5D8B00EB7161 /* SYOpenRewardViewController.xib */; };
		F0D68EF91EBC5DAD00EB7161 /* SYTrendViewController.m in Sources */ = {isa = PBXBuildFile; fileRef = F0D68EF71EBC5DAD00EB7161 /* SYTrendViewController.m */; };
		F0D68EFA1EBC5DAD00EB7161 /* SYTrendViewController.xib in Resources */ = {isa = PBXBuildFile; fileRef = F0D68EF81EBC5DAD00EB7161 /* SYTrendViewController.xib */; };
		F0D68EFE1EBC5DBA00EB7161 /* SYMineViewController.m in Sources */ = {isa = PBXBuildFile; fileRef = F0D68EFC1EBC5DBA00EB7161 /* SYMineViewController.m */; };
		F0D68EFF1EBC5DBA00EB7161 /* SYMineViewController.xib in Resources */ = {isa = PBXBuildFile; fileRef = F0D68EFD1EBC5DBA00EB7161 /* SYMineViewController.xib */; };
		F0D68F021EBC619E00EB7161 /* SYTabBarViewController.m in Sources */ = {isa = PBXBuildFile; fileRef = F0D68F011EBC619E00EB7161 /* SYTabBarViewController.m */; };
/* End PBXBuildFile section */

/* Begin PBXFileReference section */
		F0024A921EC01236004DDF4C /* PrefixHeader.pch */ = {isa = PBXFileReference; lastKnownFileType = sourcecode.c.h; path = PrefixHeader.pch; sourceTree = "<group>"; };
		F0024A951EC04631004DDF4C /* SYViewControllerData.plist */ = {isa = PBXFileReference; fileEncoding = 4; lastKnownFileType = text.plist.xml; path = SYViewControllerData.plist; sourceTree = "<group>"; };
		F0024AAA1EC05385004DDF4C /* areas.db */ = {isa = PBXFileReference; lastKnownFileType = file; path = areas.db; sourceTree = "<group>"; };
		F0024AAD1EC055DD004DDF4C /* libsqlite3.tbd */ = {isa = PBXFileReference; lastKnownFileType = "sourcecode.text-based-dylib-definition"; name = libsqlite3.tbd; path = usr/lib/libsqlite3.tbd; sourceTree = SDKROOT; };
		F0024AAF1EC06638004DDF4C /* citys.plist */ = {isa = PBXFileReference; fileEncoding = 4; lastKnownFileType = text.plist.xml; path = citys.plist; sourceTree = "<group>"; };
		F0024AB21EC06875004DDF4C /* SYCityModel.h */ = {isa = PBXFileReference; fileEncoding = 4; lastKnownFileType = sourcecode.c.h; path = SYCityModel.h; sourceTree = "<group>"; };
		F0024AB31EC06875004DDF4C /* SYCityModel.m */ = {isa = PBXFileReference; fileEncoding = 4; lastKnownFileType = sourcecode.c.objc; path = SYCityModel.m; sourceTree = "<group>"; };
		F0024ADF1EC1B5C4004DDF4C /* AFHTTPSessionManager.h */ = {isa = PBXFileReference; fileEncoding = 4; lastKnownFileType = sourcecode.c.h; path = AFHTTPSessionManager.h; sourceTree = "<group>"; };
		F0024AE01EC1B5C4004DDF4C /* AFHTTPSessionManager.m */ = {isa = PBXFileReference; fileEncoding = 4; lastKnownFileType = sourcecode.c.objc; path = AFHTTPSessionManager.m; sourceTree = "<group>"; };
		F0024AE11EC1B5C4004DDF4C /* AFNetworking.h */ = {isa = PBXFileReference; fileEncoding = 4; lastKnownFileType = sourcecode.c.h; path = AFNetworking.h; sourceTree = "<group>"; };
		F0024AE21EC1B5C4004DDF4C /* AFNetworkReachabilityManager.h */ = {isa = PBXFileReference; fileEncoding = 4; lastKnownFileType = sourcecode.c.h; path = AFNetworkReachabilityManager.h; sourceTree = "<group>"; };
		F0024AE31EC1B5C4004DDF4C /* AFNetworkReachabilityManager.m */ = {isa = PBXFileReference; fileEncoding = 4; lastKnownFileType = sourcecode.c.objc; path = AFNetworkReachabilityManager.m; sourceTree = "<group>"; };
		F0024AE41EC1B5C4004DDF4C /* AFSecurityPolicy.h */ = {isa = PBXFileReference; fileEncoding = 4; lastKnownFileType = sourcecode.c.h; path = AFSecurityPolicy.h; sourceTree = "<group>"; };
		F0024AE51EC1B5C4004DDF4C /* AFSecurityPolicy.m */ = {isa = PBXFileReference; fileEncoding = 4; lastKnownFileType = sourcecode.c.objc; path = AFSecurityPolicy.m; sourceTree = "<group>"; };
		F0024AE61EC1B5C4004DDF4C /* AFURLRequestSerialization.h */ = {isa = PBXFileReference; fileEncoding = 4; lastKnownFileType = sourcecode.c.h; path = AFURLRequestSerialization.h; sourceTree = "<group>"; };
		F0024AE71EC1B5C4004DDF4C /* AFURLRequestSerialization.m */ = {isa = PBXFileReference; fileEncoding = 4; lastKnownFileType = sourcecode.c.objc; path = AFURLRequestSerialization.m; sourceTree = "<group>"; };
		F0024AE81EC1B5C4004DDF4C /* AFURLResponseSerialization.h */ = {isa = PBXFileReference; fileEncoding = 4; lastKnownFileType = sourcecode.c.h; path = AFURLResponseSerialization.h; sourceTree = "<group>"; };
		F0024AE91EC1B5C4004DDF4C /* AFURLResponseSerialization.m */ = {isa = PBXFileReference; fileEncoding = 4; lastKnownFileType = sourcecode.c.objc; path = AFURLResponseSerialization.m; sourceTree = "<group>"; };
		F0024AEA1EC1B5C4004DDF4C /* AFURLSessionManager.h */ = {isa = PBXFileReference; fileEncoding = 4; lastKnownFileType = sourcecode.c.h; path = AFURLSessionManager.h; sourceTree = "<group>"; };
		F0024AEB1EC1B5C4004DDF4C /* AFURLSessionManager.m */ = {isa = PBXFileReference; fileEncoding = 4; lastKnownFileType = sourcecode.c.objc; path = AFURLSessionManager.m; sourceTree = "<group>"; };
		F0024AED1EC1B5C4004DDF4C /* FMDatabase.h */ = {isa = PBXFileReference; fileEncoding = 4; lastKnownFileType = sourcecode.c.h; path = FMDatabase.h; sourceTree = "<group>"; };
		F0024AEE1EC1B5C4004DDF4C /* FMDatabase.m */ = {isa = PBXFileReference; fileEncoding = 4; lastKnownFileType = sourcecode.c.objc; path = FMDatabase.m; sourceTree = "<group>"; };
		F0024AEF1EC1B5C4004DDF4C /* FMDatabaseAdditions.h */ = {isa = PBXFileReference; fileEncoding = 4; lastKnownFileType = sourcecode.c.h; path = FMDatabaseAdditions.h; sourceTree = "<group>"; };
		F0024AF01EC1B5C4004DDF4C /* FMDatabaseAdditions.m */ = {isa = PBXFileReference; fileEncoding = 4; lastKnownFileType = sourcecode.c.objc; path = FMDatabaseAdditions.m; sourceTree = "<group>"; };
		F0024AF11EC1B5C4004DDF4C /* FMDatabasePool.h */ = {isa = PBXFileReference; fileEncoding = 4; lastKnownFileType = sourcecode.c.h; path = FMDatabasePool.h; sourceTree = "<group>"; };
		F0024AF21EC1B5C4004DDF4C /* FMDatabasePool.m */ = {isa = PBXFileReference; fileEncoding = 4; lastKnownFileType = sourcecode.c.objc; path = FMDatabasePool.m; sourceTree = "<group>"; };
		F0024AF31EC1B5C4004DDF4C /* FMDatabaseQueue.h */ = {isa = PBXFileReference; fileEncoding = 4; lastKnownFileType = sourcecode.c.h; path = FMDatabaseQueue.h; sourceTree = "<group>"; };
		F0024AF41EC1B5C4004DDF4C /* FMDatabaseQueue.m */ = {isa = PBXFileReference; fileEncoding = 4; lastKnownFileType = sourcecode.c.objc; path = FMDatabaseQueue.m; sourceTree = "<group>"; };
		F0024AF51EC1B5C4004DDF4C /* FMDB.h */ = {isa = PBXFileReference; fileEncoding = 4; lastKnownFileType = sourcecode.c.h; path = FMDB.h; sourceTree = "<group>"; };
		F0024AF61EC1B5C4004DDF4C /* FMResultSet.h */ = {isa = PBXFileReference; fileEncoding = 4; lastKnownFileType = sourcecode.c.h; path = FMResultSet.h; sourceTree = "<group>"; };
		F0024AF71EC1B5C4004DDF4C /* FMResultSet.m */ = {isa = PBXFileReference; fileEncoding = 4; lastKnownFileType = sourcecode.c.objc; path = FMResultSet.m; sourceTree = "<group>"; };
		F0024AFB1EC1B5C4004DDF4C /* SYAttributedStringModel.h */ = {isa = PBXFileReference; fileEncoding = 4; lastKnownFileType = sourcecode.c.h; path = SYAttributedStringModel.h; sourceTree = "<group>"; };
		F0024AFC1EC1B5C4004DDF4C /* SYAttributedStringModel.m */ = {isa = PBXFileReference; fileEncoding = 4; lastKnownFileType = sourcecode.c.objc; path = SYAttributedStringModel.m; sourceTree = "<group>"; };
		F0024AFD1EC1B5C4004DDF4C /* UIColor+SYExtension.h */ = {isa = PBXFileReference; fileEncoding = 4; lastKnownFileType = sourcecode.c.h; path = "UIColor+SYExtension.h"; sourceTree = "<group>"; };
		F0024AFE1EC1B5C4004DDF4C /* UIColor+SYExtension.m */ = {isa = PBXFileReference; fileEncoding = 4; lastKnownFileType = sourcecode.c.objc; path = "UIColor+SYExtension.m"; sourceTree = "<group>"; };
		F0024B0E1EC1B634004DDF4C /* SYNetworkManager.h */ = {isa = PBXFileReference; fileEncoding = 4; lastKnownFileType = sourcecode.c.h; path = SYNetworkManager.h; sourceTree = "<group>"; };
		F0024B0F1EC1B634004DDF4C /* SYNetworkManager.m */ = {isa = PBXFileReference; fileEncoding = 4; lastKnownFileType = sourcecode.c.objc; path = SYNetworkManager.m; sourceTree = "<group>"; };
		F0024B111EC1C3DF004DDF4C /* HomeList.plist */ = {isa = PBXFileReference; fileEncoding = 4; lastKnownFileType = text.plist.xml; path = HomeList.plist; sourceTree = "<group>"; };
		F0024B131EC1C49F004DDF4C /* AdList.plist */ = {isa = PBXFileReference; fileEncoding = 4; lastKnownFileType = text.plist.xml; path = AdList.plist; sourceTree = "<group>"; };
		F0024B151EC1C4EE004DDF4C /* SYHomeAdModel.h */ = {isa = PBXFileReference; fileEncoding = 4; lastKnownFileType = sourcecode.c.h; path = SYHomeAdModel.h; sourceTree = "<group>"; };
		F0024B161EC1C4EE004DDF4C /* SYHomeAdModel.m */ = {isa = PBXFileReference; fileEncoding = 4; lastKnownFileType = sourcecode.c.objc; path = SYHomeAdModel.m; sourceTree = "<group>"; };
		F0024B181EC1C506004DDF4C /* SYHomeDataModel.h */ = {isa = PBXFileReference; fileEncoding = 4; lastKnownFileType = sourcecode.c.h; path = SYHomeDataModel.h; sourceTree = "<group>"; };
		F0024B191EC1C506004DDF4C /* SYHomeDataModel.m */ = {isa = PBXFileReference; fileEncoding = 4; lastKnownFileType = sourcecode.c.objc; path = SYHomeDataModel.m; sourceTree = "<group>"; };
		F0024B1D1EC29EE6004DDF4C /* MKAnnotationView+WebCache.h */ = {isa = PBXFileReference; fileEncoding = 4; lastKnownFileType = sourcecode.c.h; path = "MKAnnotationView+WebCache.h"; sourceTree = "<group>"; };
		F0024B1E1EC29EE6004DDF4C /* MKAnnotationView+WebCache.m */ = {isa = PBXFileReference; fileEncoding = 4; lastKnownFileType = sourcecode.c.objc; path = "MKAnnotationView+WebCache.m"; sourceTree = "<group>"; };
		F0024B1F1EC29EE6004DDF4C /* NSData+ImageContentType.h */ = {isa = PBXFileReference; fileEncoding = 4; lastKnownFileType = sourcecode.c.h; path = "NSData+ImageContentType.h"; sourceTree = "<group>"; };
		F0024B201EC29EE6004DDF4C /* NSData+ImageContentType.m */ = {isa = PBXFileReference; fileEncoding = 4; lastKnownFileType = sourcecode.c.objc; path = "NSData+ImageContentType.m"; sourceTree = "<group>"; };
		F0024B211EC29EE6004DDF4C /* NSImage+WebCache.h */ = {isa = PBXFileReference; fileEncoding = 4; lastKnownFileType = sourcecode.c.h; path = "NSImage+WebCache.h"; sourceTree = "<group>"; };
		F0024B221EC29EE6004DDF4C /* NSImage+WebCache.m */ = {isa = PBXFileReference; fileEncoding = 4; lastKnownFileType = sourcecode.c.objc; path = "NSImage+WebCache.m"; sourceTree = "<group>"; };
		F0024B231EC29EE6004DDF4C /* SDImageCache.h */ = {isa = PBXFileReference; fileEncoding = 4; lastKnownFileType = sourcecode.c.h; path = SDImageCache.h; sourceTree = "<group>"; };
		F0024B241EC29EE6004DDF4C /* SDImageCache.m */ = {isa = PBXFileReference; fileEncoding = 4; lastKnownFileType = sourcecode.c.objc; path = SDImageCache.m; sourceTree = "<group>"; };
		F0024B251EC29EE6004DDF4C /* SDImageCacheConfig.h */ = {isa = PBXFileReference; fileEncoding = 4; lastKnownFileType = sourcecode.c.h; path = SDImageCacheConfig.h; sourceTree = "<group>"; };
		F0024B261EC29EE6004DDF4C /* SDImageCacheConfig.m */ = {isa = PBXFileReference; fileEncoding = 4; lastKnownFileType = sourcecode.c.objc; path = SDImageCacheConfig.m; sourceTree = "<group>"; };
		F0024B271EC29EE6004DDF4C /* SDWebImageCompat.h */ = {isa = PBXFileReference; fileEncoding = 4; lastKnownFileType = sourcecode.c.h; path = SDWebImageCompat.h; sourceTree = "<group>"; };
		F0024B281EC29EE6004DDF4C /* SDWebImageCompat.m */ = {isa = PBXFileReference; fileEncoding = 4; lastKnownFileType = sourcecode.c.objc; path = SDWebImageCompat.m; sourceTree = "<group>"; };
		F0024B291EC29EE6004DDF4C /* SDWebImageDecoder.h */ = {isa = PBXFileReference; fileEncoding = 4; lastKnownFileType = sourcecode.c.h; path = SDWebImageDecoder.h; sourceTree = "<group>"; };
		F0024B2A1EC29EE6004DDF4C /* SDWebImageDecoder.m */ = {isa = PBXFileReference; fileEncoding = 4; lastKnownFileType = sourcecode.c.objc; path = SDWebImageDecoder.m; sourceTree = "<group>"; };
		F0024B2B1EC29EE6004DDF4C /* SDWebImageDownloader.h */ = {isa = PBXFileReference; fileEncoding = 4; lastKnownFileType = sourcecode.c.h; path = SDWebImageDownloader.h; sourceTree = "<group>"; };
		F0024B2C1EC29EE6004DDF4C /* SDWebImageDownloader.m */ = {isa = PBXFileReference; fileEncoding = 4; lastKnownFileType = sourcecode.c.objc; path = SDWebImageDownloader.m; sourceTree = "<group>"; };
		F0024B2D1EC29EE6004DDF4C /* SDWebImageDownloaderOperation.h */ = {isa = PBXFileReference; fileEncoding = 4; lastKnownFileType = sourcecode.c.h; path = SDWebImageDownloaderOperation.h; sourceTree = "<group>"; };
		F0024B2E1EC29EE6004DDF4C /* SDWebImageDownloaderOperation.m */ = {isa = PBXFileReference; fileEncoding = 4; lastKnownFileType = sourcecode.c.objc; path = SDWebImageDownloaderOperation.m; sourceTree = "<group>"; };
		F0024B2F1EC29EE6004DDF4C /* SDWebImageManager.h */ = {isa = PBXFileReference; fileEncoding = 4; lastKnownFileType = sourcecode.c.h; path = SDWebImageManager.h; sourceTree = "<group>"; };
		F0024B301EC29EE6004DDF4C /* SDWebImageManager.m */ = {isa = PBXFileReference; fileEncoding = 4; lastKnownFileType = sourcecode.c.objc; path = SDWebImageManager.m; sourceTree = "<group>"; };
		F0024B311EC29EE6004DDF4C /* SDWebImageOperation.h */ = {isa = PBXFileReference; fileEncoding = 4; lastKnownFileType = sourcecode.c.h; path = SDWebImageOperation.h; sourceTree = "<group>"; };
		F0024B321EC29EE6004DDF4C /* SDWebImagePrefetcher.h */ = {isa = PBXFileReference; fileEncoding = 4; lastKnownFileType = sourcecode.c.h; path = SDWebImagePrefetcher.h; sourceTree = "<group>"; };
		F0024B331EC29EE6004DDF4C /* SDWebImagePrefetcher.m */ = {isa = PBXFileReference; fileEncoding = 4; lastKnownFileType = sourcecode.c.objc; path = SDWebImagePrefetcher.m; sourceTree = "<group>"; };
		F0024B341EC29EE6004DDF4C /* UIButton+WebCache.h */ = {isa = PBXFileReference; fileEncoding = 4; lastKnownFileType = sourcecode.c.h; path = "UIButton+WebCache.h"; sourceTree = "<group>"; };
		F0024B351EC29EE6004DDF4C /* UIButton+WebCache.m */ = {isa = PBXFileReference; fileEncoding = 4; lastKnownFileType = sourcecode.c.objc; path = "UIButton+WebCache.m"; sourceTree = "<group>"; };
		F0024B361EC29EE6004DDF4C /* UIImage+GIF.h */ = {isa = PBXFileReference; fileEncoding = 4; lastKnownFileType = sourcecode.c.h; path = "UIImage+GIF.h"; sourceTree = "<group>"; };
		F0024B371EC29EE6004DDF4C /* UIImage+GIF.m */ = {isa = PBXFileReference; fileEncoding = 4; lastKnownFileType = sourcecode.c.objc; path = "UIImage+GIF.m"; sourceTree = "<group>"; };
		F0024B381EC29EE6004DDF4C /* UIImage+MultiFormat.h */ = {isa = PBXFileReference; fileEncoding = 4; lastKnownFileType = sourcecode.c.h; path = "UIImage+MultiFormat.h"; sourceTree = "<group>"; };
		F0024B391EC29EE6004DDF4C /* UIImage+MultiFormat.m */ = {isa = PBXFileReference; fileEncoding = 4; lastKnownFileType = sourcecode.c.objc; path = "UIImage+MultiFormat.m"; sourceTree = "<group>"; };
		F0024B3A1EC29EE6004DDF4C /* UIImage+WebP.h */ = {isa = PBXFileReference; fileEncoding = 4; lastKnownFileType = sourcecode.c.h; path = "UIImage+WebP.h"; sourceTree = "<group>"; };
		F0024B3B1EC29EE6004DDF4C /* UIImage+WebP.m */ = {isa = PBXFileReference; fileEncoding = 4; lastKnownFileType = sourcecode.c.objc; path = "UIImage+WebP.m"; sourceTree = "<group>"; };
		F0024B3C1EC29EE6004DDF4C /* UIImageView+HighlightedWebCache.h */ = {isa = PBXFileReference; fileEncoding = 4; lastKnownFileType = sourcecode.c.h; path = "UIImageView+HighlightedWebCache.h"; sourceTree = "<group>"; };
		F0024B3D1EC29EE6004DDF4C /* UIImageView+HighlightedWebCache.m */ = {isa = PBXFileReference; fileEncoding = 4; lastKnownFileType = sourcecode.c.objc; path = "UIImageView+HighlightedWebCache.m"; sourceTree = "<group>"; };
		F0024B3E1EC29EE6004DDF4C /* UIImageView+WebCache.h */ = {isa = PBXFileReference; fileEncoding = 4; lastKnownFileType = sourcecode.c.h; path = "UIImageView+WebCache.h"; sourceTree = "<group>"; };
		F0024B3F1EC29EE6004DDF4C /* UIImageView+WebCache.m */ = {isa = PBXFileReference; fileEncoding = 4; lastKnownFileType = sourcecode.c.objc; path = "UIImageView+WebCache.m"; sourceTree = "<group>"; };
		F0024B401EC29EE6004DDF4C /* UIView+WebCache.h */ = {isa = PBXFileReference; fileEncoding = 4; lastKnownFileType = sourcecode.c.h; path = "UIView+WebCache.h"; sourceTree = "<group>"; };
		F0024B411EC29EE6004DDF4C /* UIView+WebCache.m */ = {isa = PBXFileReference; fileEncoding = 4; lastKnownFileType = sourcecode.c.objc; path = "UIView+WebCache.m"; sourceTree = "<group>"; };
		F0024B421EC29EE6004DDF4C /* UIView+WebCacheOperation.h */ = {isa = PBXFileReference; fileEncoding = 4; lastKnownFileType = sourcecode.c.h; path = "UIView+WebCacheOperation.h"; sourceTree = "<group>"; };
		F0024B431EC29EE6004DDF4C /* UIView+WebCacheOperation.m */ = {isa = PBXFileReference; fileEncoding = 4; lastKnownFileType = sourcecode.c.objc; path = "UIView+WebCacheOperation.m"; sourceTree = "<group>"; };
		F0024B581EC2A122004DDF4C /* SYHomeCell.h */ = {isa = PBXFileReference; fileEncoding = 4; lastKnownFileType = sourcecode.c.h; path = SYHomeCell.h; sourceTree = "<group>"; };
		F0024B591EC2A122004DDF4C /* SYHomeCell.m */ = {isa = PBXFileReference; fileEncoding = 4; lastKnownFileType = sourcecode.c.objc; path = SYHomeCell.m; sourceTree = "<group>"; };
		F0024B5A1EC2A122004DDF4C /* SYHomeCell.xib */ = {isa = PBXFileReference; fileEncoding = 4; lastKnownFileType = file.xib; path = SYHomeCell.xib; sourceTree = "<group>"; };
		F0024B5D1EC2A727004DDF4C /* UIView+SYExtension.h */ = {isa = PBXFileReference; fileEncoding = 4; lastKnownFileType = sourcecode.c.h; path = "UIView+SYExtension.h"; sourceTree = "<group>"; };
		F0024B5E1EC2A727004DDF4C /* UIView+SYExtension.m */ = {isa = PBXFileReference; fileEncoding = 4; lastKnownFileType = sourcecode.c.objc; path = "UIView+SYExtension.m"; sourceTree = "<group>"; };
		F0024B601EC2AF93004DDF4C /* SYWebViewController.h */ = {isa = PBXFileReference; fileEncoding = 4; lastKnownFileType = sourcecode.c.h; path = SYWebViewController.h; sourceTree = "<group>"; };
		F0024B611EC2AF93004DDF4C /* SYWebViewController.m */ = {isa = PBXFileReference; fileEncoding = 4; lastKnownFileType = sourcecode.c.objc; path = SYWebViewController.m; sourceTree = "<group>"; };
		F0024B621EC2AF93004DDF4C /* SYWebViewController.xib */ = {isa = PBXFileReference; fileEncoding = 4; lastKnownFileType = file.xib; path = SYWebViewController.xib; sourceTree = "<group>"; };
		F0024B651EC2E0E9004DDF4C /* SYCarouselView.h */ = {isa = PBXFileReference; fileEncoding = 4; lastKnownFileType = sourcecode.c.h; path = SYCarouselView.h; sourceTree = "<group>"; };
		F0024B661EC2E0E9004DDF4C /* SYCarouselView.m */ = {isa = PBXFileReference; fileEncoding = 4; lastKnownFileType = sourcecode.c.objc; path = SYCarouselView.m; sourceTree = "<group>"; };
		F0024B681EC31D2E004DDF4C /* SYFindModel.h */ = {isa = PBXFileReference; fileEncoding = 4; lastKnownFileType = sourcecode.c.h; path = SYFindModel.h; sourceTree = "<group>"; };
		F0024B691EC31D2E004DDF4C /* SYFindModel.m */ = {isa = PBXFileReference; fileEncoding = 4; lastKnownFileType = sourcecode.c.objc; path = SYFindModel.m; sourceTree = "<group>"; };
		F0024B6B1EC31F32004DDF4C /* Find.plist */ = {isa = PBXFileReference; fileEncoding = 4; lastKnownFileType = text.plist.xml; path = Find.plist; sourceTree = "<group>"; };
		F0024B6D1EC32028004DDF4C /* SYFindCell.h */ = {isa = PBXFileReference; fileEncoding = 4; lastKnownFileType = sourcecode.c.h; path = SYFindCell.h; sourceTree = "<group>"; };
		F0024B6E1EC32028004DDF4C /* SYFindCell.m */ = {isa = PBXFileReference; fileEncoding = 4; lastKnownFileType = sourcecode.c.objc; path = SYFindCell.m; sourceTree = "<group>"; };
		F0024B6F1EC32028004DDF4C /* SYFindCell.xib */ = {isa = PBXFileReference; fileEncoding = 4; lastKnownFileType = file.xib; path = SYFindCell.xib; sourceTree = "<group>"; };
		F03B90C71F53B2EA0033A3B5 /* MJExtension.h */ = {isa = PBXFileReference; fileEncoding = 4; lastKnownFileType = sourcecode.c.h; path = MJExtension.h; sourceTree = "<group>"; };
		F03B90C81F53B2EA0033A3B5 /* MJExtensionConst.h */ = {isa = PBXFileReference; fileEncoding = 4; lastKnownFileType = sourcecode.c.h; path = MJExtensionConst.h; sourceTree = "<group>"; };
		F03B90C91F53B2EA0033A3B5 /* MJExtensionConst.m */ = {isa = PBXFileReference; fileEncoding = 4; lastKnownFileType = sourcecode.c.objc; path = MJExtensionConst.m; sourceTree = "<group>"; };
		F03B90CA1F53B2EA0033A3B5 /* MJFoundation.h */ = {isa = PBXFileReference; fileEncoding = 4; lastKnownFileType = sourcecode.c.h; path = MJFoundation.h; sourceTree = "<group>"; };
		F03B90CB1F53B2EA0033A3B5 /* MJFoundation.m */ = {isa = PBXFileReference; fileEncoding = 4; lastKnownFileType = sourcecode.c.objc; path = MJFoundation.m; sourceTree = "<group>"; };
		F03B90CC1F53B2EA0033A3B5 /* MJProperty.h */ = {isa = PBXFileReference; fileEncoding = 4; lastKnownFileType = sourcecode.c.h; path = MJProperty.h; sourceTree = "<group>"; };
		F03B90CD1F53B2EA0033A3B5 /* MJProperty.m */ = {isa = PBXFileReference; fileEncoding = 4; lastKnownFileType = sourcecode.c.objc; path = MJProperty.m; sourceTree = "<group>"; };
		F03B90CE1F53B2EA0033A3B5 /* MJPropertyKey.h */ = {isa = PBXFileReference; fileEncoding = 4; lastKnownFileType = sourcecode.c.h; path = MJPropertyKey.h; sourceTree = "<group>"; };
		F03B90CF1F53B2EA0033A3B5 /* MJPropertyKey.m */ = {isa = PBXFileReference; fileEncoding = 4; lastKnownFileType = sourcecode.c.objc; path = MJPropertyKey.m; sourceTree = "<group>"; };
		F03B90D01F53B2EA0033A3B5 /* MJPropertyType.h */ = {isa = PBXFileReference; fileEncoding = 4; lastKnownFileType = sourcecode.c.h; path = MJPropertyType.h; sourceTree = "<group>"; };
		F03B90D11F53B2EA0033A3B5 /* MJPropertyType.m */ = {isa = PBXFileReference; fileEncoding = 4; lastKnownFileType = sourcecode.c.objc; path = MJPropertyType.m; sourceTree = "<group>"; };
		F03B90D21F53B2EA0033A3B5 /* NSObject+MJClass.h */ = {isa = PBXFileReference; fileEncoding = 4; lastKnownFileType = sourcecode.c.h; path = "NSObject+MJClass.h"; sourceTree = "<group>"; };
		F03B90D31F53B2EA0033A3B5 /* NSObject+MJClass.m */ = {isa = PBXFileReference; fileEncoding = 4; lastKnownFileType = sourcecode.c.objc; path = "NSObject+MJClass.m"; sourceTree = "<group>"; };
		F03B90D41F53B2EA0033A3B5 /* NSObject+MJCoding.h */ = {isa = PBXFileReference; fileEncoding = 4; lastKnownFileType = sourcecode.c.h; path = "NSObject+MJCoding.h"; sourceTree = "<group>"; };
		F03B90D51F53B2EA0033A3B5 /* NSObject+MJCoding.m */ = {isa = PBXFileReference; fileEncoding = 4; lastKnownFileType = sourcecode.c.objc; path = "NSObject+MJCoding.m"; sourceTree = "<group>"; };
		F03B90D61F53B2EA0033A3B5 /* NSObject+MJKeyValue.h */ = {isa = PBXFileReference; fileEncoding = 4; lastKnownFileType = sourcecode.c.h; path = "NSObject+MJKeyValue.h"; sourceTree = "<group>"; };
		F03B90D71F53B2EA0033A3B5 /* NSObject+MJKeyValue.m */ = {isa = PBXFileReference; fileEncoding = 4; lastKnownFileType = sourcecode.c.objc; path = "NSObject+MJKeyValue.m"; sourceTree = "<group>"; };
		F03B90D81F53B2EA0033A3B5 /* NSObject+MJProperty.h */ = {isa = PBXFileReference; fileEncoding = 4; lastKnownFileType = sourcecode.c.h; path = "NSObject+MJProperty.h"; sourceTree = "<group>"; };
		F03B90D91F53B2EA0033A3B5 /* NSObject+MJProperty.m */ = {isa = PBXFileReference; fileEncoding = 4; lastKnownFileType = sourcecode.c.objc; path = "NSObject+MJProperty.m"; sourceTree = "<group>"; };
		F03B90DA1F53B2EA0033A3B5 /* NSString+MJExtension.h */ = {isa = PBXFileReference; fileEncoding = 4; lastKnownFileType = sourcecode.c.h; path = "NSString+MJExtension.h"; sourceTree = "<group>"; };
		F03B90DB1F53B2EA0033A3B5 /* NSString+MJExtension.m */ = {isa = PBXFileReference; fileEncoding = 4; lastKnownFileType = sourcecode.c.objc; path = "NSString+MJExtension.m"; sourceTree = "<group>"; };
		F0D68EBF1EBC532300EB7161 /* SYCaiPiao.app */ = {isa = PBXFileReference; explicitFileType = wrapper.application; includeInIndex = 0; path = SYCaiPiao.app; sourceTree = BUILT_PRODUCTS_DIR; };
		F0D68EC31EBC532300EB7161 /* main.m */ = {isa = PBXFileReference; lastKnownFileType = sourcecode.c.objc; path = main.m; sourceTree = "<group>"; };
		F0D68EC51EBC532300EB7161 /* AppDelegate.h */ = {isa = PBXFileReference; lastKnownFileType = sourcecode.c.h; path = AppDelegate.h; sourceTree = "<group>"; };
		F0D68EC61EBC532300EB7161 /* AppDelegate.m */ = {isa = PBXFileReference; lastKnownFileType = sourcecode.c.objc; path = AppDelegate.m; sourceTree = "<group>"; };
		F0D68ECC1EBC532300EB7161 /* Base */ = {isa = PBXFileReference; lastKnownFileType = file.storyboard; name = Base; path = Base.lproj/Main.storyboard; sourceTree = "<group>"; };
		F0D68ECE1EBC532300EB7161 /* Assets.xcassets */ = {isa = PBXFileReference; lastKnownFileType = folder.assetcatalog; path = Assets.xcassets; sourceTree = "<group>"; };
		F0D68ED11EBC532300EB7161 /* Base */ = {isa = PBXFileReference; lastKnownFileType = file.storyboard; name = Base; path = Base.lproj/LaunchScreen.storyboard; sourceTree = "<group>"; };
		F0D68ED31EBC532300EB7161 /* Info.plist */ = {isa = PBXFileReference; lastKnownFileType = text.plist.xml; path = Info.plist; sourceTree = "<group>"; };
		F0D68EE01EBC5D3B00EB7161 /* SYBaseViewController.h */ = {isa = PBXFileReference; fileEncoding = 4; lastKnownFileType = sourcecode.c.h; path = SYBaseViewController.h; sourceTree = "<group>"; };
		F0D68EE11EBC5D3B00EB7161 /* SYBaseViewController.m */ = {isa = PBXFileReference; fileEncoding = 4; lastKnownFileType = sourcecode.c.objc; path = SYBaseViewController.m; sourceTree = "<group>"; };
		F0D68EE21EBC5D3B00EB7161 /* SYNavgationViewController.h */ = {isa = PBXFileReference; fileEncoding = 4; lastKnownFileType = sourcecode.c.h; path = SYNavgationViewController.h; sourceTree = "<group>"; };
		F0D68EE31EBC5D3B00EB7161 /* SYNavgationViewController.m */ = {isa = PBXFileReference; fileEncoding = 4; lastKnownFileType = sourcecode.c.objc; path = SYNavgationViewController.m; sourceTree = "<group>"; };
		F0D68EE71EBC5D6100EB7161 /* SYHomeViewController.h */ = {isa = PBXFileReference; fileEncoding = 4; lastKnownFileType = sourcecode.c.h; path = SYHomeViewController.h; sourceTree = "<group>"; };
		F0D68EE81EBC5D6100EB7161 /* SYHomeViewController.m */ = {isa = PBXFileReference; fileEncoding = 4; lastKnownFileType = sourcecode.c.objc; path = SYHomeViewController.m; sourceTree = "<group>"; };
		F0D68EE91EBC5D6100EB7161 /* SYHomeViewController.xib */ = {isa = PBXFileReference; fileEncoding = 4; lastKnownFileType = file.xib; path = SYHomeViewController.xib; sourceTree = "<group>"; };
		F0D68EEC1EBC5D7000EB7161 /* SYBuyViewController.h */ = {isa = PBXFileReference; fileEncoding = 4; lastKnownFileType = sourcecode.c.h; path = SYBuyViewController.h; sourceTree = "<group>"; };
		F0D68EED1EBC5D7000EB7161 /* SYBuyViewController.m */ = {isa = PBXFileReference; fileEncoding = 4; lastKnownFileType = sourcecode.c.objc; path = SYBuyViewController.m; sourceTree = "<group>"; };
		F0D68EEE1EBC5D7000EB7161 /* SYBuyViewController.xib */ = {isa = PBXFileReference; fileEncoding = 4; lastKnownFileType = file.xib; path = SYBuyViewController.xib; sourceTree = "<group>"; };
		F0D68EF11EBC5D8B00EB7161 /* SYOpenRewardViewController.h */ = {isa = PBXFileReference; fileEncoding = 4; lastKnownFileType = sourcecode.c.h; path = SYOpenRewardViewController.h; sourceTree = "<group>"; };
		F0D68EF21EBC5D8B00EB7161 /* SYOpenRewardViewController.m */ = {isa = PBXFileReference; fileEncoding = 4; lastKnownFileType = sourcecode.c.objc; path = SYOpenRewardViewController.m; sourceTree = "<group>"; };
		F0D68EF31EBC5D8B00EB7161 /* SYOpenRewardViewController.xib */ = {isa = PBXFileReference; fileEncoding = 4; lastKnownFileType = file.xib; path = SYOpenRewardViewController.xib; sourceTree = "<group>"; };
		F0D68EF61EBC5DAD00EB7161 /* SYTrendViewController.h */ = {isa = PBXFileReference; fileEncoding = 4; lastKnownFileType = sourcecode.c.h; path = SYTrendViewController.h; sourceTree = "<group>"; };
		F0D68EF71EBC5DAD00EB7161 /* SYTrendViewController.m */ = {isa = PBXFileReference; fileEncoding = 4; lastKnownFileType = sourcecode.c.objc; path = SYTrendViewController.m; sourceTree = "<group>"; };
		F0D68EF81EBC5DAD00EB7161 /* SYTrendViewController.xib */ = {isa = PBXFileReference; fileEncoding = 4; lastKnownFileType = file.xib; path = SYTrendViewController.xib; sourceTree = "<group>"; };
		F0D68EFB1EBC5DBA00EB7161 /* SYMineViewController.h */ = {isa = PBXFileReference; fileEncoding = 4; lastKnownFileType = sourcecode.c.h; path = SYMineViewController.h; sourceTree = "<group>"; };
		F0D68EFC1EBC5DBA00EB7161 /* SYMineViewController.m */ = {isa = PBXFileReference; fileEncoding = 4; lastKnownFileType = sourcecode.c.objc; path = SYMineViewController.m; sourceTree = "<group>"; };
		F0D68EFD1EBC5DBA00EB7161 /* SYMineViewController.xib */ = {isa = PBXFileReference; fileEncoding = 4; lastKnownFileType = file.xib; path = SYMineViewController.xib; sourceTree = "<group>"; };
		F0D68F001EBC619E00EB7161 /* SYTabBarViewController.h */ = {isa = PBXFileReference; fileEncoding = 4; lastKnownFileType = sourcecode.c.h; path = SYTabBarViewController.h; sourceTree = "<group>"; };
		F0D68F011EBC619E00EB7161 /* SYTabBarViewController.m */ = {isa = PBXFileReference; fileEncoding = 4; lastKnownFileType = sourcecode.c.objc; path = SYTabBarViewController.m; sourceTree = "<group>"; };
/* End PBXFileReference section */

/* Begin PBXFrameworksBuildPhase section */
		F0D68EBC1EBC532300EB7161 /* Frameworks */ = {
			isa = PBXFrameworksBuildPhase;
			buildActionMask = 2147483647;
			files = (
				F0024AAE1EC055DD004DDF4C /* libsqlite3.tbd in Frameworks */,
			);
			runOnlyForDeploymentPostprocessing = 0;
		};
/* End PBXFrameworksBuildPhase section */

/* Begin PBXGroup section */
		F0024AAC1EC055DD004DDF4C /* Frameworks */ = {
			isa = PBXGroup;
			children = (
				F0024AAD1EC055DD004DDF4C /* libsqlite3.tbd */,
			);
			name = Frameworks;
			sourceTree = "<group>";
		};
		F0024AB11EC06819004DDF4C /* Models */ = {
			isa = PBXGroup;
			children = (
				F0024AB21EC06875004DDF4C /* SYCityModel.h */,
				F0024AB31EC06875004DDF4C /* SYCityModel.m */,
				F0024B151EC1C4EE004DDF4C /* SYHomeAdModel.h */,
				F0024B161EC1C4EE004DDF4C /* SYHomeAdModel.m */,
				F0024B181EC1C506004DDF4C /* SYHomeDataModel.h */,
				F0024B191EC1C506004DDF4C /* SYHomeDataModel.m */,
				F0024B681EC31D2E004DDF4C /* SYFindModel.h */,
				F0024B691EC31D2E004DDF4C /* SYFindModel.m */,
				F0024B111EC1C3DF004DDF4C /* HomeList.plist */,
				F0024B131EC1C49F004DDF4C /* AdList.plist */,
				F0024B6B1EC31F32004DDF4C /* Find.plist */,
			);
			path = Models;
			sourceTree = "<group>";
		};
		F0024ADD1EC1B5C4004DDF4C /* Vender */ = {
			isa = PBXGroup;
			children = (
				F03B90C61F53B2EA0033A3B5 /* MJExtension */,
				F0024B1B1EC29EE6004DDF4C /* SDWebImage */,
				F0024B0D1EC1B622004DDF4C /* SYNetworkTool */,
				F0024ADE1EC1B5C4004DDF4C /* AFNetworking */,
				F0024AEC1EC1B5C4004DDF4C /* fmdb */,
				F0024AF81EC1B5C4004DDF4C /* SYCategory */,
			);
			path = Vender;
			sourceTree = "<group>";
		};
		F0024ADE1EC1B5C4004DDF4C /* AFNetworking */ = {
			isa = PBXGroup;
			children = (
				F0024ADF1EC1B5C4004DDF4C /* AFHTTPSessionManager.h */,
				F0024AE01EC1B5C4004DDF4C /* AFHTTPSessionManager.m */,
				F0024AE11EC1B5C4004DDF4C /* AFNetworking.h */,
				F0024AE21EC1B5C4004DDF4C /* AFNetworkReachabilityManager.h */,
				F0024AE31EC1B5C4004DDF4C /* AFNetworkReachabilityManager.m */,
				F0024AE41EC1B5C4004DDF4C /* AFSecurityPolicy.h */,
				F0024AE51EC1B5C4004DDF4C /* AFSecurityPolicy.m */,
				F0024AE61EC1B5C4004DDF4C /* AFURLRequestSerialization.h */,
				F0024AE71EC1B5C4004DDF4C /* AFURLRequestSerialization.m */,
				F0024AE81EC1B5C4004DDF4C /* AFURLResponseSerialization.h */,
				F0024AE91EC1B5C4004DDF4C /* AFURLResponseSerialization.m */,
				F0024AEA1EC1B5C4004DDF4C /* AFURLSessionManager.h */,
				F0024AEB1EC1B5C4004DDF4C /* AFURLSessionManager.m */,
			);
			path = AFNetworking;
			sourceTree = "<group>";
		};
		F0024AEC1EC1B5C4004DDF4C /* fmdb */ = {
			isa = PBXGroup;
			children = (
				F0024AED1EC1B5C4004DDF4C /* FMDatabase.h */,
				F0024AEE1EC1B5C4004DDF4C /* FMDatabase.m */,
				F0024AEF1EC1B5C4004DDF4C /* FMDatabaseAdditions.h */,
				F0024AF01EC1B5C4004DDF4C /* FMDatabaseAdditions.m */,
				F0024AF11EC1B5C4004DDF4C /* FMDatabasePool.h */,
				F0024AF21EC1B5C4004DDF4C /* FMDatabasePool.m */,
				F0024AF31EC1B5C4004DDF4C /* FMDatabaseQueue.h */,
				F0024AF41EC1B5C4004DDF4C /* FMDatabaseQueue.m */,
				F0024AF51EC1B5C4004DDF4C /* FMDB.h */,
				F0024AF61EC1B5C4004DDF4C /* FMResultSet.h */,
				F0024AF71EC1B5C4004DDF4C /* FMResultSet.m */,
			);
			path = fmdb;
			sourceTree = "<group>";
		};
		F0024AF81EC1B5C4004DDF4C /* SYCategory */ = {
			isa = PBXGroup;
			children = (
				F0024B5D1EC2A727004DDF4C /* UIView+SYExtension.h */,
				F0024B5E1EC2A727004DDF4C /* UIView+SYExtension.m */,
				F0024AFB1EC1B5C4004DDF4C /* SYAttributedStringModel.h */,
				F0024AFC1EC1B5C4004DDF4C /* SYAttributedStringModel.m */,
				F0024AFD1EC1B5C4004DDF4C /* UIColor+SYExtension.h */,
				F0024AFE1EC1B5C4004DDF4C /* UIColor+SYExtension.m */,
			);
			path = SYCategory;
			sourceTree = "<group>";
		};
		F0024B0D1EC1B622004DDF4C /* SYNetworkTool */ = {
			isa = PBXGroup;
			children = (
				F0024B0E1EC1B634004DDF4C /* SYNetworkManager.h */,
				F0024B0F1EC1B634004DDF4C /* SYNetworkManager.m */,
			);
			path = SYNetworkTool;
			sourceTree = "<group>";
		};
		F0024B1B1EC29EE6004DDF4C /* SDWebImage */ = {
			isa = PBXGroup;
			children = (
				F0024B1C1EC29EE6004DDF4C /* FLAnimatedImage */,
				F0024B1D1EC29EE6004DDF4C /* MKAnnotationView+WebCache.h */,
				F0024B1E1EC29EE6004DDF4C /* MKAnnotationView+WebCache.m */,
				F0024B1F1EC29EE6004DDF4C /* NSData+ImageContentType.h */,
				F0024B201EC29EE6004DDF4C /* NSData+ImageContentType.m */,
				F0024B211EC29EE6004DDF4C /* NSImage+WebCache.h */,
				F0024B221EC29EE6004DDF4C /* NSImage+WebCache.m */,
				F0024B231EC29EE6004DDF4C /* SDImageCache.h */,
				F0024B241EC29EE6004DDF4C /* SDImageCache.m */,
				F0024B251EC29EE6004DDF4C /* SDImageCacheConfig.h */,
				F0024B261EC29EE6004DDF4C /* SDImageCacheConfig.m */,
				F0024B271EC29EE6004DDF4C /* SDWebImageCompat.h */,
				F0024B281EC29EE6004DDF4C /* SDWebImageCompat.m */,
				F0024B291EC29EE6004DDF4C /* SDWebImageDecoder.h */,
				F0024B2A1EC29EE6004DDF4C /* SDWebImageDecoder.m */,
				F0024B2B1EC29EE6004DDF4C /* SDWebImageDownloader.h */,
				F0024B2C1EC29EE6004DDF4C /* SDWebImageDownloader.m */,
				F0024B2D1EC29EE6004DDF4C /* SDWebImageDownloaderOperation.h */,
				F0024B2E1EC29EE6004DDF4C /* SDWebImageDownloaderOperation.m */,
				F0024B2F1EC29EE6004DDF4C /* SDWebImageManager.h */,
				F0024B301EC29EE6004DDF4C /* SDWebImageManager.m */,
				F0024B311EC29EE6004DDF4C /* SDWebImageOperation.h */,
				F0024B321EC29EE6004DDF4C /* SDWebImagePrefetcher.h */,
				F0024B331EC29EE6004DDF4C /* SDWebImagePrefetcher.m */,
				F0024B341EC29EE6004DDF4C /* UIButton+WebCache.h */,
				F0024B351EC29EE6004DDF4C /* UIButton+WebCache.m */,
				F0024B361EC29EE6004DDF4C /* UIImage+GIF.h */,
				F0024B371EC29EE6004DDF4C /* UIImage+GIF.m */,
				F0024B381EC29EE6004DDF4C /* UIImage+MultiFormat.h */,
				F0024B391EC29EE6004DDF4C /* UIImage+MultiFormat.m */,
				F0024B3A1EC29EE6004DDF4C /* UIImage+WebP.h */,
				F0024B3B1EC29EE6004DDF4C /* UIImage+WebP.m */,
				F0024B3C1EC29EE6004DDF4C /* UIImageView+HighlightedWebCache.h */,
				F0024B3D1EC29EE6004DDF4C /* UIImageView+HighlightedWebCache.m */,
				F0024B3E1EC29EE6004DDF4C /* UIImageView+WebCache.h */,
				F0024B3F1EC29EE6004DDF4C /* UIImageView+WebCache.m */,
				F0024B401EC29EE6004DDF4C /* UIView+WebCache.h */,
				F0024B411EC29EE6004DDF4C /* UIView+WebCache.m */,
				F0024B421EC29EE6004DDF4C /* UIView+WebCacheOperation.h */,
				F0024B431EC29EE6004DDF4C /* UIView+WebCacheOperation.m */,
			);
			path = SDWebImage;
			sourceTree = "<group>";
		};
		F0024B1C1EC29EE6004DDF4C /* FLAnimatedImage */ = {
			isa = PBXGroup;
			children = (
			);
			path = FLAnimatedImage;
			sourceTree = "<group>";
		};
		F0024B571EC29F31004DDF4C /* views */ = {
			isa = PBXGroup;
			children = (
				F0024B581EC2A122004DDF4C /* SYHomeCell.h */,
				F0024B591EC2A122004DDF4C /* SYHomeCell.m */,
				F0024B5A1EC2A122004DDF4C /* SYHomeCell.xib */,
				F0024B651EC2E0E9004DDF4C /* SYCarouselView.h */,
				F0024B661EC2E0E9004DDF4C /* SYCarouselView.m */,
				F0024B6D1EC32028004DDF4C /* SYFindCell.h */,
				F0024B6E1EC32028004DDF4C /* SYFindCell.m */,
				F0024B6F1EC32028004DDF4C /* SYFindCell.xib */,
			);
			path = views;
			sourceTree = "<group>";
		};
		F03B90C61F53B2EA0033A3B5 /* MJExtension */ = {
			isa = PBXGroup;
			children = (
				F03B90C71F53B2EA0033A3B5 /* MJExtension.h */,
				F03B90C81F53B2EA0033A3B5 /* MJExtensionConst.h */,
				F03B90C91F53B2EA0033A3B5 /* MJExtensionConst.m */,
				F03B90CA1F53B2EA0033A3B5 /* MJFoundation.h */,
				F03B90CB1F53B2EA0033A3B5 /* MJFoundation.m */,
				F03B90CC1F53B2EA0033A3B5 /* MJProperty.h */,
				F03B90CD1F53B2EA0033A3B5 /* MJProperty.m */,
				F03B90CE1F53B2EA0033A3B5 /* MJPropertyKey.h */,
				F03B90CF1F53B2EA0033A3B5 /* MJPropertyKey.m */,
				F03B90D01F53B2EA0033A3B5 /* MJPropertyType.h */,
				F03B90D11F53B2EA0033A3B5 /* MJPropertyType.m */,
				F03B90D21F53B2EA0033A3B5 /* NSObject+MJClass.h */,
				F03B90D31F53B2EA0033A3B5 /* NSObject+MJClass.m */,
				F03B90D41F53B2EA0033A3B5 /* NSObject+MJCoding.h */,
				F03B90D51F53B2EA0033A3B5 /* NSObject+MJCoding.m */,
				F03B90D61F53B2EA0033A3B5 /* NSObject+MJKeyValue.h */,
				F03B90D71F53B2EA0033A3B5 /* NSObject+MJKeyValue.m */,
				F03B90D81F53B2EA0033A3B5 /* NSObject+MJProperty.h */,
				F03B90D91F53B2EA0033A3B5 /* NSObject+MJProperty.m */,
				F03B90DA1F53B2EA0033A3B5 /* NSString+MJExtension.h */,
				F03B90DB1F53B2EA0033A3B5 /* NSString+MJExtension.m */,
			);
			path = MJExtension;
			sourceTree = "<group>";
		};
		F0D68EB61EBC532300EB7161 = {
			isa = PBXGroup;
			children = (
				F0D68EC11EBC532300EB7161 /* SYCaiPiao */,
				F0D68EC01EBC532300EB7161 /* Products */,
				F0024AAC1EC055DD004DDF4C /* Frameworks */,
			);
			sourceTree = "<group>";
		};
		F0D68EC01EBC532300EB7161 /* Products */ = {
			isa = PBXGroup;
			children = (
				F0D68EBF1EBC532300EB7161 /* SYCaiPiao.app */,
			);
			name = Products;
			sourceTree = "<group>";
		};
		F0D68EC11EBC532300EB7161 /* SYCaiPiao */ = {
			isa = PBXGroup;
			children = (
				F0D68EDF1EBC5D3B00EB7161 /* SYBaseVC */,
				F0D68EE41EBC5D3B00EB7161 /* SYMainClass */,
				F0024AB11EC06819004DDF4C /* Models */,
				F0024ADD1EC1B5C4004DDF4C /* Vender */,
				F0D68EC51EBC532300EB7161 /* AppDelegate.h */,
				F0D68EC61EBC532300EB7161 /* AppDelegate.m */,
				F0D68ECB1EBC532300EB7161 /* Main.storyboard */,
				F0D68ECE1EBC532300EB7161 /* Assets.xcassets */,
				F0D68ED01EBC532300EB7161 /* LaunchScreen.storyboard */,
				F0D68ED31EBC532300EB7161 /* Info.plist */,
				F0D68EC21EBC532300EB7161 /* Supporting Files */,
			);
			path = SYCaiPiao;
			sourceTree = "<group>";
		};
		F0D68EC21EBC532300EB7161 /* Supporting Files */ = {
			isa = PBXGroup;
			children = (
				F0024AAF1EC06638004DDF4C /* citys.plist */,
				F0024AAA1EC05385004DDF4C /* areas.db */,
				F0D68EC31EBC532300EB7161 /* main.m */,
				F0024A921EC01236004DDF4C /* PrefixHeader.pch */,
			);
			name = "Supporting Files";
			sourceTree = "<group>";
		};
		F0D68EDF1EBC5D3B00EB7161 /* SYBaseVC */ = {
			isa = PBXGroup;
			children = (
				F0D68EE01EBC5D3B00EB7161 /* SYBaseViewController.h */,
				F0D68EE11EBC5D3B00EB7161 /* SYBaseViewController.m */,
				F0D68EE21EBC5D3B00EB7161 /* SYNavgationViewController.h */,
				F0D68EE31EBC5D3B00EB7161 /* SYNavgationViewController.m */,
				F0D68F001EBC619E00EB7161 /* SYTabBarViewController.h */,
				F0D68F011EBC619E00EB7161 /* SYTabBarViewController.m */,
				F0024A951EC04631004DDF4C /* SYViewControllerData.plist */,
			);
			path = SYBaseVC;
			sourceTree = "<group>";
		};
		F0D68EE41EBC5D3B00EB7161 /* SYMainClass */ = {
			isa = PBXGroup;
			children = (
				F0024B571EC29F31004DDF4C /* views */,
				F0D68EE71EBC5D6100EB7161 /* SYHomeViewController.h */,
				F0D68EE81EBC5D6100EB7161 /* SYHomeViewController.m */,
				F0D68EE91EBC5D6100EB7161 /* SYHomeViewController.xib */,
				F0D68EEC1EBC5D7000EB7161 /* SYBuyViewController.h */,
				F0D68EED1EBC5D7000EB7161 /* SYBuyViewController.m */,
				F0D68EEE1EBC5D7000EB7161 /* SYBuyViewController.xib */,
				F0D68EF11EBC5D8B00EB7161 /* SYOpenRewardViewController.h */,
				F0D68EF21EBC5D8B00EB7161 /* SYOpenRewardViewController.m */,
				F0D68EF31EBC5D8B00EB7161 /* SYOpenRewardViewController.xib */,
				F0D68EF61EBC5DAD00EB7161 /* SYTrendViewController.h */,
				F0D68EF71EBC5DAD00EB7161 /* SYTrendViewController.m */,
				F0D68EF81EBC5DAD00EB7161 /* SYTrendViewController.xib */,
				F0D68EFB1EBC5DBA00EB7161 /* SYMineViewController.h */,
				F0D68EFC1EBC5DBA00EB7161 /* SYMineViewController.m */,
				F0D68EFD1EBC5DBA00EB7161 /* SYMineViewController.xib */,
				F0024B601EC2AF93004DDF4C /* SYWebViewController.h */,
				F0024B611EC2AF93004DDF4C /* SYWebViewController.m */,
				F0024B621EC2AF93004DDF4C /* SYWebViewController.xib */,
			);
			path = SYMainClass;
			sourceTree = "<group>";
		};
/* End PBXGroup section */

/* Begin PBXNativeTarget section */
		F0D68EBE1EBC532300EB7161 /* SYCaiPiao */ = {
			isa = PBXNativeTarget;
			buildConfigurationList = F0D68ED61EBC532300EB7161 /* Build configuration list for PBXNativeTarget "SYCaiPiao" */;
			buildPhases = (
				F0D68EBB1EBC532300EB7161 /* Sources */,
				F0D68EBC1EBC532300EB7161 /* Frameworks */,
				F0D68EBD1EBC532300EB7161 /* Resources */,
			);
			buildRules = (
			);
			dependencies = (
			);
			name = SYCaiPiao;
			productName = SYCaiPiao;
			productReference = F0D68EBF1EBC532300EB7161 /* SYCaiPiao.app */;
			productType = "com.apple.product-type.application";
		};
/* End PBXNativeTarget section */

/* Begin PBXProject section */
		F0D68EB71EBC532300EB7161 /* Project object */ = {
			isa = PBXProject;
			attributes = {
				CLASSPREFIX = SY;
				LastUpgradeCheck = 0820;
				ORGANIZATIONNAME = tsy;
				TargetAttributes = {
					F0D68EBE1EBC532300EB7161 = {
						CreatedOnToolsVersion = 8.2.1;
						DevelopmentTeam = 5Z3XUN2VRQ;
						ProvisioningStyle = Automatic;
					};
				};
			};
			buildConfigurationList = F0D68EBA1EBC532300EB7161 /* Build configuration list for PBXProject "SYCaiPiao" */;
			compatibilityVersion = "Xcode 3.2";
			developmentRegion = English;
			hasScannedForEncodings = 0;
			knownRegions = (
				en,
				Base,
			);
			mainGroup = F0D68EB61EBC532300EB7161;
			productRefGroup = F0D68EC01EBC532300EB7161 /* Products */;
			projectDirPath = "";
			projectRoot = "";
			targets = (
				F0D68EBE1EBC532300EB7161 /* SYCaiPiao */,
			);
		};
/* End PBXProject section */

/* Begin PBXResourcesBuildPhase section */
		F0D68EBD1EBC532300EB7161 /* Resources */ = {
			isa = PBXResourcesBuildPhase;
			buildActionMask = 2147483647;
			files = (
				F0024B641EC2AF93004DDF4C /* SYWebViewController.xib in Resources */,
				F0024B141EC1C49F004DDF4C /* AdList.plist in Resources */,
				F0D68ED21EBC532300EB7161 /* LaunchScreen.storyboard in Resources */,
				F0D68EF51EBC5D8B00EB7161 /* SYOpenRewardViewController.xib in Resources */,
				F0024AAB1EC05385004DDF4C /* areas.db in Resources */,
				F0024B6C1EC31F32004DDF4C /* Find.plist in Resources */,
				F0D68EEB1EBC5D6100EB7161 /* SYHomeViewController.xib in Resources */,
				F0D68ECF1EBC532300EB7161 /* Assets.xcassets in Resources */,
				F0024B5C1EC2A122004DDF4C /* SYHomeCell.xib in Resources */,
				F0024B121EC1C3DF004DDF4C /* HomeList.plist in Resources */,
				F0D68EFA1EBC5DAD00EB7161 /* SYTrendViewController.xib in Resources */,
				F0024A961EC04631004DDF4C /* SYViewControllerData.plist in Resources */,
				F0D68EFF1EBC5DBA00EB7161 /* SYMineViewController.xib in Resources */,
				F0024B711EC32028004DDF4C /* SYFindCell.xib in Resources */,
				F0D68EF01EBC5D7000EB7161 /* SYBuyViewController.xib in Resources */,
				F0024AB01EC06638004DDF4C /* citys.plist in Resources */,
				F0D68ECD1EBC532300EB7161 /* Main.storyboard in Resources */,
			);
			runOnlyForDeploymentPostprocessing = 0;
		};
/* End PBXResourcesBuildPhase section */

/* Begin PBXSourcesBuildPhase section */
		F0D68EBB1EBC532300EB7161 /* Sources */ = {
			isa = PBXSourcesBuildPhase;
			buildActionMask = 2147483647;
			files = (
				F0024B041EC1B5C4004DDF4C /* AFURLSessionManager.m in Sources */,
				F0024B011EC1B5C4004DDF4C /* AFSecurityPolicy.m in Sources */,
				F0024B561EC29EE6004DDF4C /* UIView+WebCacheOperation.m in Sources */,
				F0024AB41EC06875004DDF4C /* SYCityModel.m in Sources */,
				F0024B4E1EC29EE6004DDF4C /* SDWebImagePrefetcher.m in Sources */,
				F0024B051EC1B5C4004DDF4C /* FMDatabase.m in Sources */,
				F0024B4C1EC29EE6004DDF4C /* SDWebImageDownloaderOperation.m in Sources */,
				F03B90E11F53B2EA0033A3B5 /* NSObject+MJClass.m in Sources */,
				F0024B701EC32028004DDF4C /* SYFindCell.m in Sources */,
				F0024B531EC29EE6004DDF4C /* UIImageView+HighlightedWebCache.m in Sources */,
				F0024B1A1EC1C506004DDF4C /* SYHomeDataModel.m in Sources */,
				F03B90DC1F53B2EA0033A3B5 /* MJExtensionConst.m in Sources */,
				F0024B001EC1B5C4004DDF4C /* AFNetworkReachabilityManager.m in Sources */,
				F0D68F021EBC619E00EB7161 /* SYTabBarViewController.m in Sources */,
				F0024B551EC29EE6004DDF4C /* UIView+WebCache.m in Sources */,
				F0024B5B1EC2A122004DDF4C /* SYHomeCell.m in Sources */,
				F0024B671EC2E0E9004DDF4C /* SYCarouselView.m in Sources */,
				F03B90E51F53B2EA0033A3B5 /* NSString+MJExtension.m in Sources */,
				F0024B521EC29EE6004DDF4C /* UIImage+WebP.m in Sources */,
				F0024B4A1EC29EE6004DDF4C /* SDWebImageDecoder.m in Sources */,
				F0024B511EC29EE6004DDF4C /* UIImage+MultiFormat.m in Sources */,
				F0D68EE61EBC5D3B00EB7161 /* SYNavgationViewController.m in Sources */,
				F0024AFF1EC1B5C4004DDF4C /* AFHTTPSessionManager.m in Sources */,
				F0024B0B1EC1B5C4004DDF4C /* SYAttributedStringModel.m in Sources */,
				F0024B451EC29EE6004DDF4C /* NSData+ImageContentType.m in Sources */,
				F03B90DD1F53B2EA0033A3B5 /* MJFoundation.m in Sources */,
				F0024B491EC29EE6004DDF4C /* SDWebImageCompat.m in Sources */,
				F0024B091EC1B5C4004DDF4C /* FMResultSet.m in Sources */,
				F0024B501EC29EE6004DDF4C /* UIImage+GIF.m in Sources */,
				F0024B4D1EC29EE6004DDF4C /* SDWebImageManager.m in Sources */,
				F0D68EF41EBC5D8B00EB7161 /* SYOpenRewardViewController.m in Sources */,
				F0024B171EC1C4EE004DDF4C /* SYHomeAdModel.m in Sources */,
				F0024B631EC2AF93004DDF4C /* SYWebViewController.m in Sources */,
				F0024B461EC29EE6004DDF4C /* NSImage+WebCache.m in Sources */,
				F0024B0C1EC1B5C4004DDF4C /* UIColor+SYExtension.m in Sources */,
				F0D68EF91EBC5DAD00EB7161 /* SYTrendViewController.m in Sources */,
				F0D68EEA1EBC5D6100EB7161 /* SYHomeViewController.m in Sources */,
				F0D68EFE1EBC5DBA00EB7161 /* SYMineViewController.m in Sources */,
				F0D68EC71EBC532300EB7161 /* AppDelegate.m in Sources */,
				F0024B441EC29EE6004DDF4C /* MKAnnotationView+WebCache.m in Sources */,
				F0024B481EC29EE6004DDF4C /* SDImageCacheConfig.m in Sources */,
				F0024B541EC29EE6004DDF4C /* UIImageView+WebCache.m in Sources */,
				F03B90E31F53B2EA0033A3B5 /* NSObject+MJKeyValue.m in Sources */,
				F0D68EEF1EBC5D7000EB7161 /* SYBuyViewController.m in Sources */,
				F0024B471EC29EE6004DDF4C /* SDImageCache.m in Sources */,
				F03B90E41F53B2EA0033A3B5 /* NSObject+MJProperty.m in Sources */,
				F03B90E21F53B2EA0033A3B5 /* NSObject+MJCoding.m in Sources */,
				F0024B101EC1B634004DDF4C /* SYNetworkManager.m in Sources */,
				F0024B4B1EC29EE6004DDF4C /* SDWebImageDownloader.m in Sources */,
				F03B90E01F53B2EA0033A3B5 /* MJPropertyType.m in Sources */,
				F0024B021EC1B5C4004DDF4C /* AFURLRequestSerialization.m in Sources */,
				F03B90DF1F53B2EA0033A3B5 /* MJPropertyKey.m in Sources */,
				F0024B061EC1B5C4004DDF4C /* FMDatabaseAdditions.m in Sources */,
				F0D68EC41EBC532300EB7161 /* main.m in Sources */,
				F0024B081EC1B5C4004DDF4C /* FMDatabaseQueue.m in Sources */,
				F0024B071EC1B5C4004DDF4C /* FMDatabasePool.m in Sources */,
				F0024B5F1EC2A727004DDF4C /* UIView+SYExtension.m in Sources */,
				F03B90DE1F53B2EA0033A3B5 /* MJProperty.m in Sources */,
				F0024B4F1EC29EE6004DDF4C /* UIButton+WebCache.m in Sources */,
				F0024B031EC1B5C4004DDF4C /* AFURLResponseSerialization.m in Sources */,
				F0024B6A1EC31D2E004DDF4C /* SYFindModel.m in Sources */,
				F0D68EE51EBC5D3B00EB7161 /* SYBaseViewController.m in Sources */,
			);
			runOnlyForDeploymentPostprocessing = 0;
		};
/* End PBXSourcesBuildPhase section */

/* Begin PBXVariantGroup section */
		F0D68ECB1EBC532300EB7161 /* Main.storyboard */ = {
			isa = PBXVariantGroup;
			children = (
				F0D68ECC1EBC532300EB7161 /* Base */,
			);
			name = Main.storyboard;
			sourceTree = "<group>";
		};
		F0D68ED01EBC532300EB7161 /* LaunchScreen.storyboard */ = {
			isa = PBXVariantGroup;
			children = (
				F0D68ED11EBC532300EB7161 /* Base */,
			);
			name = LaunchScreen.storyboard;
			sourceTree = "<group>";
		};
/* End PBXVariantGroup section */

/* Begin XCBuildConfiguration section */
		F0D68ED41EBC532300EB7161 /* Debug */ = {
			isa = XCBuildConfiguration;
			buildSettings = {
				ALWAYS_SEARCH_USER_PATHS = NO;
				CLANG_ANALYZER_NONNULL = YES;
				CLANG_CXX_LANGUAGE_STANDARD = "gnu++0x";
				CLANG_CXX_LIBRARY = "libc++";
				CLANG_ENABLE_MODULES = YES;
				CLANG_ENABLE_OBJC_ARC = YES;
				CLANG_WARN_BOOL_CONVERSION = YES;
				CLANG_WARN_CONSTANT_CONVERSION = YES;
				CLANG_WARN_DIRECT_OBJC_ISA_USAGE = YES_ERROR;
				CLANG_WARN_DOCUMENTATION_COMMENTS = YES;
				CLANG_WARN_EMPTY_BODY = YES;
				CLANG_WARN_ENUM_CONVERSION = YES;
				CLANG_WARN_INFINITE_RECURSION = YES;
				CLANG_WARN_INT_CONVERSION = YES;
				CLANG_WARN_OBJC_ROOT_CLASS = YES_ERROR;
				CLANG_WARN_SUSPICIOUS_MOVE = YES;
				CLANG_WARN_UNREACHABLE_CODE = YES;
				CLANG_WARN__DUPLICATE_METHOD_MATCH = YES;
				"CODE_SIGN_IDENTITY[sdk=iphoneos*]" = "iPhone Developer";
				COPY_PHASE_STRIP = NO;
				DEBUG_INFORMATION_FORMAT = dwarf;
				ENABLE_STRICT_OBJC_MSGSEND = YES;
				ENABLE_TESTABILITY = YES;
				GCC_C_LANGUAGE_STANDARD = gnu99;
				GCC_DYNAMIC_NO_PIC = NO;
				GCC_NO_COMMON_BLOCKS = YES;
				GCC_OPTIMIZATION_LEVEL = 0;
				GCC_PREPROCESSOR_DEFINITIONS = (
					"DEBUG=1",
					"$(inherited)",
				);
				GCC_WARN_64_TO_32_BIT_CONVERSION = YES;
				GCC_WARN_ABOUT_RETURN_TYPE = YES_ERROR;
				GCC_WARN_UNDECLARED_SELECTOR = YES;
				GCC_WARN_UNINITIALIZED_AUTOS = YES_AGGRESSIVE;
				GCC_WARN_UNUSED_FUNCTION = YES;
				GCC_WARN_UNUSED_VARIABLE = YES;
				IPHONEOS_DEPLOYMENT_TARGET = 10.2;
				MTL_ENABLE_DEBUG_INFO = YES;
				ONLY_ACTIVE_ARCH = YES;
				SDKROOT = iphoneos;
			};
			name = Debug;
		};
		F0D68ED51EBC532300EB7161 /* Release */ = {
			isa = XCBuildConfiguration;
			buildSettings = {
				ALWAYS_SEARCH_USER_PATHS = NO;
				CLANG_ANALYZER_NONNULL = YES;
				CLANG_CXX_LANGUAGE_STANDARD = "gnu++0x";
				CLANG_CXX_LIBRARY = "libc++";
				CLANG_ENABLE_MODULES = YES;
				CLANG_ENABLE_OBJC_ARC = YES;
				CLANG_WARN_BOOL_CONVERSION = YES;
				CLANG_WARN_CONSTANT_CONVERSION = YES;
				CLANG_WARN_DIRECT_OBJC_ISA_USAGE = YES_ERROR;
				CLANG_WARN_DOCUMENTATION_COMMENTS = YES;
				CLANG_WARN_EMPTY_BODY = YES;
				CLANG_WARN_ENUM_CONVERSION = YES;
				CLANG_WARN_INFINITE_RECURSION = YES;
				CLANG_WARN_INT_CONVERSION = YES;
				CLANG_WARN_OBJC_ROOT_CLASS = YES_ERROR;
				CLANG_WARN_SUSPICIOUS_MOVE = YES;
				CLANG_WARN_UNREACHABLE_CODE = YES;
				CLANG_WARN__DUPLICATE_METHOD_MATCH = YES;
				"CODE_SIGN_IDENTITY[sdk=iphoneos*]" = "iPhone Developer";
				COPY_PHASE_STRIP = NO;
				DEBUG_INFORMATION_FORMAT = "dwarf-with-dsym";
				ENABLE_NS_ASSERTIONS = NO;
				ENABLE_STRICT_OBJC_MSGSEND = YES;
				GCC_C_LANGUAGE_STANDARD = gnu99;
				GCC_NO_COMMON_BLOCKS = YES;
				GCC_WARN_64_TO_32_BIT_CONVERSION = YES;
				GCC_WARN_ABOUT_RETURN_TYPE = YES_ERROR;
				GCC_WARN_UNDECLARED_SELECTOR = YES;
				GCC_WARN_UNINITIALIZED_AUTOS = YES_AGGRESSIVE;
				GCC_WARN_UNUSED_FUNCTION = YES;
				GCC_WARN_UNUSED_VARIABLE = YES;
				IPHONEOS_DEPLOYMENT_TARGET = 10.2;
				MTL_ENABLE_DEBUG_INFO = NO;
				SDKROOT = iphoneos;
				VALIDATE_PRODUCT = YES;
			};
			name = Release;
		};
		F0D68ED71EBC532300EB7161 /* Debug */ = {
			isa = XCBuildConfiguration;
			buildSettings = {
				ASSETCATALOG_COMPILER_APPICON_NAME = AppIcon;
				ASSETCATALOG_COMPILER_LAUNCHIMAGE_NAME = LaunchImage;
				DEVELOPMENT_TEAM = 5Z3XUN2VRQ;
				GCC_PRECOMPILE_PREFIX_HEADER = YES;
				GCC_PREFIX_HEADER = "$(SRCROOT)/SYCaiPiao/PrefixHeader.pch";
				INFOPLIST_FILE = SYCaiPiao/Info.plist;
				LD_RUNPATH_SEARCH_PATHS = "$(inherited) @executable_path/Frameworks";
				PRODUCT_BUNDLE_IDENTIFIER = sy.team.SYCaiPiao;
				PRODUCT_NAME = "$(TARGET_NAME)";
			};
			name = Debug;
		};
		F0D68ED81EBC532300EB7161 /* Release */ = {
			isa = XCBuildConfiguration;
			buildSettings = {
				ASSETCATALOG_COMPILER_APPICON_NAME = AppIcon;
				ASSETCATALOG_COMPILER_LAUNCHIMAGE_NAME = LaunchImage;
				DEVELOPMENT_TEAM = 5Z3XUN2VRQ;
				GCC_PRECOMPILE_PREFIX_HEADER = YES;
				GCC_PREFIX_HEADER = "$(SRCROOT)/SYCaiPiao/PrefixHeader.pch";
				INFOPLIST_FILE = SYCaiPiao/Info.plist;
				LD_RUNPATH_SEARCH_PATHS = "$(inherited) @executable_path/Frameworks";
				PRODUCT_BUNDLE_IDENTIFIER = sy.team.SYCaiPiao;
				PRODUCT_NAME = "$(TARGET_NAME)";
			};
			name = Release;
		};
/* End XCBuildConfiguration section */

/* Begin XCConfigurationList section */
		F0D68EBA1EBC532300EB7161 /* Build configuration list for PBXProject "SYCaiPiao" */ = {
			isa = XCConfigurationList;
			buildConfigurations = (
				F0D68ED41EBC532300EB7161 /* Debug */,
				F0D68ED51EBC532300EB7161 /* Release */,
			);
			defaultConfigurationIsVisible = 0;
			defaultConfigurationName = Release;
		};
		F0D68ED61EBC532300EB7161 /* Build configuration list for PBXNativeTarget "SYCaiPiao" */ = {
			isa = XCConfigurationList;
			buildConfigurations = (
				F0D68ED71EBC532300EB7161 /* Debug */,
				F0D68ED81EBC532300EB7161 /* Release */,
			);
			defaultConfigurationIsVisible = 0;
			defaultConfigurationName = Release;
		};
/* End XCConfigurationList section */
	};
	rootObject = F0D68EB71EBC532300EB7161 /* Project object */;
}
