// !$*UTF8*$!
{
	archiveVersion = 1;
	classes = {
	};
	objectVersion = 46;
	objects = {

/* Begin PBXBuildFile section */
		F03C92C91E5AF0F500D0D0D7 /* main.m in Sources */ = {isa = PBXBuildFile; fileRef = F03C92C81E5AF0F500D0D0D7 /* main.m */; };
		F03C92CC1E5AF0F500D0D0D7 /* AppDelegate.m in Sources */ = {isa = PBXBuildFile; fileRef = F03C92CB1E5AF0F500D0D0D7 /* AppDelegate.m */; };
		F03C92CF1E5AF0F500D0D0D7 /* ViewController.m in Sources */ = {isa = PBXBuildFile; fileRef = F03C92CE1E5AF0F500D0D0D7 /* ViewController.m */; };
		F03C92D21E5AF0F500D0D0D7 /* Main.storyboard in Resources */ = {isa = PBXBuildFile; fileRef = F03C92D01E5AF0F500D0D0D7 /* Main.storyboard */; };
		F03C92D41E5AF0F500D0D0D7 /* Assets.xcassets in Resources */ = {isa = PBXBuildFile; fileRef = F03C92D31E5AF0F500D0D0D7 /* Assets.xcassets */; };
		F03C92D71E5AF0F500D0D0D7 /* LaunchScreen.storyboard in Resources */ = {isa = PBXBuildFile; fileRef = F03C92D51E5AF0F500D0D0D7 /* LaunchScreen.storyboard */; };
		F03C92E11E5AF63A00D0D0D7 /* SYHomeCell.m in Sources */ = {isa = PBXBuildFile; fileRef = F03C92DF1E5AF63A00D0D0D7 /* SYHomeCell.m */; };
		F03C92E21E5AF63A00D0D0D7 /* SYHomeCell.xib in Resources */ = {isa = PBXBuildFile; fileRef = F03C92E01E5AF63A00D0D0D7 /* SYHomeCell.xib */; };
		F03C92E51E5AF6BB00D0D0D7 /* UIColor+SYExtension.m in Sources */ = {isa = PBXBuildFile; fileRef = F03C92E41E5AF6BB00D0D0D7 /* UIColor+SYExtension.m */; };
		F03C92E81E5AF6FD00D0D0D7 /* UIView+SYExtension.m in Sources */ = {isa = PBXBuildFile; fileRef = F03C92E71E5AF6FD00D0D0D7 /* UIView+SYExtension.m */; };
		F03C92EF1E5AFC2900D0D0D7 /* SYWebViewController.m in Sources */ = {isa = PBXBuildFile; fileRef = F03C92ED1E5AFC2900D0D0D7 /* SYWebViewController.m */; };
		F03C92F01E5AFC2900D0D0D7 /* SYWebViewController.xib in Resources */ = {isa = PBXBuildFile; fileRef = F03C92EE1E5AFC2900D0D0D7 /* SYWebViewController.xib */; };
		F03C93771E5BE5FE00D0D0D7 /* gameData.plist in Resources */ = {isa = PBXBuildFile; fileRef = F03C93761E5BE5FE00D0D0D7 /* gameData.plist */; };
		F03C937A1E5BEE7A00D0D0D7 /* SYGameModel.m in Sources */ = {isa = PBXBuildFile; fileRef = F03C93791E5BEE7A00D0D0D7 /* SYGameModel.m */; };
		F03C937E1E5BF2D200D0D0D7 /* SYGameDetailCell.m in Sources */ = {isa = PBXBuildFile; fileRef = F03C937C1E5BF2D200D0D0D7 /* SYGameDetailCell.m */; };
		F03C937F1E5BF2D200D0D0D7 /* SYGameDetailCell.xib in Resources */ = {isa = PBXBuildFile; fileRef = F03C937D1E5BF2D200D0D0D7 /* SYGameDetailCell.xib */; };
		F03C93981E5C188D00D0D0D7 /* jcore-ios-1.1.1.a in Frameworks */ = {isa = PBXBuildFile; fileRef = F03C93951E5C188D00D0D0D7 /* jcore-ios-1.1.1.a */; };
		F03C93991E5C188D00D0D0D7 /* jpush-ios-3.0.2.a in Frameworks */ = {isa = PBXBuildFile; fileRef = F03C93961E5C188D00D0D0D7 /* jpush-ios-3.0.2.a */; };
		F03C939C1E5C18AD00D0D0D7 /* CFNetwork.framework in Frameworks */ = {isa = PBXBuildFile; fileRef = F03C939B1E5C18AD00D0D0D7 /* CFNetwork.framework */; };
		F03C939E1E5C18B500D0D0D7 /* CoreFoundation.framework in Frameworks */ = {isa = PBXBuildFile; fileRef = F03C939D1E5C18B500D0D0D7 /* CoreFoundation.framework */; };
		F03C93A01E5C18BD00D0D0D7 /* CoreTelephony.framework in Frameworks */ = {isa = PBXBuildFile; fileRef = F03C939F1E5C18BD00D0D0D7 /* CoreTelephony.framework */; };
		F03C93A21E5C18C600D0D0D7 /* SystemConfiguration.framework in Frameworks */ = {isa = PBXBuildFile; fileRef = F03C93A11E5C18C600D0D0D7 /* SystemConfiguration.framework */; };
		F03C93A41E5C18CF00D0D0D7 /* CoreGraphics.framework in Frameworks */ = {isa = PBXBuildFile; fileRef = F03C93A31E5C18CF00D0D0D7 /* CoreGraphics.framework */; };
		F03C93A61E5C18D900D0D0D7 /* Foundation.framework in Frameworks */ = {isa = PBXBuildFile; fileRef = F03C93A51E5C18D900D0D0D7 /* Foundation.framework */; };
		F03C93A81E5C18E100D0D0D7 /* UIKit.framework in Frameworks */ = {isa = PBXBuildFile; fileRef = F03C93A71E5C18E100D0D0D7 /* UIKit.framework */; };
		F03C93AA1E5C18EB00D0D0D7 /* Security.framework in Frameworks */ = {isa = PBXBuildFile; fileRef = F03C93A91E5C18EB00D0D0D7 /* Security.framework */; };
		F03C93AC1E5C18F800D0D0D7 /* libz.tbd in Frameworks */ = {isa = PBXBuildFile; fileRef = F03C93AB1E5C18F800D0D0D7 /* libz.tbd */; };
		F03C93AE1E5C190100D0D0D7 /* AdSupport.framework in Frameworks */ = {isa = PBXBuildFile; fileRef = F03C93AD1E5C190100D0D0D7 /* AdSupport.framework */; };
		F03C93B01E5C190B00D0D0D7 /* UserNotifications.framework in Frameworks */ = {isa = PBXBuildFile; fileRef = F03C93AF1E5C190B00D0D0D7 /* UserNotifications.framework */; };
		F03C93B21E5C191E00D0D0D7 /* libresolv.tbd in Frameworks */ = {isa = PBXBuildFile; fileRef = F03C93B11E5C191E00D0D0D7 /* libresolv.tbd */; };
		F03C93C21E5C234E00D0D0D7 /* AFHTTPSessionManager.m in Sources */ = {isa = PBXBuildFile; fileRef = F03C93B61E5C234E00D0D0D7 /* AFHTTPSessionManager.m */; };
		F03C93C31E5C234E00D0D0D7 /* AFNetworkReachabilityManager.m in Sources */ = {isa = PBXBuildFile; fileRef = F03C93B91E5C234E00D0D0D7 /* AFNetworkReachabilityManager.m */; };
		F03C93C41E5C234E00D0D0D7 /* AFSecurityPolicy.m in Sources */ = {isa = PBXBuildFile; fileRef = F03C93BB1E5C234E00D0D0D7 /* AFSecurityPolicy.m */; };
		F03C93C51E5C234E00D0D0D7 /* AFURLRequestSerialization.m in Sources */ = {isa = PBXBuildFile; fileRef = F03C93BD1E5C234E00D0D0D7 /* AFURLRequestSerialization.m */; };
		F03C93C61E5C234E00D0D0D7 /* AFURLResponseSerialization.m in Sources */ = {isa = PBXBuildFile; fileRef = F03C93BF1E5C234E00D0D0D7 /* AFURLResponseSerialization.m */; };
		F03C93C71E5C234E00D0D0D7 /* AFURLSessionManager.m in Sources */ = {isa = PBXBuildFile; fileRef = F03C93C11E5C234E00D0D0D7 /* AFURLSessionManager.m */; };
		F05739AA1E6405FA00271A31 /* SYHomeViewController.m in Sources */ = {isa = PBXBuildFile; fileRef = F05739A81E6405FA00271A31 /* SYHomeViewController.m */; };
		F05739AB1E6405FA00271A31 /* SYHomeViewController.xib in Resources */ = {isa = PBXBuildFile; fileRef = F05739A91E6405FA00271A31 /* SYHomeViewController.xib */; };
/* End PBXBuildFile section */

/* Begin PBXFileReference section */
		F03C92C41E5AF0F500D0D0D7 /* Lottery.app */ = {isa = PBXFileReference; explicitFileType = wrapper.application; includeInIndex = 0; path = Lottery.app; sourceTree = BUILT_PRODUCTS_DIR; };
		F03C92C81E5AF0F500D0D0D7 /* main.m */ = {isa = PBXFileReference; lastKnownFileType = sourcecode.c.objc; path = main.m; sourceTree = "<group>"; };
		F03C92CA1E5AF0F500D0D0D7 /* AppDelegate.h */ = {isa = PBXFileReference; lastKnownFileType = sourcecode.c.h; path = AppDelegate.h; sourceTree = "<group>"; };
		F03C92CB1E5AF0F500D0D0D7 /* AppDelegate.m */ = {isa = PBXFileReference; lastKnownFileType = sourcecode.c.objc; path = AppDelegate.m; sourceTree = "<group>"; };
		F03C92CD1E5AF0F500D0D0D7 /* ViewController.h */ = {isa = PBXFileReference; lastKnownFileType = sourcecode.c.h; path = ViewController.h; sourceTree = "<group>"; };
		F03C92CE1E5AF0F500D0D0D7 /* ViewController.m */ = {isa = PBXFileReference; lastKnownFileType = sourcecode.c.objc; path = ViewController.m; sourceTree = "<group>"; };
		F03C92D11E5AF0F500D0D0D7 /* Base */ = {isa = PBXFileReference; lastKnownFileType = file.storyboard; name = Base; path = Base.lproj/Main.storyboard; sourceTree = "<group>"; };
		F03C92D31E5AF0F500D0D0D7 /* Assets.xcassets */ = {isa = PBXFileReference; lastKnownFileType = folder.assetcatalog; path = Assets.xcassets; sourceTree = "<group>"; };
		F03C92D61E5AF0F500D0D0D7 /* Base */ = {isa = PBXFileReference; lastKnownFileType = file.storyboard; name = Base; path = Base.lproj/LaunchScreen.storyboard; sourceTree = "<group>"; };
		F03C92D81E5AF0F500D0D0D7 /* Info.plist */ = {isa = PBXFileReference; lastKnownFileType = text.plist.xml; path = Info.plist; sourceTree = "<group>"; };
		F03C92DE1E5AF63A00D0D0D7 /* SYHomeCell.h */ = {isa = PBXFileReference; fileEncoding = 4; lastKnownFileType = sourcecode.c.h; path = SYHomeCell.h; sourceTree = "<group>"; };
		F03C92DF1E5AF63A00D0D0D7 /* SYHomeCell.m */ = {isa = PBXFileReference; fileEncoding = 4; lastKnownFileType = sourcecode.c.objc; path = SYHomeCell.m; sourceTree = "<group>"; };
		F03C92E01E5AF63A00D0D0D7 /* SYHomeCell.xib */ = {isa = PBXFileReference; fileEncoding = 4; lastKnownFileType = file.xib; path = SYHomeCell.xib; sourceTree = "<group>"; };
		F03C92E31E5AF6BB00D0D0D7 /* UIColor+SYExtension.h */ = {isa = PBXFileReference; fileEncoding = 4; lastKnownFileType = sourcecode.c.h; path = "UIColor+SYExtension.h"; sourceTree = "<group>"; };
		F03C92E41E5AF6BB00D0D0D7 /* UIColor+SYExtension.m */ = {isa = PBXFileReference; fileEncoding = 4; lastKnownFileType = sourcecode.c.objc; path = "UIColor+SYExtension.m"; sourceTree = "<group>"; };
		F03C92E61E5AF6FD00D0D0D7 /* UIView+SYExtension.h */ = {isa = PBXFileReference; fileEncoding = 4; lastKnownFileType = sourcecode.c.h; path = "UIView+SYExtension.h"; sourceTree = "<group>"; };
		F03C92E71E5AF6FD00D0D0D7 /* UIView+SYExtension.m */ = {isa = PBXFileReference; fileEncoding = 4; lastKnownFileType = sourcecode.c.objc; path = "UIView+SYExtension.m"; sourceTree = "<group>"; };
		F03C92EC1E5AFC2900D0D0D7 /* SYWebViewController.h */ = {isa = PBXFileReference; fileEncoding = 4; lastKnownFileType = sourcecode.c.h; name = SYWebViewController.h; path = ../SYWebViewController.h; sourceTree = "<group>"; };
		F03C92ED1E5AFC2900D0D0D7 /* SYWebViewController.m */ = {isa = PBXFileReference; fileEncoding = 4; lastKnownFileType = sourcecode.c.objc; name = SYWebViewController.m; path = ../SYWebViewController.m; sourceTree = "<group>"; };
		F03C92EE1E5AFC2900D0D0D7 /* SYWebViewController.xib */ = {isa = PBXFileReference; fileEncoding = 4; lastKnownFileType = file.xib; name = SYWebViewController.xib; path = ../SYWebViewController.xib; sourceTree = "<group>"; };
		F03C93761E5BE5FE00D0D0D7 /* gameData.plist */ = {isa = PBXFileReference; fileEncoding = 4; lastKnownFileType = text.plist.xml; path = gameData.plist; sourceTree = "<group>"; };
		F03C93781E5BEE7A00D0D0D7 /* SYGameModel.h */ = {isa = PBXFileReference; fileEncoding = 4; lastKnownFileType = sourcecode.c.h; path = SYGameModel.h; sourceTree = "<group>"; };
		F03C93791E5BEE7A00D0D0D7 /* SYGameModel.m */ = {isa = PBXFileReference; fileEncoding = 4; lastKnownFileType = sourcecode.c.objc; path = SYGameModel.m; sourceTree = "<group>"; };
		F03C937B1E5BF2D200D0D0D7 /* SYGameDetailCell.h */ = {isa = PBXFileReference; fileEncoding = 4; lastKnownFileType = sourcecode.c.h; path = SYGameDetailCell.h; sourceTree = "<group>"; };
		F03C937C1E5BF2D200D0D0D7 /* SYGameDetailCell.m */ = {isa = PBXFileReference; fileEncoding = 4; lastKnownFileType = sourcecode.c.objc; path = SYGameDetailCell.m; sourceTree = "<group>"; };
		F03C937D1E5BF2D200D0D0D7 /* SYGameDetailCell.xib */ = {isa = PBXFileReference; fileEncoding = 4; lastKnownFileType = file.xib; path = SYGameDetailCell.xib; sourceTree = "<group>"; };
		F03C93951E5C188D00D0D0D7 /* jcore-ios-1.1.1.a */ = {isa = PBXFileReference; lastKnownFileType = archive.ar; path = "jcore-ios-1.1.1.a"; sourceTree = "<group>"; };
		F03C93961E5C188D00D0D0D7 /* jpush-ios-3.0.2.a */ = {isa = PBXFileReference; lastKnownFileType = archive.ar; path = "jpush-ios-3.0.2.a"; sourceTree = "<group>"; };
		F03C93971E5C188D00D0D0D7 /* JPUSHService.h */ = {isa = PBXFileReference; fileEncoding = 4; lastKnownFileType = sourcecode.c.h; path = JPUSHService.h; sourceTree = "<group>"; };
		F03C939B1E5C18AD00D0D0D7 /* CFNetwork.framework */ = {isa = PBXFileReference; lastKnownFileType = wrapper.framework; name = CFNetwork.framework; path = System/Library/Frameworks/CFNetwork.framework; sourceTree = SDKROOT; };
		F03C939D1E5C18B500D0D0D7 /* CoreFoundation.framework */ = {isa = PBXFileReference; lastKnownFileType = wrapper.framework; name = CoreFoundation.framework; path = System/Library/Frameworks/CoreFoundation.framework; sourceTree = SDKROOT; };
		F03C939F1E5C18BD00D0D0D7 /* CoreTelephony.framework */ = {isa = PBXFileReference; lastKnownFileType = wrapper.framework; name = CoreTelephony.framework; path = System/Library/Frameworks/CoreTelephony.framework; sourceTree = SDKROOT; };
		F03C93A11E5C18C600D0D0D7 /* SystemConfiguration.framework */ = {isa = PBXFileReference; lastKnownFileType = wrapper.framework; name = SystemConfiguration.framework; path = System/Library/Frameworks/SystemConfiguration.framework; sourceTree = SDKROOT; };
		F03C93A31E5C18CF00D0D0D7 /* CoreGraphics.framework */ = {isa = PBXFileReference; lastKnownFileType = wrapper.framework; name = CoreGraphics.framework; path = System/Library/Frameworks/CoreGraphics.framework; sourceTree = SDKROOT; };
		F03C93A51E5C18D900D0D0D7 /* Foundation.framework */ = {isa = PBXFileReference; lastKnownFileType = wrapper.framework; name = Foundation.framework; path = System/Library/Frameworks/Foundation.framework; sourceTree = SDKROOT; };
		F03C93A71E5C18E100D0D0D7 /* UIKit.framework */ = {isa = PBXFileReference; lastKnownFileType = wrapper.framework; name = UIKit.framework; path = System/Library/Frameworks/UIKit.framework; sourceTree = SDKROOT; };
		F03C93A91E5C18EB00D0D0D7 /* Security.framework */ = {isa = PBXFileReference; lastKnownFileType = wrapper.framework; name = Security.framework; path = System/Library/Frameworks/Security.framework; sourceTree = SDKROOT; };
		F03C93AB1E5C18F800D0D0D7 /* libz.tbd */ = {isa = PBXFileReference; lastKnownFileType = "sourcecode.text-based-dylib-definition"; name = libz.tbd; path = usr/lib/libz.tbd; sourceTree = SDKROOT; };
		F03C93AD1E5C190100D0D0D7 /* AdSupport.framework */ = {isa = PBXFileReference; lastKnownFileType = wrapper.framework; name = AdSupport.framework; path = System/Library/Frameworks/AdSupport.framework; sourceTree = SDKROOT; };
		F03C93AF1E5C190B00D0D0D7 /* UserNotifications.framework */ = {isa = PBXFileReference; lastKnownFileType = wrapper.framework; name = UserNotifications.framework; path = System/Library/Frameworks/UserNotifications.framework; sourceTree = SDKROOT; };
		F03C93B11E5C191E00D0D0D7 /* libresolv.tbd */ = {isa = PBXFileReference; lastKnownFileType = "sourcecode.text-based-dylib-definition"; name = libresolv.tbd; path = usr/lib/libresolv.tbd; sourceTree = SDKROOT; };
		F03C93B31E5C19E900D0D0D7 /* Lottery.entitlements */ = {isa = PBXFileReference; lastKnownFileType = text.plist.entitlements; path = Lottery.entitlements; sourceTree = "<group>"; };
		F03C93B51E5C234E00D0D0D7 /* AFHTTPSessionManager.h */ = {isa = PBXFileReference; fileEncoding = 4; lastKnownFileType = sourcecode.c.h; path = AFHTTPSessionManager.h; sourceTree = "<group>"; };
		F03C93B61E5C234E00D0D0D7 /* AFHTTPSessionManager.m */ = {isa = PBXFileReference; fileEncoding = 4; lastKnownFileType = sourcecode.c.objc; path = AFHTTPSessionManager.m; sourceTree = "<group>"; };
		F03C93B71E5C234E00D0D0D7 /* AFNetworking.h */ = {isa = PBXFileReference; fileEncoding = 4; lastKnownFileType = sourcecode.c.h; path = AFNetworking.h; sourceTree = "<group>"; };
		F03C93B81E5C234E00D0D0D7 /* AFNetworkReachabilityManager.h */ = {isa = PBXFileReference; fileEncoding = 4; lastKnownFileType = sourcecode.c.h; path = AFNetworkReachabilityManager.h; sourceTree = "<group>"; };
		F03C93B91E5C234E00D0D0D7 /* AFNetworkReachabilityManager.m */ = {isa = PBXFileReference; fileEncoding = 4; lastKnownFileType = sourcecode.c.objc; path = AFNetworkReachabilityManager.m; sourceTree = "<group>"; };
		F03C93BA1E5C234E00D0D0D7 /* AFSecurityPolicy.h */ = {isa = PBXFileReference; fileEncoding = 4; lastKnownFileType = sourcecode.c.h; path = AFSecurityPolicy.h; sourceTree = "<group>"; };
		F03C93BB1E5C234E00D0D0D7 /* AFSecurityPolicy.m */ = {isa = PBXFileReference; fileEncoding = 4; lastKnownFileType = sourcecode.c.objc; path = AFSecurityPolicy.m; sourceTree = "<group>"; };
		F03C93BC1E5C234E00D0D0D7 /* AFURLRequestSerialization.h */ = {isa = PBXFileReference; fileEncoding = 4; lastKnownFileType = sourcecode.c.h; path = AFURLRequestSerialization.h; sourceTree = "<group>"; };
		F03C93BD1E5C234E00D0D0D7 /* AFURLRequestSerialization.m */ = {isa = PBXFileReference; fileEncoding = 4; lastKnownFileType = sourcecode.c.objc; path = AFURLRequestSerialization.m; sourceTree = "<group>"; };
		F03C93BE1E5C234E00D0D0D7 /* AFURLResponseSerialization.h */ = {isa = PBXFileReference; fileEncoding = 4; lastKnownFileType = sourcecode.c.h; path = AFURLResponseSerialization.h; sourceTree = "<group>"; };
		F03C93BF1E5C234E00D0D0D7 /* AFURLResponseSerialization.m */ = {isa = PBXFileReference; fileEncoding = 4; lastKnownFileType = sourcecode.c.objc; path = AFURLResponseSerialization.m; sourceTree = "<group>"; };
		F03C93C01E5C234E00D0D0D7 /* AFURLSessionManager.h */ = {isa = PBXFileReference; fileEncoding = 4; lastKnownFileType = sourcecode.c.h; path = AFURLSessionManager.h; sourceTree = "<group>"; };
		F03C93C11E5C234E00D0D0D7 /* AFURLSessionManager.m */ = {isa = PBXFileReference; fileEncoding = 4; lastKnownFileType = sourcecode.c.objc; path = AFURLSessionManager.m; sourceTree = "<group>"; };
		F05739A71E6405FA00271A31 /* SYHomeViewController.h */ = {isa = PBXFileReference; fileEncoding = 4; lastKnownFileType = sourcecode.c.h; path = SYHomeViewController.h; sourceTree = "<group>"; };
		F05739A81E6405FA00271A31 /* SYHomeViewController.m */ = {isa = PBXFileReference; fileEncoding = 4; lastKnownFileType = sourcecode.c.objc; path = SYHomeViewController.m; sourceTree = "<group>"; };
		F05739A91E6405FA00271A31 /* SYHomeViewController.xib */ = {isa = PBXFileReference; fileEncoding = 4; lastKnownFileType = file.xib; path = SYHomeViewController.xib; sourceTree = "<group>"; };
/* End PBXFileReference section */

/* Begin PBXFrameworksBuildPhase section */
		F03C92C11E5AF0F500D0D0D7 /* Frameworks */ = {
			isa = PBXFrameworksBuildPhase;
			buildActionMask = 2147483647;
			files = (
				F03C93B21E5C191E00D0D0D7 /* libresolv.tbd in Frameworks */,
				F03C93B01E5C190B00D0D0D7 /* UserNotifications.framework in Frameworks */,
				F03C93AE1E5C190100D0D0D7 /* AdSupport.framework in Frameworks */,
				F03C93AC1E5C18F800D0D0D7 /* libz.tbd in Frameworks */,
				F03C93AA1E5C18EB00D0D0D7 /* Security.framework in Frameworks */,
				F03C93A81E5C18E100D0D0D7 /* UIKit.framework in Frameworks */,
				F03C93A61E5C18D900D0D0D7 /* Foundation.framework in Frameworks */,
				F03C93A41E5C18CF00D0D0D7 /* CoreGraphics.framework in Frameworks */,
				F03C93A21E5C18C600D0D0D7 /* SystemConfiguration.framework in Frameworks */,
				F03C93A01E5C18BD00D0D0D7 /* CoreTelephony.framework in Frameworks */,
				F03C939E1E5C18B500D0D0D7 /* CoreFoundation.framework in Frameworks */,
				F03C939C1E5C18AD00D0D0D7 /* CFNetwork.framework in Frameworks */,
				F03C93991E5C188D00D0D0D7 /* jpush-ios-3.0.2.a in Frameworks */,
				F03C93981E5C188D00D0D0D7 /* jcore-ios-1.1.1.a in Frameworks */,
			);
			runOnlyForDeploymentPostprocessing = 0;
		};
/* End PBXFrameworksBuildPhase section */

/* Begin PBXGroup section */
		F03C92BB1E5AF0F500D0D0D7 = {
			isa = PBXGroup;
			children = (
				F03C92C61E5AF0F500D0D0D7 /* Lottery */,
				F03C92C51E5AF0F500D0D0D7 /* Products */,
				F03C939A1E5C18AD00D0D0D7 /* Frameworks */,
			);
			sourceTree = "<group>";
		};
		F03C92C51E5AF0F500D0D0D7 /* Products */ = {
			isa = PBXGroup;
			children = (
				F03C92C41E5AF0F500D0D0D7 /* Lottery.app */,
			);
			name = Products;
			sourceTree = "<group>";
		};
		F03C92C61E5AF0F500D0D0D7 /* Lottery */ = {
			isa = PBXGroup;
			children = (
				F03C93B31E5C19E900D0D0D7 /* Lottery.entitlements */,
				F03C93B41E5C234E00D0D0D7 /* AFNetworking */,
				F03C93941E5C188D00D0D0D7 /* Lib */,
				F03C92CA1E5AF0F500D0D0D7 /* AppDelegate.h */,
				F03C92CB1E5AF0F500D0D0D7 /* AppDelegate.m */,
				F03C92CD1E5AF0F500D0D0D7 /* ViewController.h */,
				F03C92CE1E5AF0F500D0D0D7 /* ViewController.m */,
				F05739A71E6405FA00271A31 /* SYHomeViewController.h */,
				F05739A81E6405FA00271A31 /* SYHomeViewController.m */,
				F05739A91E6405FA00271A31 /* SYHomeViewController.xib */,
				F03C92E61E5AF6FD00D0D0D7 /* UIView+SYExtension.h */,
				F03C92E71E5AF6FD00D0D0D7 /* UIView+SYExtension.m */,
				F03C92E31E5AF6BB00D0D0D7 /* UIColor+SYExtension.h */,
				F03C92E41E5AF6BB00D0D0D7 /* UIColor+SYExtension.m */,
				F03C92EC1E5AFC2900D0D0D7 /* SYWebViewController.h */,
				F03C92ED1E5AFC2900D0D0D7 /* SYWebViewController.m */,
				F03C92EE1E5AFC2900D0D0D7 /* SYWebViewController.xib */,
				F03C937B1E5BF2D200D0D0D7 /* SYGameDetailCell.h */,
				F03C937C1E5BF2D200D0D0D7 /* SYGameDetailCell.m */,
				F03C937D1E5BF2D200D0D0D7 /* SYGameDetailCell.xib */,
				F03C92DE1E5AF63A00D0D0D7 /* SYHomeCell.h */,
				F03C92DF1E5AF63A00D0D0D7 /* SYHomeCell.m */,
				F03C92E01E5AF63A00D0D0D7 /* SYHomeCell.xib */,
				F03C93781E5BEE7A00D0D0D7 /* SYGameModel.h */,
				F03C93791E5BEE7A00D0D0D7 /* SYGameModel.m */,
				F03C92D01E5AF0F500D0D0D7 /* Main.storyboard */,
				F03C93761E5BE5FE00D0D0D7 /* gameData.plist */,
				F03C92D31E5AF0F500D0D0D7 /* Assets.xcassets */,
				F03C92D51E5AF0F500D0D0D7 /* LaunchScreen.storyboard */,
				F03C92D81E5AF0F500D0D0D7 /* Info.plist */,
				F03C92C71E5AF0F500D0D0D7 /* Supporting Files */,
			);
			path = Lottery;
			sourceTree = "<group>";
		};
		F03C92C71E5AF0F500D0D0D7 /* Supporting Files */ = {
			isa = PBXGroup;
			children = (
				F03C92C81E5AF0F500D0D0D7 /* main.m */,
			);
			name = "Supporting Files";
			sourceTree = "<group>";
		};
		F03C93941E5C188D00D0D0D7 /* Lib */ = {
			isa = PBXGroup;
			children = (
				F03C93951E5C188D00D0D0D7 /* jcore-ios-1.1.1.a */,
				F03C93961E5C188D00D0D0D7 /* jpush-ios-3.0.2.a */,
				F03C93971E5C188D00D0D0D7 /* JPUSHService.h */,
			);
			path = Lib;
			sourceTree = "<group>";
		};
		F03C939A1E5C18AD00D0D0D7 /* Frameworks */ = {
			isa = PBXGroup;
			children = (
				F03C93B11E5C191E00D0D0D7 /* libresolv.tbd */,
				F03C93AF1E5C190B00D0D0D7 /* UserNotifications.framework */,
				F03C93AD1E5C190100D0D0D7 /* AdSupport.framework */,
				F03C93AB1E5C18F800D0D0D7 /* libz.tbd */,
				F03C93A91E5C18EB00D0D0D7 /* Security.framework */,
				F03C93A71E5C18E100D0D0D7 /* UIKit.framework */,
				F03C93A51E5C18D900D0D0D7 /* Foundation.framework */,
				F03C93A31E5C18CF00D0D0D7 /* CoreGraphics.framework */,
				F03C93A11E5C18C600D0D0D7 /* SystemConfiguration.framework */,
				F03C939F1E5C18BD00D0D0D7 /* CoreTelephony.framework */,
				F03C939D1E5C18B500D0D0D7 /* CoreFoundation.framework */,
				F03C939B1E5C18AD00D0D0D7 /* CFNetwork.framework */,
			);
			name = Frameworks;
			sourceTree = "<group>";
		};
		F03C93B41E5C234E00D0D0D7 /* AFNetworking */ = {
			isa = PBXGroup;
			children = (
				F03C93B51E5C234E00D0D0D7 /* AFHTTPSessionManager.h */,
				F03C93B61E5C234E00D0D0D7 /* AFHTTPSessionManager.m */,
				F03C93B71E5C234E00D0D0D7 /* AFNetworking.h */,
				F03C93B81E5C234E00D0D0D7 /* AFNetworkReachabilityManager.h */,
				F03C93B91E5C234E00D0D0D7 /* AFNetworkReachabilityManager.m */,
				F03C93BA1E5C234E00D0D0D7 /* AFSecurityPolicy.h */,
				F03C93BB1E5C234E00D0D0D7 /* AFSecurityPolicy.m */,
				F03C93BC1E5C234E00D0D0D7 /* AFURLRequestSerialization.h */,
				F03C93BD1E5C234E00D0D0D7 /* AFURLRequestSerialization.m */,
				F03C93BE1E5C234E00D0D0D7 /* AFURLResponseSerialization.h */,
				F03C93BF1E5C234E00D0D0D7 /* AFURLResponseSerialization.m */,
				F03C93C01E5C234E00D0D0D7 /* AFURLSessionManager.h */,
				F03C93C11E5C234E00D0D0D7 /* AFURLSessionManager.m */,
			);
			path = AFNetworking;
			sourceTree = "<group>";
		};
/* End PBXGroup section */

/* Begin PBXNativeTarget section */
		F03C92C31E5AF0F500D0D0D7 /* Lottery */ = {
			isa = PBXNativeTarget;
			buildConfigurationList = F03C92DB1E5AF0F500D0D0D7 /* Build configuration list for PBXNativeTarget "Lottery" */;
			buildPhases = (
				F03C92C01E5AF0F500D0D0D7 /* Sources */,
				F03C92C11E5AF0F500D0D0D7 /* Frameworks */,
				F03C92C21E5AF0F500D0D0D7 /* Resources */,
			);
			buildRules = (
			);
			dependencies = (
			);
			name = Lottery;
			productName = Lottery;
			productReference = F03C92C41E5AF0F500D0D0D7 /* Lottery.app */;
			productType = "com.apple.product-type.application";
		};
/* End PBXNativeTarget section */

/* Begin PBXProject section */
		F03C92BC1E5AF0F500D0D0D7 /* Project object */ = {
			isa = PBXProject;
			attributes = {
				LastUpgradeCheck = 0820;
				ORGANIZATIONNAME = tsy;
				TargetAttributes = {
					F03C92C31E5AF0F500D0D0D7 = {
						CreatedOnToolsVersion = 8.2.1;
						DevelopmentTeam = VE878NZ38N;
						ProvisioningStyle = Manual;
						SystemCapabilities = {
							com.apple.Push = {
								enabled = 1;
							};
						};
					};
				};
			};
			buildConfigurationList = F03C92BF1E5AF0F500D0D0D7 /* Build configuration list for PBXProject "Lottery" */;
			compatibilityVersion = "Xcode 3.2";
			developmentRegion = English;
			hasScannedForEncodings = 0;
			knownRegions = (
				en,
				Base,
			);
			mainGroup = F03C92BB1E5AF0F500D0D0D7;
			productRefGroup = F03C92C51E5AF0F500D0D0D7 /* Products */;
			projectDirPath = "";
			projectRoot = "";
			targets = (
				F03C92C31E5AF0F500D0D0D7 /* Lottery */,
			);
		};
/* End PBXProject section */

/* Begin PBXResourcesBuildPhase section */
		F03C92C21E5AF0F500D0D0D7 /* Resources */ = {
			isa = PBXResourcesBuildPhase;
			buildActionMask = 2147483647;
			files = (
				F03C92F01E5AFC2900D0D0D7 /* SYWebViewController.xib in Resources */,
				F03C92E21E5AF63A00D0D0D7 /* SYHomeCell.xib in Resources */,
				F03C93771E5BE5FE00D0D0D7 /* gameData.plist in Resources */,
				F03C937F1E5BF2D200D0D0D7 /* SYGameDetailCell.xib in Resources */,
				F03C92D71E5AF0F500D0D0D7 /* LaunchScreen.storyboard in Resources */,
				F05739AB1E6405FA00271A31 /* SYHomeViewController.xib in Resources */,
				F03C92D41E5AF0F500D0D0D7 /* Assets.xcassets in Resources */,
				F03C92D21E5AF0F500D0D0D7 /* Main.storyboard in Resources */,
			);
			runOnlyForDeploymentPostprocessing = 0;
		};
/* End PBXResourcesBuildPhase section */

/* Begin PBXSourcesBuildPhase section */
		F03C92C01E5AF0F500D0D0D7 /* Sources */ = {
			isa = PBXSourcesBuildPhase;
			buildActionMask = 2147483647;
			files = (
				F03C93C71E5C234E00D0D0D7 /* AFURLSessionManager.m in Sources */,
				F03C92E11E5AF63A00D0D0D7 /* SYHomeCell.m in Sources */,
				F03C92CF1E5AF0F500D0D0D7 /* ViewController.m in Sources */,
				F03C92EF1E5AFC2900D0D0D7 /* SYWebViewController.m in Sources */,
				F03C92E81E5AF6FD00D0D0D7 /* UIView+SYExtension.m in Sources */,
				F05739AA1E6405FA00271A31 /* SYHomeViewController.m in Sources */,
				F03C93C41E5C234E00D0D0D7 /* AFSecurityPolicy.m in Sources */,
				F03C92E51E5AF6BB00D0D0D7 /* UIColor+SYExtension.m in Sources */,
				F03C93C51E5C234E00D0D0D7 /* AFURLRequestSerialization.m in Sources */,
				F03C92CC1E5AF0F500D0D0D7 /* AppDelegate.m in Sources */,
				F03C937E1E5BF2D200D0D0D7 /* SYGameDetailCell.m in Sources */,
				F03C93C21E5C234E00D0D0D7 /* AFHTTPSessionManager.m in Sources */,
				F03C92C91E5AF0F500D0D0D7 /* main.m in Sources */,
				F03C93C31E5C234E00D0D0D7 /* AFNetworkReachabilityManager.m in Sources */,
				F03C93C61E5C234E00D0D0D7 /* AFURLResponseSerialization.m in Sources */,
				F03C937A1E5BEE7A00D0D0D7 /* SYGameModel.m in Sources */,
			);
			runOnlyForDeploymentPostprocessing = 0;
		};
/* End PBXSourcesBuildPhase section */

/* Begin PBXVariantGroup section */
		F03C92D01E5AF0F500D0D0D7 /* Main.storyboard */ = {
			isa = PBXVariantGroup;
			children = (
				F03C92D11E5AF0F500D0D0D7 /* Base */,
			);
			name = Main.storyboard;
			sourceTree = "<group>";
		};
		F03C92D51E5AF0F500D0D0D7 /* LaunchScreen.storyboard */ = {
			isa = PBXVariantGroup;
			children = (
				F03C92D61E5AF0F500D0D0D7 /* Base */,
			);
			name = LaunchScreen.storyboard;
			sourceTree = "<group>";
		};
/* End PBXVariantGroup section */

/* Begin XCBuildConfiguration section */
		F03C92D91E5AF0F500D0D0D7 /* Debug */ = {
			isa = XCBuildConfiguration;
			buildSettings = {
				ALWAYS_SEARCH_USER_PATHS = NO;
				CLANG_ANALYZER_NONNULL = YES;
				CLANG_CXX_LANGUAGE_STANDARD = "gnu++0x";
				CLANG_CXX_LIBRARY = "libc++";
				CLANG_ENABLE_MODULES = YES;
				CLANG_ENABLE_OBJC_ARC = YES;
				CLANG_WARN_BOOL_CONVERSION = YES;
				CLANG_WARN_CONSTANT_CONVERSION = YES;
				CLANG_WARN_DIRECT_OBJC_ISA_USAGE = YES_ERROR;
				CLANG_WARN_DOCUMENTATION_COMMENTS = YES;
				CLANG_WARN_EMPTY_BODY = YES;
				CLANG_WARN_ENUM_CONVERSION = YES;
				CLANG_WARN_INFINITE_RECURSION = YES;
				CLANG_WARN_INT_CONVERSION = YES;
				CLANG_WARN_OBJC_ROOT_CLASS = YES_ERROR;
				CLANG_WARN_SUSPICIOUS_MOVE = YES;
				CLANG_WARN_UNREACHABLE_CODE = YES;
				CLANG_WARN__DUPLICATE_METHOD_MATCH = YES;
				"CODE_SIGN_IDENTITY[sdk=iphoneos*]" = "iPhone Developer: Su  Mei (2PM34E6Y3Z)";
				COPY_PHASE_STRIP = NO;
				DEBUG_INFORMATION_FORMAT = dwarf;
				ENABLE_STRICT_OBJC_MSGSEND = YES;
				ENABLE_TESTABILITY = YES;
				GCC_C_LANGUAGE_STANDARD = gnu99;
				GCC_DYNAMIC_NO_PIC = NO;
				GCC_NO_COMMON_BLOCKS = YES;
				GCC_OPTIMIZATION_LEVEL = 0;
				GCC_PREPROCESSOR_DEFINITIONS = (
					"DEBUG=1",
					"$(inherited)",
				);
				GCC_WARN_64_TO_32_BIT_CONVERSION = YES;
				GCC_WARN_ABOUT_RETURN_TYPE = YES_ERROR;
				GCC_WARN_UNDECLARED_SELECTOR = YES;
				GCC_WARN_UNINITIALIZED_AUTOS = YES_AGGRESSIVE;
				GCC_WARN_UNUSED_FUNCTION = YES;
				GCC_WARN_UNUSED_VARIABLE = YES;
				IPHONEOS_DEPLOYMENT_TARGET = 10.2;
				MTL_ENABLE_DEBUG_INFO = YES;
				ONLY_ACTIVE_ARCH = YES;
				SDKROOT = iphoneos;
			};
			name = Debug;
		};
		F03C92DA1E5AF0F500D0D0D7 /* Release */ = {
			isa = XCBuildConfiguration;
			buildSettings = {
				ALWAYS_SEARCH_USER_PATHS = NO;
				CLANG_ANALYZER_NONNULL = YES;
				CLANG_CXX_LANGUAGE_STANDARD = "gnu++0x";
				CLANG_CXX_LIBRARY = "libc++";
				CLANG_ENABLE_MODULES = YES;
				CLANG_ENABLE_OBJC_ARC = YES;
				CLANG_WARN_BOOL_CONVERSION = YES;
				CLANG_WARN_CONSTANT_CONVERSION = YES;
				CLANG_WARN_DIRECT_OBJC_ISA_USAGE = YES_ERROR;
				CLANG_WARN_DOCUMENTATION_COMMENTS = YES;
				CLANG_WARN_EMPTY_BODY = YES;
				CLANG_WARN_ENUM_CONVERSION = YES;
				CLANG_WARN_INFINITE_RECURSION = YES;
				CLANG_WARN_INT_CONVERSION = YES;
				CLANG_WARN_OBJC_ROOT_CLASS = YES_ERROR;
				CLANG_WARN_SUSPICIOUS_MOVE = YES;
				CLANG_WARN_UNREACHABLE_CODE = YES;
				CLANG_WARN__DUPLICATE_METHOD_MATCH = YES;
				"CODE_SIGN_IDENTITY[sdk=iphoneos*]" = "iPhone Distribution: Su  Mei (VE878NZ38N)";
				COPY_PHASE_STRIP = NO;
				DEBUG_INFORMATION_FORMAT = "dwarf-with-dsym";
				ENABLE_NS_ASSERTIONS = NO;
				ENABLE_STRICT_OBJC_MSGSEND = YES;
				GCC_C_LANGUAGE_STANDARD = gnu99;
				GCC_NO_COMMON_BLOCKS = YES;
				GCC_WARN_64_TO_32_BIT_CONVERSION = YES;
				GCC_WARN_ABOUT_RETURN_TYPE = YES_ERROR;
				GCC_WARN_UNDECLARED_SELECTOR = YES;
				GCC_WARN_UNINITIALIZED_AUTOS = YES_AGGRESSIVE;
				GCC_WARN_UNUSED_FUNCTION = YES;
				GCC_WARN_UNUSED_VARIABLE = YES;
				IPHONEOS_DEPLOYMENT_TARGET = 10.2;
				MTL_ENABLE_DEBUG_INFO = NO;
				SDKROOT = iphoneos;
				VALIDATE_PRODUCT = YES;
			};
			name = Release;
		};
		F03C92DC1E5AF0F500D0D0D7 /* Debug */ = {
			isa = XCBuildConfiguration;
			buildSettings = {
				ASSETCATALOG_COMPILER_APPICON_NAME = AppIcon;
				CODE_SIGN_ENTITLEMENTS = Lottery/Lottery.entitlements;
				"CODE_SIGN_IDENTITY[sdk=iphoneos*]" = "iPhone Developer: Su  Mei (2PM34E6Y3Z)";
				DEVELOPMENT_TEAM = VE878NZ38N;
				INFOPLIST_FILE = Lottery/Info.plist;
				IPHONEOS_DEPLOYMENT_TARGET = 8.0;
				LD_RUNPATH_SEARCH_PATHS = "$(inherited) @executable_path/Frameworks";
				LIBRARY_SEARCH_PATHS = (
					"$(inherited)",
					"$(PROJECT_DIR)/Lottery/Lib",
				);
				PRODUCT_BUNDLE_IDENTIFIER = com.sy.lottery;
				PRODUCT_NAME = "$(TARGET_NAME)";
				PROVISIONING_PROFILE = "6d2662e1-eebf-46d5-b843-3339ce68c320";
				PROVISIONING_PROFILE_SPECIFIER = Lottery;
				USER_HEADER_SEARCH_PATHS = "$(SRCROOT)/Lottery/Lib";
			};
			name = Debug;
		};
		F03C92DD1E5AF0F500D0D0D7 /* Release */ = {
			isa = XCBuildConfiguration;
			buildSettings = {
				ASSETCATALOG_COMPILER_APPICON_NAME = AppIcon;
				CODE_SIGN_ENTITLEMENTS = Lottery/Lottery.entitlements;
				"CODE_SIGN_IDENTITY[sdk=iphoneos*]" = "iPhone Distribution: Su  Mei (VE878NZ38N)";
				DEVELOPMENT_TEAM = VE878NZ38N;
				INFOPLIST_FILE = Lottery/Info.plist;
				IPHONEOS_DEPLOYMENT_TARGET = 8.0;
				LD_RUNPATH_SEARCH_PATHS = "$(inherited) @executable_path/Frameworks";
				LIBRARY_SEARCH_PATHS = (
					"$(inherited)",
					"$(PROJECT_DIR)/Lottery/Lib",
				);
				PRODUCT_BUNDLE_IDENTIFIER = com.sy.lottery;
				PRODUCT_NAME = "$(TARGET_NAME)";
				PROVISIONING_PROFILE = "1a70ee6c-3579-4e9e-a822-f6390546de2c";
				PROVISIONING_PROFILE_SPECIFIER = Publish;
				USER_HEADER_SEARCH_PATHS = "$(SRCROOT)/Lottery/Lib";
			};
			name = Release;
		};
/* End XCBuildConfiguration section */

/* Begin XCConfigurationList section */
		F03C92BF1E5AF0F500D0D0D7 /* Build configuration list for PBXProject "Lottery" */ = {
			isa = XCConfigurationList;
			buildConfigurations = (
				F03C92D91E5AF0F500D0D0D7 /* Debug */,
				F03C92DA1E5AF0F500D0D0D7 /* Release */,
			);
			defaultConfigurationIsVisible = 0;
			defaultConfigurationName = Release;
		};
		F03C92DB1E5AF0F500D0D0D7 /* Build configuration list for PBXNativeTarget "Lottery" */ = {
			isa = XCConfigurationList;
			buildConfigurations = (
				F03C92DC1E5AF0F500D0D0D7 /* Debug */,
				F03C92DD1E5AF0F500D0D0D7 /* Release */,
			);
			defaultConfigurationIsVisible = 0;
			defaultConfigurationName = Release;
		};
/* End XCConfigurationList section */
	};
	rootObject = F03C92BC1E5AF0F500D0D0D7 /* Project object */;
}
