// !$*UTF8*$!
{
	archiveVersion = 1;
	classes = {
	};
	objectVersion = 46;
	objects = {

/* Begin PBXBuildFile section */
		F04D0FE01DDF00FD003B329B /* main.m in Sources */ = {isa = PBXBuildFile; fileRef = F04D0FDF1DDF00FD003B329B /* main.m */; };
		F04D0FE31DDF00FD003B329B /* AppDelegate.m in Sources */ = {isa = PBXBuildFile; fileRef = F04D0FE21DDF00FD003B329B /* AppDelegate.m */; };
		F04D0FE61DDF00FD003B329B /* ViewController.m in Sources */ = {isa = PBXBuildFile; fileRef = F04D0FE51DDF00FD003B329B /* ViewController.m */; };
		F04D0FE91DDF00FD003B329B /* Main.storyboard in Resources */ = {isa = PBXBuildFile; fileRef = F04D0FE71DDF00FD003B329B /* Main.storyboard */; };
		F04D0FEB1DDF00FD003B329B /* Assets.xcassets in Resources */ = {isa = PBXBuildFile; fileRef = F04D0FEA1DDF00FD003B329B /* Assets.xcassets */; };
		F04D0FEE1DDF00FD003B329B /* LaunchScreen.storyboard in Resources */ = {isa = PBXBuildFile; fileRef = F04D0FEC1DDF00FD003B329B /* LaunchScreen.storyboard */; };
/* End PBXBuildFile section */

/* Begin PBXFileReference section */
		F04D0FDB1DDF00FD003B329B /* SYTestPop.app */ = {isa = PBXFileReference; explicitFileType = wrapper.application; includeInIndex = 0; path = SYTestPop.app; sourceTree = BUILT_PRODUCTS_DIR; };
		F04D0FDF1DDF00FD003B329B /* main.m */ = {isa = PBXFileReference; lastKnownFileType = sourcecode.c.objc; path = main.m; sourceTree = "<group>"; };
		F04D0FE11DDF00FD003B329B /* AppDelegate.h */ = {isa = PBXFileReference; lastKnownFileType = sourcecode.c.h; path = AppDelegate.h; sourceTree = "<group>"; };
		F04D0FE21DDF00FD003B329B /* AppDelegate.m */ = {isa = PBXFileReference; lastKnownFileType = sourcecode.c.objc; path = AppDelegate.m; sourceTree = "<group>"; };
		F04D0FE41DDF00FD003B329B /* ViewController.h */ = {isa = PBXFileReference; lastKnownFileType = sourcecode.c.h; path = ViewController.h; sourceTree = "<group>"; };
		F04D0FE51DDF00FD003B329B /* ViewController.m */ = {isa = PBXFileReference; lastKnownFileType = sourcecode.c.objc; path = ViewController.m; sourceTree = "<group>"; };
		F04D0FE81DDF00FD003B329B /* Base */ = {isa = PBXFileReference; lastKnownFileType = file.storyboard; name = Base; path = Base.lproj/Main.storyboard; sourceTree = "<group>"; };
		F04D0FEA1DDF00FD003B329B /* Assets.xcassets */ = {isa = PBXFileReference; lastKnownFileType = folder.assetcatalog; path = Assets.xcassets; sourceTree = "<group>"; };
		F04D0FED1DDF00FD003B329B /* Base */ = {isa = PBXFileReference; lastKnownFileType = file.storyboard; name = Base; path = Base.lproj/LaunchScreen.storyboard; sourceTree = "<group>"; };
		F04D0FEF1DDF00FD003B329B /* Info.plist */ = {isa = PBXFileReference; lastKnownFileType = text.plist.xml; path = Info.plist; sourceTree = "<group>"; };
/* End PBXFileReference section */

/* Begin PBXFrameworksBuildPhase section */
		F04D0FD81DDF00FD003B329B /* Frameworks */ = {
			isa = PBXFrameworksBuildPhase;
			buildActionMask = 2147483647;
			files = (
			);
			runOnlyForDeploymentPostprocessing = 0;
		};
/* End PBXFrameworksBuildPhase section */

/* Begin PBXGroup section */
		F04D0FD21DDF00FD003B329B = {
			isa = PBXGroup;
			children = (
				F04D0FDD1DDF00FD003B329B /* SYTestPop */,
				F04D0FDC1DDF00FD003B329B /* Products */,
			);
			sourceTree = "<group>";
		};
		F04D0FDC1DDF00FD003B329B /* Products */ = {
			isa = PBXGroup;
			children = (
				F04D0FDB1DDF00FD003B329B /* SYTestPop.app */,
			);
			name = Products;
			sourceTree = "<group>";
		};
		F04D0FDD1DDF00FD003B329B /* SYTestPop */ = {
			isa = PBXGroup;
			children = (
				F04D0FE11DDF00FD003B329B /* AppDelegate.h */,
				F04D0FE21DDF00FD003B329B /* AppDelegate.m */,
				F04D0FE41DDF00FD003B329B /* ViewController.h */,
				F04D0FE51DDF00FD003B329B /* ViewController.m */,
				F04D0FE71DDF00FD003B329B /* Main.storyboard */,
				F04D0FEA1DDF00FD003B329B /* Assets.xcassets */,
				F04D0FEC1DDF00FD003B329B /* LaunchScreen.storyboard */,
				F04D0FEF1DDF00FD003B329B /* Info.plist */,
				F04D0FDE1DDF00FD003B329B /* Supporting Files */,
			);
			path = SYTestPop;
			sourceTree = "<group>";
		};
		F04D0FDE1DDF00FD003B329B /* Supporting Files */ = {
			isa = PBXGroup;
			children = (
				F04D0FDF1DDF00FD003B329B /* main.m */,
			);
			name = "Supporting Files";
			sourceTree = "<group>";
		};
/* End PBXGroup section */

/* Begin PBXNativeTarget section */
		F04D0FDA1DDF00FD003B329B /* SYTestPop */ = {
			isa = PBXNativeTarget;
			buildConfigurationList = F04D0FF21DDF00FD003B329B /* Build configuration list for PBXNativeTarget "SYTestPop" */;
			buildPhases = (
				F04D0FD71DDF00FD003B329B /* Sources */,
				F04D0FD81DDF00FD003B329B /* Frameworks */,
				F04D0FD91DDF00FD003B329B /* Resources */,
			);
			buildRules = (
			);
			dependencies = (
			);
			name = SYTestPop;
			productName = SYTestPop;
			productReference = F04D0FDB1DDF00FD003B329B /* SYTestPop.app */;
			productType = "com.apple.product-type.application";
		};
/* End PBXNativeTarget section */

/* Begin PBXProject section */
		F04D0FD31DDF00FD003B329B /* Project object */ = {
			isa = PBXProject;
			attributes = {
				LastUpgradeCheck = 0810;
				ORGANIZATIONNAME = tsy;
				TargetAttributes = {
					F04D0FDA1DDF00FD003B329B = {
						CreatedOnToolsVersion = 8.1;
						ProvisioningStyle = Automatic;
					};
				};
			};
			buildConfigurationList = F04D0FD61DDF00FD003B329B /* Build configuration list for PBXProject "SYTestPop" */;
			compatibilityVersion = "Xcode 3.2";
			developmentRegion = English;
			hasScannedForEncodings = 0;
			knownRegions = (
				en,
				Base,
			);
			mainGroup = F04D0FD21DDF00FD003B329B;
			productRefGroup = F04D0FDC1DDF00FD003B329B /* Products */;
			projectDirPath = "";
			projectRoot = "";
			targets = (
				F04D0FDA1DDF00FD003B329B /* SYTestPop */,
			);
		};
/* End PBXProject section */

/* Begin PBXResourcesBuildPhase section */
		F04D0FD91DDF00FD003B329B /* Resources */ = {
			isa = PBXResourcesBuildPhase;
			buildActionMask = 2147483647;
			files = (
				F04D0FEE1DDF00FD003B329B /* LaunchScreen.storyboard in Resources */,
				F04D0FEB1DDF00FD003B329B /* Assets.xcassets in Resources */,
				F04D0FE91DDF00FD003B329B /* Main.storyboard in Resources */,
			);
			runOnlyForDeploymentPostprocessing = 0;
		};
/* End PBXResourcesBuildPhase section */

/* Begin PBXSourcesBuildPhase section */
		F04D0FD71DDF00FD003B329B /* Sources */ = {
			isa = PBXSourcesBuildPhase;
			buildActionMask = 2147483647;
			files = (
				F04D0FE61DDF00FD003B329B /* ViewController.m in Sources */,
				F04D0FE31DDF00FD003B329B /* AppDelegate.m in Sources */,
				F04D0FE01DDF00FD003B329B /* main.m in Sources */,
			);
			runOnlyForDeploymentPostprocessing = 0;
		};
/* End PBXSourcesBuildPhase section */

/* Begin PBXVariantGroup section */
		F04D0FE71DDF00FD003B329B /* Main.storyboard */ = {
			isa = PBXVariantGroup;
			children = (
				F04D0FE81DDF00FD003B329B /* Base */,
			);
			name = Main.storyboard;
			sourceTree = "<group>";
		};
		F04D0FEC1DDF00FD003B329B /* LaunchScreen.storyboard */ = {
			isa = PBXVariantGroup;
			children = (
				F04D0FED1DDF00FD003B329B /* Base */,
			);
			name = LaunchScreen.storyboard;
			sourceTree = "<group>";
		};
/* End PBXVariantGroup section */

/* Begin XCBuildConfiguration section */
		F04D0FF01DDF00FD003B329B /* Debug */ = {
			isa = XCBuildConfiguration;
			buildSettings = {
				ALWAYS_SEARCH_USER_PATHS = NO;
				CLANG_ANALYZER_NONNULL = YES;
				CLANG_CXX_LANGUAGE_STANDARD = "gnu++0x";
				CLANG_CXX_LIBRARY = "libc++";
				CLANG_ENABLE_MODULES = YES;
				CLANG_ENABLE_OBJC_ARC = YES;
				CLANG_WARN_BOOL_CONVERSION = YES;
				CLANG_WARN_CONSTANT_CONVERSION = YES;
				CLANG_WARN_DIRECT_OBJC_ISA_USAGE = YES_ERROR;
				CLANG_WARN_DOCUMENTATION_COMMENTS = YES;
				CLANG_WARN_EMPTY_BODY = YES;
				CLANG_WARN_ENUM_CONVERSION = YES;
				CLANG_WARN_INFINITE_RECURSION = YES;
				CLANG_WARN_INT_CONVERSION = YES;
				CLANG_WARN_OBJC_ROOT_CLASS = YES_ERROR;
				CLANG_WARN_SUSPICIOUS_MOVES = YES;
				CLANG_WARN_UNREACHABLE_CODE = YES;
				CLANG_WARN__DUPLICATE_METHOD_MATCH = YES;
				"CODE_SIGN_IDENTITY[sdk=iphoneos*]" = "iPhone Developer";
				COPY_PHASE_STRIP = NO;
				DEBUG_INFORMATION_FORMAT = dwarf;
				ENABLE_STRICT_OBJC_MSGSEND = YES;
				ENABLE_TESTABILITY = YES;
				GCC_C_LANGUAGE_STANDARD = gnu99;
				GCC_DYNAMIC_NO_PIC = NO;
				GCC_NO_COMMON_BLOCKS = YES;
				GCC_OPTIMIZATION_LEVEL = 0;
				GCC_PREPROCESSOR_DEFINITIONS = (
					"DEBUG=1",
					"$(inherited)",
				);
				GCC_WARN_64_TO_32_BIT_CONVERSION = YES;
				GCC_WARN_ABOUT_RETURN_TYPE = YES_ERROR;
				GCC_WARN_UNDECLARED_SELECTOR = YES;
				GCC_WARN_UNINITIALIZED_AUTOS = YES_AGGRESSIVE;
				GCC_WARN_UNUSED_FUNCTION = YES;
				GCC_WARN_UNUSED_VARIABLE = YES;
				IPHONEOS_DEPLOYMENT_TARGET = 10.1;
				MTL_ENABLE_DEBUG_INFO = YES;
				ONLY_ACTIVE_ARCH = YES;
				SDKROOT = iphoneos;
			};
			name = Debug;
		};
		F04D0FF11DDF00FD003B329B /* Release */ = {
			isa = XCBuildConfiguration;
			buildSettings = {
				ALWAYS_SEARCH_USER_PATHS = NO;
				CLANG_ANALYZER_NONNULL = YES;
				CLANG_CXX_LANGUAGE_STANDARD = "gnu++0x";
				CLANG_CXX_LIBRARY = "libc++";
				CLANG_ENABLE_MODULES = YES;
				CLANG_ENABLE_OBJC_ARC = YES;
				CLANG_WARN_BOOL_CONVERSION = YES;
				CLANG_WARN_CONSTANT_CONVERSION = YES;
				CLANG_WARN_DIRECT_OBJC_ISA_USAGE = YES_ERROR;
				CLANG_WARN_DOCUMENTATION_COMMENTS = YES;
				CLANG_WARN_EMPTY_BODY = YES;
				CLANG_WARN_ENUM_CONVERSION = YES;
				CLANG_WARN_INFINITE_RECURSION = YES;
				CLANG_WARN_INT_CONVERSION = YES;
				CLANG_WARN_OBJC_ROOT_CLASS = YES_ERROR;
				CLANG_WARN_SUSPICIOUS_MOVES = YES;
				CLANG_WARN_UNREACHABLE_CODE = YES;
				CLANG_WARN__DUPLICATE_METHOD_MATCH = YES;
				"CODE_SIGN_IDENTITY[sdk=iphoneos*]" = "iPhone Developer";
				COPY_PHASE_STRIP = NO;
				DEBUG_INFORMATION_FORMAT = "dwarf-with-dsym";
				ENABLE_NS_ASSERTIONS = NO;
				ENABLE_STRICT_OBJC_MSGSEND = YES;
				GCC_C_LANGUAGE_STANDARD = gnu99;
				GCC_NO_COMMON_BLOCKS = YES;
				GCC_WARN_64_TO_32_BIT_CONVERSION = YES;
				GCC_WARN_ABOUT_RETURN_TYPE = YES_ERROR;
				GCC_WARN_UNDECLARED_SELECTOR = YES;
				GCC_WARN_UNINITIALIZED_AUTOS = YES_AGGRESSIVE;
				GCC_WARN_UNUSED_FUNCTION = YES;
				GCC_WARN_UNUSED_VARIABLE = YES;
				IPHONEOS_DEPLOYMENT_TARGET = 10.1;
				MTL_ENABLE_DEBUG_INFO = NO;
				SDKROOT = iphoneos;
				VALIDATE_PRODUCT = YES;
			};
			name = Release;
		};
		F04D0FF31DDF00FD003B329B /* Debug */ = {
			isa = XCBuildConfiguration;
			buildSettings = {
				ASSETCATALOG_COMPILER_APPICON_NAME = AppIcon;
				INFOPLIST_FILE = SYTestPop/Info.plist;
				LD_RUNPATH_SEARCH_PATHS = "$(inherited) @executable_path/Frameworks";
				PRODUCT_BUNDLE_IDENTIFIER = sy.team.SYTestPop;
				PRODUCT_NAME = "$(TARGET_NAME)";
			};
			name = Debug;
		};
		F04D0FF41DDF00FD003B329B /* Release */ = {
			isa = XCBuildConfiguration;
			buildSettings = {
				ASSETCATALOG_COMPILER_APPICON_NAME = AppIcon;
				INFOPLIST_FILE = SYTestPop/Info.plist;
				LD_RUNPATH_SEARCH_PATHS = "$(inherited) @executable_path/Frameworks";
				PRODUCT_BUNDLE_IDENTIFIER = sy.team.SYTestPop;
				PRODUCT_NAME = "$(TARGET_NAME)";
			};
			name = Release;
		};
/* End XCBuildConfiguration section */

/* Begin XCConfigurationList section */
		F04D0FD61DDF00FD003B329B /* Build configuration list for PBXProject "SYTestPop" */ = {
			isa = XCConfigurationList;
			buildConfigurations = (
				F04D0FF01DDF00FD003B329B /* Debug */,
				F04D0FF11DDF00FD003B329B /* Release */,
			);
			defaultConfigurationIsVisible = 0;
			defaultConfigurationName = Release;
		};
		F04D0FF21DDF00FD003B329B /* Build configuration list for PBXNativeTarget "SYTestPop" */ = {
			isa = XCConfigurationList;
			buildConfigurations = (
				F04D0FF31DDF00FD003B329B /* Debug */,
				F04D0FF41DDF00FD003B329B /* Release */,
			);
			defaultConfigurationIsVisible = 0;
		};
/* End XCConfigurationList section */
	};
	rootObject = F04D0FD31DDF00FD003B329B /* Project object */;
}
