// !$*UTF8*$!
{
	archiveVersion = 1;
	classes = {
	};
	objectVersion = 50;
	objects = {

/* Begin PBXBuildFile section */
		F0C562242117EB14000DABF9 /* AppDelegate.m in Sources */ = {isa = PBXBuildFile; fileRef = F0C562232117EB14000DABF9 /* AppDelegate.m */; };
		F0C562272117EB14000DABF9 /* ViewController.m in Sources */ = {isa = PBXBuildFile; fileRef = F0C562262117EB14000DABF9 /* ViewController.m */; };
		F0C5622A2117EB14000DABF9 /* Main.storyboard in Resources */ = {isa = PBXBuildFile; fileRef = F0C562282117EB14000DABF9 /* Main.storyboard */; };
		F0C5622C2117EB17000DABF9 /* Assets.xcassets in Resources */ = {isa = PBXBuildFile; fileRef = F0C5622B2117EB17000DABF9 /* Assets.xcassets */; };
		F0C5622F2117EB17000DABF9 /* LaunchScreen.storyboard in Resources */ = {isa = PBXBuildFile; fileRef = F0C5622D2117EB17000DABF9 /* LaunchScreen.storyboard */; };
		F0C562322117EB17000DABF9 /* main.m in Sources */ = {isa = PBXBuildFile; fileRef = F0C562312117EB17000DABF9 /* main.m */; };
		F0C5624021194180000DABF9 /* STBallView.m in Sources */ = {isa = PBXBuildFile; fileRef = F0C5623F21194180000DABF9 /* STBallView.m */; };
/* End PBXBuildFile section */

/* Begin PBXFileReference section */
		F0C5621F2117EB14000DABF9 /* SYDynamicDemo.app */ = {isa = PBXFileReference; explicitFileType = wrapper.application; includeInIndex = 0; path = SYDynamicDemo.app; sourceTree = BUILT_PRODUCTS_DIR; };
		F0C562222117EB14000DABF9 /* AppDelegate.h */ = {isa = PBXFileReference; lastKnownFileType = sourcecode.c.h; path = AppDelegate.h; sourceTree = "<group>"; };
		F0C562232117EB14000DABF9 /* AppDelegate.m */ = {isa = PBXFileReference; lastKnownFileType = sourcecode.c.objc; path = AppDelegate.m; sourceTree = "<group>"; };
		F0C562252117EB14000DABF9 /* ViewController.h */ = {isa = PBXFileReference; lastKnownFileType = sourcecode.c.h; path = ViewController.h; sourceTree = "<group>"; };
		F0C562262117EB14000DABF9 /* ViewController.m */ = {isa = PBXFileReference; lastKnownFileType = sourcecode.c.objc; path = ViewController.m; sourceTree = "<group>"; };
		F0C562292117EB14000DABF9 /* Base */ = {isa = PBXFileReference; lastKnownFileType = file.storyboard; name = Base; path = Base.lproj/Main.storyboard; sourceTree = "<group>"; };
		F0C5622B2117EB17000DABF9 /* Assets.xcassets */ = {isa = PBXFileReference; lastKnownFileType = folder.assetcatalog; path = Assets.xcassets; sourceTree = "<group>"; };
		F0C5622E2117EB17000DABF9 /* Base */ = {isa = PBXFileReference; lastKnownFileType = file.storyboard; name = Base; path = Base.lproj/LaunchScreen.storyboard; sourceTree = "<group>"; };
		F0C562302117EB17000DABF9 /* Info.plist */ = {isa = PBXFileReference; lastKnownFileType = text.plist.xml; path = Info.plist; sourceTree = "<group>"; };
		F0C562312117EB17000DABF9 /* main.m */ = {isa = PBXFileReference; lastKnownFileType = sourcecode.c.objc; path = main.m; sourceTree = "<group>"; };
		F0C5623E21194180000DABF9 /* STBallView.h */ = {isa = PBXFileReference; fileEncoding = 4; lastKnownFileType = sourcecode.c.h; path = STBallView.h; sourceTree = "<group>"; };
		F0C5623F21194180000DABF9 /* STBallView.m */ = {isa = PBXFileReference; fileEncoding = 4; lastKnownFileType = sourcecode.c.objc; path = STBallView.m; sourceTree = "<group>"; };
/* End PBXFileReference section */

/* Begin PBXFrameworksBuildPhase section */
		F0C5621C2117EB14000DABF9 /* Frameworks */ = {
			isa = PBXFrameworksBuildPhase;
			buildActionMask = 2147483647;
			files = (
			);
			runOnlyForDeploymentPostprocessing = 0;
		};
/* End PBXFrameworksBuildPhase section */

/* Begin PBXGroup section */
		F0C562162117EB14000DABF9 = {
			isa = PBXGroup;
			children = (
				F0C562212117EB14000DABF9 /* SYDynamicDemo */,
				F0C562202117EB14000DABF9 /* Products */,
			);
			sourceTree = "<group>";
		};
		F0C562202117EB14000DABF9 /* Products */ = {
			isa = PBXGroup;
			children = (
				F0C5621F2117EB14000DABF9 /* SYDynamicDemo.app */,
			);
			name = Products;
			sourceTree = "<group>";
		};
		F0C562212117EB14000DABF9 /* SYDynamicDemo */ = {
			isa = PBXGroup;
			children = (
				F0C562222117EB14000DABF9 /* AppDelegate.h */,
				F0C562232117EB14000DABF9 /* AppDelegate.m */,
				F0C562252117EB14000DABF9 /* ViewController.h */,
				F0C562262117EB14000DABF9 /* ViewController.m */,
				F0C5623E21194180000DABF9 /* STBallView.h */,
				F0C5623F21194180000DABF9 /* STBallView.m */,
				F0C562282117EB14000DABF9 /* Main.storyboard */,
				F0C5622B2117EB17000DABF9 /* Assets.xcassets */,
				F0C5622D2117EB17000DABF9 /* LaunchScreen.storyboard */,
				F0C562302117EB17000DABF9 /* Info.plist */,
				F0C562312117EB17000DABF9 /* main.m */,
			);
			path = SYDynamicDemo;
			sourceTree = "<group>";
		};
/* End PBXGroup section */

/* Begin PBXNativeTarget section */
		F0C5621E2117EB14000DABF9 /* SYDynamicDemo */ = {
			isa = PBXNativeTarget;
			buildConfigurationList = F0C562352117EB17000DABF9 /* Build configuration list for PBXNativeTarget "SYDynamicDemo" */;
			buildPhases = (
				F0C5621B2117EB14000DABF9 /* Sources */,
				F0C5621C2117EB14000DABF9 /* Frameworks */,
				F0C5621D2117EB14000DABF9 /* Resources */,
			);
			buildRules = (
			);
			dependencies = (
			);
			name = SYDynamicDemo;
			productName = SYDynamicDemo;
			productReference = F0C5621F2117EB14000DABF9 /* SYDynamicDemo.app */;
			productType = "com.apple.product-type.application";
		};
/* End PBXNativeTarget section */

/* Begin PBXProject section */
		F0C562172117EB14000DABF9 /* Project object */ = {
			isa = PBXProject;
			attributes = {
				LastUpgradeCheck = 0940;
				ORGANIZATIONNAME = tsy;
				TargetAttributes = {
					F0C5621E2117EB14000DABF9 = {
						CreatedOnToolsVersion = 9.4;
					};
				};
			};
			buildConfigurationList = F0C5621A2117EB14000DABF9 /* Build configuration list for PBXProject "SYDynamicDemo" */;
			compatibilityVersion = "Xcode 9.3";
			developmentRegion = en;
			hasScannedForEncodings = 0;
			knownRegions = (
				en,
				Base,
			);
			mainGroup = F0C562162117EB14000DABF9;
			productRefGroup = F0C562202117EB14000DABF9 /* Products */;
			projectDirPath = "";
			projectRoot = "";
			targets = (
				F0C5621E2117EB14000DABF9 /* SYDynamicDemo */,
			);
		};
/* End PBXProject section */

/* Begin PBXResourcesBuildPhase section */
		F0C5621D2117EB14000DABF9 /* Resources */ = {
			isa = PBXResourcesBuildPhase;
			buildActionMask = 2147483647;
			files = (
				F0C5622F2117EB17000DABF9 /* LaunchScreen.storyboard in Resources */,
				F0C5622C2117EB17000DABF9 /* Assets.xcassets in Resources */,
				F0C5622A2117EB14000DABF9 /* Main.storyboard in Resources */,
			);
			runOnlyForDeploymentPostprocessing = 0;
		};
/* End PBXResourcesBuildPhase section */

/* Begin PBXSourcesBuildPhase section */
		F0C5621B2117EB14000DABF9 /* Sources */ = {
			isa = PBXSourcesBuildPhase;
			buildActionMask = 2147483647;
			files = (
				F0C5624021194180000DABF9 /* STBallView.m in Sources */,
				F0C562272117EB14000DABF9 /* ViewController.m in Sources */,
				F0C562322117EB17000DABF9 /* main.m in Sources */,
				F0C562242117EB14000DABF9 /* AppDelegate.m in Sources */,
			);
			runOnlyForDeploymentPostprocessing = 0;
		};
/* End PBXSourcesBuildPhase section */

/* Begin PBXVariantGroup section */
		F0C562282117EB14000DABF9 /* Main.storyboard */ = {
			isa = PBXVariantGroup;
			children = (
				F0C562292117EB14000DABF9 /* Base */,
			);
			name = Main.storyboard;
			sourceTree = "<group>";
		};
		F0C5622D2117EB17000DABF9 /* LaunchScreen.storyboard */ = {
			isa = PBXVariantGroup;
			children = (
				F0C5622E2117EB17000DABF9 /* Base */,
			);
			name = LaunchScreen.storyboard;
			sourceTree = "<group>";
		};
/* End PBXVariantGroup section */

/* Begin XCBuildConfiguration section */
		F0C562332117EB17000DABF9 /* Debug */ = {
			isa = XCBuildConfiguration;
			buildSettings = {
				ALWAYS_SEARCH_USER_PATHS = NO;
				CLANG_ANALYZER_NONNULL = YES;
				CLANG_ANALYZER_NUMBER_OBJECT_CONVERSION = YES_AGGRESSIVE;
				CLANG_CXX_LANGUAGE_STANDARD = "gnu++14";
				CLANG_CXX_LIBRARY = "libc++";
				CLANG_ENABLE_MODULES = YES;
				CLANG_ENABLE_OBJC_ARC = YES;
				CLANG_ENABLE_OBJC_WEAK = YES;
				CLANG_WARN_BLOCK_CAPTURE_AUTORELEASING = YES;
				CLANG_WARN_BOOL_CONVERSION = YES;
				CLANG_WARN_COMMA = YES;
				CLANG_WARN_CONSTANT_CONVERSION = YES;
				CLANG_WARN_DEPRECATED_OBJC_IMPLEMENTATIONS = YES;
				CLANG_WARN_DIRECT_OBJC_ISA_USAGE = YES_ERROR;
				CLANG_WARN_DOCUMENTATION_COMMENTS = YES;
				CLANG_WARN_EMPTY_BODY = YES;
				CLANG_WARN_ENUM_CONVERSION = YES;
				CLANG_WARN_INFINITE_RECURSION = YES;
				CLANG_WARN_INT_CONVERSION = YES;
				CLANG_WARN_NON_LITERAL_NULL_CONVERSION = YES;
				CLANG_WARN_OBJC_IMPLICIT_RETAIN_SELF = YES;
				CLANG_WARN_OBJC_LITERAL_CONVERSION = YES;
				CLANG_WARN_OBJC_ROOT_CLASS = YES_ERROR;
				CLANG_WARN_RANGE_LOOP_ANALYSIS = YES;
				CLANG_WARN_STRICT_PROTOTYPES = YES;
				CLANG_WARN_SUSPICIOUS_MOVE = YES;
				CLANG_WARN_UNGUARDED_AVAILABILITY = YES_AGGRESSIVE;
				CLANG_WARN_UNREACHABLE_CODE = YES;
				CLANG_WARN__DUPLICATE_METHOD_MATCH = YES;
				CODE_SIGN_IDENTITY = "iPhone Developer";
				COPY_PHASE_STRIP = NO;
				DEBUG_INFORMATION_FORMAT = dwarf;
				ENABLE_STRICT_OBJC_MSGSEND = YES;
				ENABLE_TESTABILITY = YES;
				GCC_C_LANGUAGE_STANDARD = gnu11;
				GCC_DYNAMIC_NO_PIC = NO;
				GCC_NO_COMMON_BLOCKS = YES;
				GCC_OPTIMIZATION_LEVEL = 0;
				GCC_PREPROCESSOR_DEFINITIONS = (
					"DEBUG=1",
					"$(inherited)",
				);
				GCC_WARN_64_TO_32_BIT_CONVERSION = YES;
				GCC_WARN_ABOUT_RETURN_TYPE = YES_ERROR;
				GCC_WARN_UNDECLARED_SELECTOR = YES;
				GCC_WARN_UNINITIALIZED_AUTOS = YES_AGGRESSIVE;
				GCC_WARN_UNUSED_FUNCTION = YES;
				GCC_WARN_UNUSED_VARIABLE = YES;
				IPHONEOS_DEPLOYMENT_TARGET = 11.4;
				MTL_ENABLE_DEBUG_INFO = YES;
				ONLY_ACTIVE_ARCH = YES;
				SDKROOT = iphoneos;
			};
			name = Debug;
		};
		F0C562342117EB17000DABF9 /* Release */ = {
			isa = XCBuildConfiguration;
			buildSettings = {
				ALWAYS_SEARCH_USER_PATHS = NO;
				CLANG_ANALYZER_NONNULL = YES;
				CLANG_ANALYZER_NUMBER_OBJECT_CONVERSION = YES_AGGRESSIVE;
				CLANG_CXX_LANGUAGE_STANDARD = "gnu++14";
				CLANG_CXX_LIBRARY = "libc++";
				CLANG_ENABLE_MODULES = YES;
				CLANG_ENABLE_OBJC_ARC = YES;
				CLANG_ENABLE_OBJC_WEAK = YES;
				CLANG_WARN_BLOCK_CAPTURE_AUTORELEASING = YES;
				CLANG_WARN_BOOL_CONVERSION = YES;
				CLANG_WARN_COMMA = YES;
				CLANG_WARN_CONSTANT_CONVERSION = YES;
				CLANG_WARN_DEPRECATED_OBJC_IMPLEMENTATIONS = YES;
				CLANG_WARN_DIRECT_OBJC_ISA_USAGE = YES_ERROR;
				CLANG_WARN_DOCUMENTATION_COMMENTS = YES;
				CLANG_WARN_EMPTY_BODY = YES;
				CLANG_WARN_ENUM_CONVERSION = YES;
				CLANG_WARN_INFINITE_RECURSION = YES;
				CLANG_WARN_INT_CONVERSION = YES;
				CLANG_WARN_NON_LITERAL_NULL_CONVERSION = YES;
				CLANG_WARN_OBJC_IMPLICIT_RETAIN_SELF = YES;
				CLANG_WARN_OBJC_LITERAL_CONVERSION = YES;
				CLANG_WARN_OBJC_ROOT_CLASS = YES_ERROR;
				CLANG_WARN_RANGE_LOOP_ANALYSIS = YES;
				CLANG_WARN_STRICT_PROTOTYPES = YES;
				CLANG_WARN_SUSPICIOUS_MOVE = YES;
				CLANG_WARN_UNGUARDED_AVAILABILITY = YES_AGGRESSIVE;
				CLANG_WARN_UNREACHABLE_CODE = YES;
				CLANG_WARN__DUPLICATE_METHOD_MATCH = YES;
				CODE_SIGN_IDENTITY = "iPhone Developer";
				COPY_PHASE_STRIP = NO;
				DEBUG_INFORMATION_FORMAT = "dwarf-with-dsym";
				ENABLE_NS_ASSERTIONS = NO;
				ENABLE_STRICT_OBJC_MSGSEND = YES;
				GCC_C_LANGUAGE_STANDARD = gnu11;
				GCC_NO_COMMON_BLOCKS = YES;
				GCC_WARN_64_TO_32_BIT_CONVERSION = YES;
				GCC_WARN_ABOUT_RETURN_TYPE = YES_ERROR;
				GCC_WARN_UNDECLARED_SELECTOR = YES;
				GCC_WARN_UNINITIALIZED_AUTOS = YES_AGGRESSIVE;
				GCC_WARN_UNUSED_FUNCTION = YES;
				GCC_WARN_UNUSED_VARIABLE = YES;
				IPHONEOS_DEPLOYMENT_TARGET = 11.4;
				MTL_ENABLE_DEBUG_INFO = NO;
				SDKROOT = iphoneos;
				VALIDATE_PRODUCT = YES;
			};
			name = Release;
		};
		F0C562362117EB17000DABF9 /* Debug */ = {
			isa = XCBuildConfiguration;
			buildSettings = {
				ASSETCATALOG_COMPILER_APPICON_NAME = AppIcon;
				CODE_SIGN_STYLE = Automatic;
				DEVELOPMENT_TEAM = 5Z3XUN2VRQ;
				INFOPLIST_FILE = SYDynamicDemo/Info.plist;
				LD_RUNPATH_SEARCH_PATHS = (
					"$(inherited)",
					"@executable_path/Frameworks",
				);
				PRODUCT_BUNDLE_IDENTIFIER = sy.team.SYDynamicDemo;
				PRODUCT_NAME = "$(TARGET_NAME)";
				TARGETED_DEVICE_FAMILY = "1,2";
			};
			name = Debug;
		};
		F0C562372117EB17000DABF9 /* Release */ = {
			isa = XCBuildConfiguration;
			buildSettings = {
				ASSETCATALOG_COMPILER_APPICON_NAME = AppIcon;
				CODE_SIGN_STYLE = Automatic;
				DEVELOPMENT_TEAM = 5Z3XUN2VRQ;
				INFOPLIST_FILE = SYDynamicDemo/Info.plist;
				LD_RUNPATH_SEARCH_PATHS = (
					"$(inherited)",
					"@executable_path/Frameworks",
				);
				PRODUCT_BUNDLE_IDENTIFIER = sy.team.SYDynamicDemo;
				PRODUCT_NAME = "$(TARGET_NAME)";
				TARGETED_DEVICE_FAMILY = "1,2";
			};
			name = Release;
		};
/* End XCBuildConfiguration section */

/* Begin XCConfigurationList section */
		F0C5621A2117EB14000DABF9 /* Build configuration list for PBXProject "SYDynamicDemo" */ = {
			isa = XCConfigurationList;
			buildConfigurations = (
				F0C562332117EB17000DABF9 /* Debug */,
				F0C562342117EB17000DABF9 /* Release */,
			);
			defaultConfigurationIsVisible = 0;
			defaultConfigurationName = Release;
		};
		F0C562352117EB17000DABF9 /* Build configuration list for PBXNativeTarget "SYDynamicDemo" */ = {
			isa = XCConfigurationList;
			buildConfigurations = (
				F0C562362117EB17000DABF9 /* Debug */,
				F0C562372117EB17000DABF9 /* Release */,
			);
			defaultConfigurationIsVisible = 0;
			defaultConfigurationName = Release;
		};
/* End XCConfigurationList section */
	};
	rootObject = F0C562172117EB14000DABF9 /* Project object */;
}
